// !$*UTF8*$!
{
	archiveVersion = 1;
	classes = {
	};
	objectVersion = 51;
	objects = {

/* Begin PBXBuildFile section */
		62BFDC1051610BCFAC7C91AF /* Pods_LastFmClientTests.framework in Frameworks */ = {isa = PBXBuildFile; fileRef = 0430F2EC1428ADAA305E18A8 /* Pods_LastFmClientTests.framework */; };
		9E0772FD2487D217004E0E36 /* Track.swift in Sources */ = {isa = PBXBuildFile; fileRef = 9E0772FC2487D217004E0E36 /* Track.swift */; };
		9E0773012487D761004E0E36 /* Artist.swift in Sources */ = {isa = PBXBuildFile; fileRef = 9E0773002487D761004E0E36 /* Artist.swift */; };
		9E0773032487D7D3004E0E36 /* ArtistBio.swift in Sources */ = {isa = PBXBuildFile; fileRef = 9E0773022487D7D3004E0E36 /* ArtistBio.swift */; };
		9E0773052487E194004E0E36 /* ImageSize.swift in Sources */ = {isa = PBXBuildFile; fileRef = 9E0773042487E194004E0E36 /* ImageSize.swift */; };
		9E0773072487EA2B004E0E36 /* ImageUrlObject.swift in Sources */ = {isa = PBXBuildFile; fileRef = 9E0773062487EA2B004E0E36 /* ImageUrlObject.swift */; };
		9E091B822499F63200306988 /* ArtistInfoResponse+asArtist.swift in Sources */ = {isa = PBXBuildFile; fileRef = 9E091B812499F63200306988 /* ArtistInfoResponse+asArtist.swift */; };
		9E091B842499F6C200306988 /* ArtistBioResponse+asArtistBio.swift in Sources */ = {isa = PBXBuildFile; fileRef = 9E091B832499F6C200306988 /* ArtistBioResponse+asArtistBio.swift */; };
		9E091B862499F91400306988 /* TopAlbumResponse.swift in Sources */ = {isa = PBXBuildFile; fileRef = 9E091B852499F91400306988 /* TopAlbumResponse.swift */; };
		9E091B882499FA0300306988 /* TopAlbumArtistResponse.swift in Sources */ = {isa = PBXBuildFile; fileRef = 9E091B872499FA0300306988 /* TopAlbumArtistResponse.swift */; };
		9E091B8B2499FADF00306988 /* ArtistTopAlbumsResponse+asArtistTopAlbums.swift in Sources */ = {isa = PBXBuildFile; fileRef = 9E091B8A2499FADF00306988 /* ArtistTopAlbumsResponse+asArtistTopAlbums.swift */; };
		9E091B8F2499FD1200306988 /* TopAlbumResponse+asAlbum.swift in Sources */ = {isa = PBXBuildFile; fileRef = 9E091B8E2499FD1200306988 /* TopAlbumResponse+asAlbum.swift */; };
		9E091B91249A264500306988 /* ArtistSearchResponse+searchItems.swift in Sources */ = {isa = PBXBuildFile; fileRef = 9E091B90249A264500306988 /* ArtistSearchResponse+searchItems.swift */; };
		9E0C5E4A249FB5E50023E1DD /* NetworkErrorOverlayView.swift in Sources */ = {isa = PBXBuildFile; fileRef = 9E0C5E49249FB5E50023E1DD /* NetworkErrorOverlayView.swift */; };
		9E0C5E4C249FB5F40023E1DD /* NetworkErrorOverlayView.xib in Resources */ = {isa = PBXBuildFile; fileRef = 9E0C5E4B249FB5F40023E1DD /* NetworkErrorOverlayView.xib */; };
		9E0F139724893E6C00A46DFA /* Realm+Default.swift in Sources */ = {isa = PBXBuildFile; fileRef = 9E0F139624893E6C00A46DFA /* Realm+Default.swift */; };
		9E0F139B248955F800A46DFA /* RealmConfiguration+default.swift in Sources */ = {isa = PBXBuildFile; fileRef = 9E0F139A248955F800A46DFA /* RealmConfiguration+default.swift */; };
		9E0F139D248A3CAB00A46DFA /* TrackObject.swift in Sources */ = {isa = PBXBuildFile; fileRef = 9E0F139C248A3CAB00A46DFA /* TrackObject.swift */; };
		9E37254224A0D4BE00C70A5A /* AlbumDetailsViewController.storyboard in Resources */ = {isa = PBXBuildFile; fileRef = 9EFF93A22484FDDC0077683D /* AlbumDetailsViewController.storyboard */; };
		9E37254324A0D4BE00C70A5A /* AlbumDetailsViewController.swift in Sources */ = {isa = PBXBuildFile; fileRef = 9EFF93A52484FDDC0077683D /* AlbumDetailsViewController.swift */; };
		9E37254424A0D4BE00C70A5A /* AlbumDetailsAlbumCellView.xib in Resources */ = {isa = PBXBuildFile; fileRef = 9EFF93A12484FDDC0077683D /* AlbumDetailsAlbumCellView.xib */; };
		9E37254524A0D4BE00C70A5A /* AlbumDetailsAlbumCellView.swift in Sources */ = {isa = PBXBuildFile; fileRef = 9EFF93A42484FDDC0077683D /* AlbumDetailsAlbumCellView.swift */; };
		9E37254624A0D4BE00C70A5A /* AlbumDetailsTrackCellView.xib in Resources */ = {isa = PBXBuildFile; fileRef = 9EFF93A02484FDDC0077683D /* AlbumDetailsTrackCellView.xib */; };
		9E37254724A0D4BE00C70A5A /* AlbumDetailsTrackCellView.swift in Sources */ = {isa = PBXBuildFile; fileRef = 9EFF93A32484FDDC0077683D /* AlbumDetailsTrackCellView.swift */; };
		9E37254824A0D4BE00C70A5A /* AlbumDetailsStoreCellView.xib in Resources */ = {isa = PBXBuildFile; fileRef = 9EFF939E2484FDDC0077683D /* AlbumDetailsStoreCellView.xib */; };
		9E37254924A0D4BE00C70A5A /* AlbumDetailsStoreCellView.swift in Sources */ = {isa = PBXBuildFile; fileRef = 9EFF939F2484FDDC0077683D /* AlbumDetailsStoreCellView.swift */; };
		9E37254A24A0D4BE00C70A5A /* AlbumDetailsViewModel.swift in Sources */ = {isa = PBXBuildFile; fileRef = 9E744819249FA12F00158E7A /* AlbumDetailsViewModel.swift */; };
		9E37254B24A0D4BE00C70A5A /* AlbumDetailsTrackCellViewModel.swift in Sources */ = {isa = PBXBuildFile; fileRef = 9EFF93982484FDDC0077683D /* AlbumDetailsTrackCellViewModel.swift */; };
		9E37254C24A0D4BE00C70A5A /* DefaultAlbumDetailsViewModel.swift in Sources */ = {isa = PBXBuildFile; fileRef = 9EFF93992484FDDC0077683D /* DefaultAlbumDetailsViewModel.swift */; };
		9E37254D24A0D4BE00C70A5A /* DefaultAlbumDetailsTrackCellViewModel.swift in Sources */ = {isa = PBXBuildFile; fileRef = 9E74481B249FA15600158E7A /* DefaultAlbumDetailsTrackCellViewModel.swift */; };
		9E37255624A1006800C70A5A /* AlbumDetailsViewSection.swift in Sources */ = {isa = PBXBuildFile; fileRef = 9E37255524A1006800C70A5A /* AlbumDetailsViewSection.swift */; };
		9E37255824A23FD800C70A5A /* AlbumInfoResponse.swift in Sources */ = {isa = PBXBuildFile; fileRef = 9E37255724A23FD800C70A5A /* AlbumInfoResponse.swift */; };
		9E47C391249E7A05008F3E2C /* DefaultArtistDetailsCellViewModel.swift in Sources */ = {isa = PBXBuildFile; fileRef = 9E47C37D249E7A05008F3E2C /* DefaultArtistDetailsCellViewModel.swift */; };
		9E47C392249E7A05008F3E2C /* ArtistDetailsCellViewModel.swift in Sources */ = {isa = PBXBuildFile; fileRef = 9E47C37E249E7A05008F3E2C /* ArtistDetailsCellViewModel.swift */; };
		9E47C393249E7A05008F3E2C /* ArtistDetailsCellView.swift in Sources */ = {isa = PBXBuildFile; fileRef = 9E47C380249E7A05008F3E2C /* ArtistDetailsCellView.swift */; };
		9E47C394249E7A05008F3E2C /* ArtistDetailsCellView.xib in Resources */ = {isa = PBXBuildFile; fileRef = 9E47C381249E7A05008F3E2C /* ArtistDetailsCellView.xib */; };
		9E47C397249E7A05008F3E2C /* AlbumCardViewCell.xib in Resources */ = {isa = PBXBuildFile; fileRef = 9E47C387249E7A05008F3E2C /* AlbumCardViewCell.xib */; };
		9E47C398249E7A05008F3E2C /* AlbumCardViewCell.swift in Sources */ = {isa = PBXBuildFile; fileRef = 9E47C388249E7A05008F3E2C /* AlbumCardViewCell.swift */; };
		9E4A1D162492B1B90041DDB4 /* Collection+safeIndex.swift in Sources */ = {isa = PBXBuildFile; fileRef = 9E4A1D152492B1B90041DDB4 /* Collection+safeIndex.swift */; };
		9E4A1D1C24936BBB0041DDB4 /* ArtistSearchItem.swift in Sources */ = {isa = PBXBuildFile; fileRef = 9E4A1D1B24936BBB0041DDB4 /* ArtistSearchItem.swift */; };
		9E4FBE7F248F86610038BE7B /* URLBuilder.swift in Sources */ = {isa = PBXBuildFile; fileRef = 9E4FBE7E248F86610038BE7B /* URLBuilder.swift */; };
		9E4FBE81248FA5AC0038BE7B /* AlbumResponse.swift in Sources */ = {isa = PBXBuildFile; fileRef = 9E4FBE80248FA5AC0038BE7B /* AlbumResponse.swift */; };
		9E4FBE83248FA5C90038BE7B /* ImageResponse.swift in Sources */ = {isa = PBXBuildFile; fileRef = 9E4FBE82248FA5C90038BE7B /* ImageResponse.swift */; };
		9E4FBE85248FA5F00038BE7B /* AlbumTracksResponse.swift in Sources */ = {isa = PBXBuildFile; fileRef = 9E4FBE84248FA5F00038BE7B /* AlbumTracksResponse.swift */; };
		9E4FBE87248FAA9E0038BE7B /* TrackRankResponse.swift in Sources */ = {isa = PBXBuildFile; fileRef = 9E4FBE86248FAA9E0038BE7B /* TrackRankResponse.swift */; };
		9E4FBE89248FAAC90038BE7B /* TrackArtistResponse.swift in Sources */ = {isa = PBXBuildFile; fileRef = 9E4FBE88248FAAC90038BE7B /* TrackArtistResponse.swift */; };
		9E4FBE8E248FAB500038BE7B /* AlbumResponse+asAlbum.swift in Sources */ = {isa = PBXBuildFile; fileRef = 9E4FBE8D248FAB500038BE7B /* AlbumResponse+asAlbum.swift */; };
		9E4FBE90248FAB6C0038BE7B /* TrackResponse+asTrack.swift in Sources */ = {isa = PBXBuildFile; fileRef = 9E4FBE8F248FAB6C0038BE7B /* TrackResponse+asTrack.swift */; };
		9E4FBE92248FABC40038BE7B /* ImageResponse+asImageUrl.swift in Sources */ = {isa = PBXBuildFile; fileRef = 9E4FBE91248FABC40038BE7B /* ImageResponse+asImageUrl.swift */; };
		9E4FBE94248FDA090038BE7B /* AlbumInfoService.swift in Sources */ = {isa = PBXBuildFile; fileRef = 9E4FBE93248FDA090038BE7B /* AlbumInfoService.swift */; };
		9E4FBE99248FECF20038BE7B /* NetworkService.swift in Sources */ = {isa = PBXBuildFile; fileRef = 9E4FBE98248FECF20038BE7B /* NetworkService.swift */; };
		9E4FBE9D248FEDCB0038BE7B /* DatabaseService.swift in Sources */ = {isa = PBXBuildFile; fileRef = 9E4FBE9C248FEDCB0038BE7B /* DatabaseService.swift */; };
		9E4FBEA12490CD810038BE7B /* TypeIdentifiable.swift in Sources */ = {isa = PBXBuildFile; fileRef = 9E4FBEA02490CD810038BE7B /* TypeIdentifiable.swift */; };
		9E60275E249FBE2C00E7C2A5 /* HudOverlayView.xib in Resources */ = {isa = PBXBuildFile; fileRef = 9E60275D249FBE2C00E7C2A5 /* HudOverlayView.xib */; };
		9E602760249FBE3600E7C2A5 /* HudOverlayView.swift in Sources */ = {isa = PBXBuildFile; fileRef = 9E60275F249FBE3600E7C2A5 /* HudOverlayView.swift */; };
		9E60276224A09EFD00E7C2A5 /* UIView+rx+HudOverlay.swift in Sources */ = {isa = PBXBuildFile; fileRef = 9E60276124A09EFD00E7C2A5 /* UIView+rx+HudOverlay.swift */; };
		9E60276624A0A3FA00E7C2A5 /* UIView+rx+NetworkErrorOverlay.swift in Sources */ = {isa = PBXBuildFile; fileRef = 9E60276524A0A3FA00E7C2A5 /* UIView+rx+NetworkErrorOverlay.swift */; };
		9E60276824A0AFB800E7C2A5 /* NetworkErrorOverlayInteractor.swift in Sources */ = {isa = PBXBuildFile; fileRef = 9E60276724A0AFB800E7C2A5 /* NetworkErrorOverlayInteractor.swift */; };
		9E60276B24A0B0FE00E7C2A5 /* DefaultNetworkErrorOverlayInteractor.swift in Sources */ = {isa = PBXBuildFile; fileRef = 9E60276A24A0B0FE00E7C2A5 /* DefaultNetworkErrorOverlayInteractor.swift */; };
		9E68E874248E436800CEB3BB /* AlamofireNetworkService.swift in Sources */ = {isa = PBXBuildFile; fileRef = 9E68E873248E436800CEB3BB /* AlamofireNetworkService.swift */; };
		9E68E876248E445A00CEB3BB /* TrackResponse.swift in Sources */ = {isa = PBXBuildFile; fileRef = 9E68E875248E445A00CEB3BB /* TrackResponse.swift */; };
		9E873E0F24868AE400EE8964 /* DefaultHomeScreenViewModel.swift in Sources */ = {isa = PBXBuildFile; fileRef = 9E873E0E24868AE400EE8964 /* DefaultHomeScreenViewModel.swift */; };
		9E9419B9249E7E0C0065E9DC /* DefaultAlbumStoreViewModel.swift in Sources */ = {isa = PBXBuildFile; fileRef = 9E9419AD249E7E0C0065E9DC /* DefaultAlbumStoreViewModel.swift */; };
		9E9419BA249E7E0C0065E9DC /* AlbumStoreViewModel.swift in Sources */ = {isa = PBXBuildFile; fileRef = 9E9419AE249E7E0C0065E9DC /* AlbumStoreViewModel.swift */; };
		9E9419BD249E7E0C0065E9DC /* AlbumViewModel.swift in Sources */ = {isa = PBXBuildFile; fileRef = 9E9419B4249E7E0C0065E9DC /* AlbumViewModel.swift */; };
		9E9419BE249E7E0C0065E9DC /* DefaultAlbumViewModel.swift in Sources */ = {isa = PBXBuildFile; fileRef = 9E9419B5249E7E0C0065E9DC /* DefaultAlbumViewModel.swift */; };
		9E9419BF249E7E0C0065E9DC /* AlbumView.swift in Sources */ = {isa = PBXBuildFile; fileRef = 9E9419B7249E7E0C0065E9DC /* AlbumView.swift */; };
		9E9419C0249E7E0C0065E9DC /* AlbumView.xib in Resources */ = {isa = PBXBuildFile; fileRef = 9E9419B8249E7E0C0065E9DC /* AlbumView.xib */; };
		9E9419C3249F894C0065E9DC /* AlbumCardViewModel.swift in Sources */ = {isa = PBXBuildFile; fileRef = 9E9419C2249F894C0065E9DC /* AlbumCardViewModel.swift */; };
		9E9419C5249F89D40065E9DC /* DefaultAlbumCardViewModel.swift in Sources */ = {isa = PBXBuildFile; fileRef = 9E9419C4249F89D40065E9DC /* DefaultAlbumCardViewModel.swift */; };
		9EA2FCF824910CFF00557C69 /* UICollectionView+registerReusable.swift in Sources */ = {isa = PBXBuildFile; fileRef = 9EA2FCF724910CFF00557C69 /* UICollectionView+registerReusable.swift */; };
		9EA2FCFD2491533200557C69 /* ImageSizeObject.swift in Sources */ = {isa = PBXBuildFile; fileRef = 9EA2FCFC2491533100557C69 /* ImageSizeObject.swift */; };
		9EA7F4882493941900AAE143 /* AlbumCardViewCell+TypeIdentifiable.swift in Sources */ = {isa = PBXBuildFile; fileRef = 9EA7F4872493941900AAE143 /* AlbumCardViewCell+TypeIdentifiable.swift */; };
		9EA7F48A2493945700AAE143 /* SearchTableCellView.swift in Sources */ = {isa = PBXBuildFile; fileRef = 9EA7F4892493945700AAE143 /* SearchTableCellView.swift */; };
		9EA7F48C2493BFF000AAE143 /* ArtistRequest.swift in Sources */ = {isa = PBXBuildFile; fileRef = 9EA7F48B2493BFF000AAE143 /* ArtistRequest.swift */; };
		9EA7F48E2493C73D00AAE143 /* ArtistSearchResponse.swift in Sources */ = {isa = PBXBuildFile; fileRef = 9EA7F48D2493C73D00AAE143 /* ArtistSearchResponse.swift */; };
		9EA7F4922493DBEF00AAE143 /* ArtistSearchItemResponse.swift in Sources */ = {isa = PBXBuildFile; fileRef = 9EA7F4912493DBEF00AAE143 /* ArtistSearchItemResponse.swift */; };
		9EA7F4972493DCA900AAE143 /* ArtistSearchItemResponse+asArtistSearchItem.swift in Sources */ = {isa = PBXBuildFile; fileRef = 9EA7F4962493DCA900AAE143 /* ArtistSearchItemResponse+asArtistSearchItem.swift */; };
		9EA7F4992493E08A00AAE143 /* ArtistSearchService.swift in Sources */ = {isa = PBXBuildFile; fileRef = 9EA7F4982493E08A00AAE143 /* ArtistSearchService.swift */; };
		9EA7F49B2494D1F700AAE143 /* ArtistSearchHistoryService.swift in Sources */ = {isa = PBXBuildFile; fileRef = 9EA7F49A2494D1F700AAE143 /* ArtistSearchHistoryService.swift */; };
		9EA7F49D2494D57C00AAE143 /* ArtistSearchItemObject.swift in Sources */ = {isa = PBXBuildFile; fileRef = 9EA7F49C2494D57C00AAE143 /* ArtistSearchItemObject.swift */; };
		9EAAAAEC2486494C000F4F4E /* Album.swift in Sources */ = {isa = PBXBuildFile; fileRef = 9EAAAAE32486494B000F4F4E /* Album.swift */; };
		9EAAAAF2248663DF000F4F4E /* ImageDownloadService.swift in Sources */ = {isa = PBXBuildFile; fileRef = 9EAAAAF1248663DF000F4F4E /* ImageDownloadService.swift */; };
		9EAAAAF424866976000F4F4E /* AlbumStoreService.swift in Sources */ = {isa = PBXBuildFile; fileRef = 9EAAAAF324866976000F4F4E /* AlbumStoreService.swift */; };
		9EAB1FBF2491035F0074B04D /* HomeScreenSection.swift in Sources */ = {isa = PBXBuildFile; fileRef = 9EAB1FBE2491035E0074B04D /* HomeScreenSection.swift */; };
		9EBCCA30249B9BAE00A81D79 /* Promise+failed.swift in Sources */ = {isa = PBXBuildFile; fileRef = 9EBCCA2F249B9BAE00A81D79 /* Promise+failed.swift */; };
		9EC5929E248A529F00DE82ED /* Results+rx.swift in Sources */ = {isa = PBXBuildFile; fileRef = 9EC5929D248A529F00DE82ED /* Results+rx.swift */; };
		9EEE182E249B6026008063F6 /* AlbumCardHashableWrapper.swift in Sources */ = {isa = PBXBuildFile; fileRef = 9EEE182D249B6026008063F6 /* AlbumCardHashableWrapper.swift */; };
		9EF67A702497A13500AE942C /* EmptyTheme.swift in Sources */ = {isa = PBXBuildFile; fileRef = 9EF67A6F2497A13500AE942C /* EmptyTheme.swift */; };
		9EF67A8324980B6900AE942C /* ArtistDetailsViewModel.swift in Sources */ = {isa = PBXBuildFile; fileRef = 9EFF93772484FDDC0077683D /* ArtistDetailsViewModel.swift */; };
		9EF67A8524980B6900AE942C /* DefaultArtistDetailsViewModel.swift in Sources */ = {isa = PBXBuildFile; fileRef = 9EFF93792484FDDC0077683D /* DefaultArtistDetailsViewModel.swift */; };
		9EF67A8C24988CD100AE942C /* ArtistDescriptionViewController.swift in Sources */ = {isa = PBXBuildFile; fileRef = 9EF67A8B24988CD100AE942C /* ArtistDescriptionViewController.swift */; };
		9EF67A922498926700AE942C /* ArtistDescriptionViewModel.swift in Sources */ = {isa = PBXBuildFile; fileRef = 9EF67A912498926700AE942C /* ArtistDescriptionViewModel.swift */; };
		9EF67A95249893B400AE942C /* ArtistDescriptionViewController.storyboard in Resources */ = {isa = PBXBuildFile; fileRef = 9EF67A94249893B400AE942C /* ArtistDescriptionViewController.storyboard */; };
		9EF67A9724989A4300AE942C /* DefaultArtistDescriptionViewModel.swift in Sources */ = {isa = PBXBuildFile; fileRef = 9EF67A9624989A4300AE942C /* DefaultArtistDescriptionViewModel.swift */; };
		9EF67A9C2498C0FC00AE942C /* ArtistDetailsViewController.storyboard in Resources */ = {isa = PBXBuildFile; fileRef = 9EFF937E2484FDDC0077683D /* ArtistDetailsViewController.storyboard */; };
		9EF67A9D2498C0FC00AE942C /* ArtistDetailsViewController.swift in Sources */ = {isa = PBXBuildFile; fileRef = 9EFF93802484FDDC0077683D /* ArtistDetailsViewController.swift */; };
		9EF67A9E2498C0FC00AE942C /* ArtistDetailsViewSection.swift in Sources */ = {isa = PBXBuildFile; fileRef = 9EF67A7A2497F2E400AE942C /* ArtistDetailsViewSection.swift */; };
		9EF67A9F2498C0FC00AE942C /* ArtistDetailsCellView+TypeIdentifiable.swift in Sources */ = {isa = PBXBuildFile; fileRef = 9EF67A982498A51C00AE942C /* ArtistDetailsCellView+TypeIdentifiable.swift */; };
		9EF67AA12498E03D00AE942C /* ArtistInfoService.swift in Sources */ = {isa = PBXBuildFile; fileRef = 9EF67AA02498E03D00AE942C /* ArtistInfoService.swift */; };
		9EF67AA52498E5A300AE942C /* ArtistTopAlbumsResponse.swift in Sources */ = {isa = PBXBuildFile; fileRef = 9EF67AA42498E5A300AE942C /* ArtistTopAlbumsResponse.swift */; };
		9EF67AA72498E5AC00AE942C /* ArtistInfoResponse.swift in Sources */ = {isa = PBXBuildFile; fileRef = 9EF67AA62498E5AC00AE942C /* ArtistInfoResponse.swift */; };
		9EF67AA92498E69600AE942C /* ArtistResponse.swift in Sources */ = {isa = PBXBuildFile; fileRef = 9EF67AA82498E69600AE942C /* ArtistResponse.swift */; };
		9EF67AAB2498E6E200AE942C /* ArtistBioResponse.swift in Sources */ = {isa = PBXBuildFile; fileRef = 9EF67AAA2498E6E200AE942C /* ArtistBioResponse.swift */; };
		9EFF93532484FD820077683D /* LastFmClientTests.swift in Sources */ = {isa = PBXBuildFile; fileRef = 9EFF93522484FD820077683D /* LastFmClientTests.swift */; };
		9EFF93BF2484FDDC0077683D /* Assets.xcassets in Resources */ = {isa = PBXBuildFile; fileRef = 9EFF93602484FDDC0077683D /* Assets.xcassets */; };
		9EFF93C02484FDDC0077683D /* LaunchScreen.storyboard in Resources */ = {isa = PBXBuildFile; fileRef = 9EFF93612484FDDC0077683D /* LaunchScreen.storyboard */; };
		9EFF93C12484FDDC0077683D /* StoryboardLoadable.swift in Sources */ = {isa = PBXBuildFile; fileRef = 9EFF93642484FDDC0077683D /* StoryboardLoadable.swift */; };
		9EFF93C22484FDDC0077683D /* UIColor+hex.swift in Sources */ = {isa = PBXBuildFile; fileRef = 9EFF93652484FDDC0077683D /* UIColor+hex.swift */; };
		9EFF93C32484FDDC0077683D /* UITableView+registerReusable.swift in Sources */ = {isa = PBXBuildFile; fileRef = 9EFF93662484FDDC0077683D /* UITableView+registerReusable.swift */; };
		9EFF93C52484FDDC0077683D /* NibLoadable.swift in Sources */ = {isa = PBXBuildFile; fileRef = 9EFF93682484FDDC0077683D /* NibLoadable.swift */; };
		9EFF93C62484FDDC0077683D /* HudOverlay.swift in Sources */ = {isa = PBXBuildFile; fileRef = 9EFF936A2484FDDC0077683D /* HudOverlay.swift */; };
		9EFF93C92484FDDC0077683D /* FontSet.swift in Sources */ = {isa = PBXBuildFile; fileRef = 9EFF936F2484FDDC0077683D /* FontSet.swift */; };
		9EFF93CA2484FDDC0077683D /* DefaultColorPalette.swift in Sources */ = {isa = PBXBuildFile; fileRef = 9EFF93702484FDDC0077683D /* DefaultColorPalette.swift */; };
		9EFF93CB2484FDDC0077683D /* DefaultTheme.swift in Sources */ = {isa = PBXBuildFile; fileRef = 9EFF93712484FDDC0077683D /* DefaultTheme.swift */; };
		9EFF93CC2484FDDC0077683D /* DefaultFontSet.swift in Sources */ = {isa = PBXBuildFile; fileRef = 9EFF93722484FDDC0077683D /* DefaultFontSet.swift */; };
		9EFF93CD2484FDDC0077683D /* ColorPalette.swift in Sources */ = {isa = PBXBuildFile; fileRef = 9EFF93732484FDDC0077683D /* ColorPalette.swift */; };
		9EFF93CE2484FDDC0077683D /* Theme.swift in Sources */ = {isa = PBXBuildFile; fileRef = 9EFF93742484FDDC0077683D /* Theme.swift */; };
		9EFF93D92484FDDC0077683D /* HomeScreenViewModel.swift in Sources */ = {isa = PBXBuildFile; fileRef = 9EFF93852484FDDC0077683D /* HomeScreenViewModel.swift */; };
		9EFF93DD2484FDDC0077683D /* HomeScreenViewController.storyboard in Resources */ = {isa = PBXBuildFile; fileRef = 9EFF938B2484FDDC0077683D /* HomeScreenViewController.storyboard */; };
		9EFF93DF2484FDDC0077683D /* HomeScreenViewController.swift in Sources */ = {isa = PBXBuildFile; fileRef = 9EFF938E2484FDDC0077683D /* HomeScreenViewController.swift */; };
		9EFF93E02484FDDC0077683D /* DependencyContainer.swift in Sources */ = {isa = PBXBuildFile; fileRef = 9EFF93902484FDDC0077683D /* DependencyContainer.swift */; };
		9EFF93E12484FDDC0077683D /* SceneNavigator.swift in Sources */ = {isa = PBXBuildFile; fileRef = 9EFF93912484FDDC0077683D /* SceneNavigator.swift */; };
		9EFF93E22484FDDC0077683D /* ViewControllerFactory.swift in Sources */ = {isa = PBXBuildFile; fileRef = 9EFF93922484FDDC0077683D /* ViewControllerFactory.swift */; };
		9EFF93E32484FDDC0077683D /* Navigator.swift in Sources */ = {isa = PBXBuildFile; fileRef = 9EFF93932484FDDC0077683D /* Navigator.swift */; };
		9EFF93F32484FDDC0077683D /* RealmDatabaseService.swift in Sources */ = {isa = PBXBuildFile; fileRef = 9EFF93A92484FDDC0077683D /* RealmDatabaseService.swift */; };
		9EFF93F52484FDDC0077683D /* AlbumObject.swift in Sources */ = {isa = PBXBuildFile; fileRef = 9EFF93AC2484FDDC0077683D /* AlbumObject.swift */; };
		9EFF93F92484FDDC0077683D /* AlbumRequest.swift in Sources */ = {isa = PBXBuildFile; fileRef = 9EFF93B32484FDDC0077683D /* AlbumRequest.swift */; };
		9EFF93FA2484FDDC0077683D /* LastFmEndpoint.swift in Sources */ = {isa = PBXBuildFile; fileRef = 9EFF93B42484FDDC0077683D /* LastFmEndpoint.swift */; };
		9EFF93FC2484FDDC0077683D /* Endpoint.swift in Sources */ = {isa = PBXBuildFile; fileRef = 9EFF93B72484FDDC0077683D /* Endpoint.swift */; };
		9EFF93FE2484FDDC0077683D /* Bundle+infoPlistValues.swift in Sources */ = {isa = PBXBuildFile; fileRef = 9EFF93BA2484FDDC0077683D /* Bundle+infoPlistValues.swift */; };
		9EFF93FF2484FDDC0077683D /* URL+replacingLastPathComponent.swift in Sources */ = {isa = PBXBuildFile; fileRef = 9EFF93BB2484FDDC0077683D /* URL+replacingLastPathComponent.swift */; };
		9EFF94002484FDDC0077683D /* ApplicationMain.swift in Sources */ = {isa = PBXBuildFile; fileRef = 9EFF93BD2484FDDC0077683D /* ApplicationMain.swift */; };
		EC696878390431591DB407F7 /* Pods_LastFmClient.framework in Frameworks */ = {isa = PBXBuildFile; fileRef = 7D4A1152EA36FF6412073807 /* Pods_LastFmClient.framework */; };
/* End PBXBuildFile section */

/* Begin PBXContainerItemProxy section */
		9EFF934F2484FD820077683D /* PBXContainerItemProxy */ = {
			isa = PBXContainerItemProxy;
			containerPortal = 9EFF93302484FD800077683D /* Project object */;
			proxyType = 1;
			remoteGlobalIDString = 9EFF93372484FD800077683D;
			remoteInfo = LastFmClient;
		};
/* End PBXContainerItemProxy section */

/* Begin PBXFileReference section */
		038929807BCD192EA8F024CC /* Pods-LastFmClient.release.xcconfig */ = {isa = PBXFileReference; includeInIndex = 1; lastKnownFileType = text.xcconfig; name = "Pods-LastFmClient.release.xcconfig"; path = "Pods/Target Support Files/Pods-LastFmClient/Pods-LastFmClient.release.xcconfig"; sourceTree = "<group>"; };
		0430F2EC1428ADAA305E18A8 /* Pods_LastFmClientTests.framework */ = {isa = PBXFileReference; explicitFileType = wrapper.framework; includeInIndex = 0; path = Pods_LastFmClientTests.framework; sourceTree = BUILT_PRODUCTS_DIR; };
		56889597D43859CF67B61D00 /* Pods-LastFmClientTests.release.xcconfig */ = {isa = PBXFileReference; includeInIndex = 1; lastKnownFileType = text.xcconfig; name = "Pods-LastFmClientTests.release.xcconfig"; path = "Pods/Target Support Files/Pods-LastFmClientTests/Pods-LastFmClientTests.release.xcconfig"; sourceTree = "<group>"; };
		7D4A1152EA36FF6412073807 /* Pods_LastFmClient.framework */ = {isa = PBXFileReference; explicitFileType = wrapper.framework; includeInIndex = 0; path = Pods_LastFmClient.framework; sourceTree = BUILT_PRODUCTS_DIR; };
		9841F97FC78D96D08958604F /* Pods-LastFmClient.debug.xcconfig */ = {isa = PBXFileReference; includeInIndex = 1; lastKnownFileType = text.xcconfig; name = "Pods-LastFmClient.debug.xcconfig"; path = "Pods/Target Support Files/Pods-LastFmClient/Pods-LastFmClient.debug.xcconfig"; sourceTree = "<group>"; };
		99D1994EEF62ED21E96146AF /* Pods-LastFmClientTests.debug.xcconfig */ = {isa = PBXFileReference; includeInIndex = 1; lastKnownFileType = text.xcconfig; name = "Pods-LastFmClientTests.debug.xcconfig"; path = "Pods/Target Support Files/Pods-LastFmClientTests/Pods-LastFmClientTests.debug.xcconfig"; sourceTree = "<group>"; };
		9E0772FC2487D217004E0E36 /* Track.swift */ = {isa = PBXFileReference; lastKnownFileType = sourcecode.swift; path = Track.swift; sourceTree = "<group>"; };
		9E0773002487D761004E0E36 /* Artist.swift */ = {isa = PBXFileReference; lastKnownFileType = sourcecode.swift; path = Artist.swift; sourceTree = "<group>"; };
		9E0773022487D7D3004E0E36 /* ArtistBio.swift */ = {isa = PBXFileReference; lastKnownFileType = sourcecode.swift; path = ArtistBio.swift; sourceTree = "<group>"; };
		9E0773042487E194004E0E36 /* ImageSize.swift */ = {isa = PBXFileReference; lastKnownFileType = sourcecode.swift; path = ImageSize.swift; sourceTree = "<group>"; };
		9E0773062487EA2B004E0E36 /* ImageUrlObject.swift */ = {isa = PBXFileReference; lastKnownFileType = sourcecode.swift; path = ImageUrlObject.swift; sourceTree = "<group>"; };
		9E091B812499F63200306988 /* ArtistInfoResponse+asArtist.swift */ = {isa = PBXFileReference; lastKnownFileType = sourcecode.swift; path = "ArtistInfoResponse+asArtist.swift"; sourceTree = "<group>"; };
		9E091B832499F6C200306988 /* ArtistBioResponse+asArtistBio.swift */ = {isa = PBXFileReference; lastKnownFileType = sourcecode.swift; path = "ArtistBioResponse+asArtistBio.swift"; sourceTree = "<group>"; };
		9E091B852499F91400306988 /* TopAlbumResponse.swift */ = {isa = PBXFileReference; lastKnownFileType = sourcecode.swift; path = TopAlbumResponse.swift; sourceTree = "<group>"; };
		9E091B872499FA0300306988 /* TopAlbumArtistResponse.swift */ = {isa = PBXFileReference; lastKnownFileType = sourcecode.swift; path = TopAlbumArtistResponse.swift; sourceTree = "<group>"; };
		9E091B8A2499FADF00306988 /* ArtistTopAlbumsResponse+asArtistTopAlbums.swift */ = {isa = PBXFileReference; lastKnownFileType = sourcecode.swift; path = "ArtistTopAlbumsResponse+asArtistTopAlbums.swift"; sourceTree = "<group>"; };
		9E091B8E2499FD1200306988 /* TopAlbumResponse+asAlbum.swift */ = {isa = PBXFileReference; lastKnownFileType = sourcecode.swift; path = "TopAlbumResponse+asAlbum.swift"; sourceTree = "<group>"; };
		9E091B90249A264500306988 /* ArtistSearchResponse+searchItems.swift */ = {isa = PBXFileReference; lastKnownFileType = sourcecode.swift; path = "ArtistSearchResponse+searchItems.swift"; sourceTree = "<group>"; };
		9E0C5E49249FB5E50023E1DD /* NetworkErrorOverlayView.swift */ = {isa = PBXFileReference; lastKnownFileType = sourcecode.swift; path = NetworkErrorOverlayView.swift; sourceTree = "<group>"; };
		9E0C5E4B249FB5F40023E1DD /* NetworkErrorOverlayView.xib */ = {isa = PBXFileReference; lastKnownFileType = file.xib; path = NetworkErrorOverlayView.xib; sourceTree = "<group>"; };
		9E0F139624893E6C00A46DFA /* Realm+Default.swift */ = {isa = PBXFileReference; lastKnownFileType = sourcecode.swift; path = "Realm+Default.swift"; sourceTree = "<group>"; };
		9E0F139A248955F800A46DFA /* RealmConfiguration+default.swift */ = {isa = PBXFileReference; lastKnownFileType = sourcecode.swift; path = "RealmConfiguration+default.swift"; sourceTree = "<group>"; };
		9E0F139C248A3CAB00A46DFA /* TrackObject.swift */ = {isa = PBXFileReference; lastKnownFileType = sourcecode.swift; path = TrackObject.swift; sourceTree = "<group>"; };
		9E37255524A1006800C70A5A /* AlbumDetailsViewSection.swift */ = {isa = PBXFileReference; lastKnownFileType = sourcecode.swift; path = AlbumDetailsViewSection.swift; sourceTree = "<group>"; };
		9E37255724A23FD800C70A5A /* AlbumInfoResponse.swift */ = {isa = PBXFileReference; lastKnownFileType = sourcecode.swift; path = AlbumInfoResponse.swift; sourceTree = "<group>"; };
		9E47C37D249E7A05008F3E2C /* DefaultArtistDetailsCellViewModel.swift */ = {isa = PBXFileReference; fileEncoding = 4; lastKnownFileType = sourcecode.swift; path = DefaultArtistDetailsCellViewModel.swift; sourceTree = "<group>"; };
		9E47C37E249E7A05008F3E2C /* ArtistDetailsCellViewModel.swift */ = {isa = PBXFileReference; fileEncoding = 4; lastKnownFileType = sourcecode.swift; path = ArtistDetailsCellViewModel.swift; sourceTree = "<group>"; };
		9E47C380249E7A05008F3E2C /* ArtistDetailsCellView.swift */ = {isa = PBXFileReference; fileEncoding = 4; lastKnownFileType = sourcecode.swift; path = ArtistDetailsCellView.swift; sourceTree = "<group>"; };
		9E47C381249E7A05008F3E2C /* ArtistDetailsCellView.xib */ = {isa = PBXFileReference; fileEncoding = 4; lastKnownFileType = file.xib; path = ArtistDetailsCellView.xib; sourceTree = "<group>"; };
		9E47C387249E7A05008F3E2C /* AlbumCardViewCell.xib */ = {isa = PBXFileReference; fileEncoding = 4; lastKnownFileType = file.xib; path = AlbumCardViewCell.xib; sourceTree = "<group>"; };
		9E47C388249E7A05008F3E2C /* AlbumCardViewCell.swift */ = {isa = PBXFileReference; fileEncoding = 4; lastKnownFileType = sourcecode.swift; path = AlbumCardViewCell.swift; sourceTree = "<group>"; };
		9E4A1D152492B1B90041DDB4 /* Collection+safeIndex.swift */ = {isa = PBXFileReference; lastKnownFileType = sourcecode.swift; path = "Collection+safeIndex.swift"; sourceTree = "<group>"; };
		9E4A1D1B24936BBB0041DDB4 /* ArtistSearchItem.swift */ = {isa = PBXFileReference; lastKnownFileType = sourcecode.swift; path = ArtistSearchItem.swift; sourceTree = "<group>"; };
		9E4FBE7E248F86610038BE7B /* URLBuilder.swift */ = {isa = PBXFileReference; lastKnownFileType = sourcecode.swift; path = URLBuilder.swift; sourceTree = "<group>"; };
		9E4FBE80248FA5AC0038BE7B /* AlbumResponse.swift */ = {isa = PBXFileReference; lastKnownFileType = sourcecode.swift; path = AlbumResponse.swift; sourceTree = "<group>"; };
		9E4FBE82248FA5C90038BE7B /* ImageResponse.swift */ = {isa = PBXFileReference; lastKnownFileType = sourcecode.swift; path = ImageResponse.swift; sourceTree = "<group>"; };
		9E4FBE84248FA5F00038BE7B /* AlbumTracksResponse.swift */ = {isa = PBXFileReference; lastKnownFileType = sourcecode.swift; path = AlbumTracksResponse.swift; sourceTree = "<group>"; };
		9E4FBE86248FAA9E0038BE7B /* TrackRankResponse.swift */ = {isa = PBXFileReference; lastKnownFileType = sourcecode.swift; path = TrackRankResponse.swift; sourceTree = "<group>"; };
		9E4FBE88248FAAC90038BE7B /* TrackArtistResponse.swift */ = {isa = PBXFileReference; lastKnownFileType = sourcecode.swift; path = TrackArtistResponse.swift; sourceTree = "<group>"; };
		9E4FBE8D248FAB500038BE7B /* AlbumResponse+asAlbum.swift */ = {isa = PBXFileReference; lastKnownFileType = sourcecode.swift; path = "AlbumResponse+asAlbum.swift"; sourceTree = "<group>"; };
		9E4FBE8F248FAB6C0038BE7B /* TrackResponse+asTrack.swift */ = {isa = PBXFileReference; lastKnownFileType = sourcecode.swift; path = "TrackResponse+asTrack.swift"; sourceTree = "<group>"; };
		9E4FBE91248FABC40038BE7B /* ImageResponse+asImageUrl.swift */ = {isa = PBXFileReference; lastKnownFileType = sourcecode.swift; path = "ImageResponse+asImageUrl.swift"; sourceTree = "<group>"; };
		9E4FBE93248FDA090038BE7B /* AlbumInfoService.swift */ = {isa = PBXFileReference; lastKnownFileType = sourcecode.swift; path = AlbumInfoService.swift; sourceTree = "<group>"; };
		9E4FBE98248FECF20038BE7B /* NetworkService.swift */ = {isa = PBXFileReference; lastKnownFileType = sourcecode.swift; path = NetworkService.swift; sourceTree = "<group>"; };
		9E4FBE9C248FEDCB0038BE7B /* DatabaseService.swift */ = {isa = PBXFileReference; lastKnownFileType = sourcecode.swift; path = DatabaseService.swift; sourceTree = "<group>"; };
		9E4FBEA02490CD810038BE7B /* TypeIdentifiable.swift */ = {isa = PBXFileReference; lastKnownFileType = sourcecode.swift; path = TypeIdentifiable.swift; sourceTree = "<group>"; };
		9E60275D249FBE2C00E7C2A5 /* HudOverlayView.xib */ = {isa = PBXFileReference; lastKnownFileType = file.xib; path = HudOverlayView.xib; sourceTree = "<group>"; };
		9E60275F249FBE3600E7C2A5 /* HudOverlayView.swift */ = {isa = PBXFileReference; lastKnownFileType = sourcecode.swift; path = HudOverlayView.swift; sourceTree = "<group>"; };
		9E60276124A09EFD00E7C2A5 /* UIView+rx+HudOverlay.swift */ = {isa = PBXFileReference; lastKnownFileType = sourcecode.swift; path = "UIView+rx+HudOverlay.swift"; sourceTree = "<group>"; };
		9E60276524A0A3FA00E7C2A5 /* UIView+rx+NetworkErrorOverlay.swift */ = {isa = PBXFileReference; lastKnownFileType = sourcecode.swift; path = "UIView+rx+NetworkErrorOverlay.swift"; sourceTree = "<group>"; };
		9E60276724A0AFB800E7C2A5 /* NetworkErrorOverlayInteractor.swift */ = {isa = PBXFileReference; lastKnownFileType = sourcecode.swift; path = NetworkErrorOverlayInteractor.swift; sourceTree = "<group>"; };
		9E60276A24A0B0FE00E7C2A5 /* DefaultNetworkErrorOverlayInteractor.swift */ = {isa = PBXFileReference; lastKnownFileType = sourcecode.swift; path = DefaultNetworkErrorOverlayInteractor.swift; sourceTree = "<group>"; };
		9E68E873248E436800CEB3BB /* AlamofireNetworkService.swift */ = {isa = PBXFileReference; lastKnownFileType = sourcecode.swift; path = AlamofireNetworkService.swift; sourceTree = "<group>"; };
		9E68E875248E445A00CEB3BB /* TrackResponse.swift */ = {isa = PBXFileReference; lastKnownFileType = sourcecode.swift; path = TrackResponse.swift; sourceTree = "<group>"; };
		9E744819249FA12F00158E7A /* AlbumDetailsViewModel.swift */ = {isa = PBXFileReference; lastKnownFileType = sourcecode.swift; path = AlbumDetailsViewModel.swift; sourceTree = "<group>"; };
		9E74481B249FA15600158E7A /* DefaultAlbumDetailsTrackCellViewModel.swift */ = {isa = PBXFileReference; lastKnownFileType = sourcecode.swift; path = DefaultAlbumDetailsTrackCellViewModel.swift; sourceTree = "<group>"; };
		9E873E0E24868AE400EE8964 /* DefaultHomeScreenViewModel.swift */ = {isa = PBXFileReference; fileEncoding = 4; lastKnownFileType = sourcecode.swift; path = DefaultHomeScreenViewModel.swift; sourceTree = "<group>"; };
		9E9419AD249E7E0C0065E9DC /* DefaultAlbumStoreViewModel.swift */ = {isa = PBXFileReference; fileEncoding = 4; lastKnownFileType = sourcecode.swift; path = DefaultAlbumStoreViewModel.swift; sourceTree = "<group>"; };
		9E9419AE249E7E0C0065E9DC /* AlbumStoreViewModel.swift */ = {isa = PBXFileReference; fileEncoding = 4; lastKnownFileType = sourcecode.swift; path = AlbumStoreViewModel.swift; sourceTree = "<group>"; };
		9E9419B4249E7E0C0065E9DC /* AlbumViewModel.swift */ = {isa = PBXFileReference; fileEncoding = 4; lastKnownFileType = sourcecode.swift; path = AlbumViewModel.swift; sourceTree = "<group>"; };
		9E9419B5249E7E0C0065E9DC /* DefaultAlbumViewModel.swift */ = {isa = PBXFileReference; fileEncoding = 4; lastKnownFileType = sourcecode.swift; path = DefaultAlbumViewModel.swift; sourceTree = "<group>"; };
		9E9419B7249E7E0C0065E9DC /* AlbumView.swift */ = {isa = PBXFileReference; fileEncoding = 4; lastKnownFileType = sourcecode.swift; path = AlbumView.swift; sourceTree = "<group>"; };
		9E9419B8249E7E0C0065E9DC /* AlbumView.xib */ = {isa = PBXFileReference; fileEncoding = 4; lastKnownFileType = file.xib; path = AlbumView.xib; sourceTree = "<group>"; };
		9E9419C2249F894C0065E9DC /* AlbumCardViewModel.swift */ = {isa = PBXFileReference; lastKnownFileType = sourcecode.swift; path = AlbumCardViewModel.swift; sourceTree = "<group>"; };
		9E9419C4249F89D40065E9DC /* DefaultAlbumCardViewModel.swift */ = {isa = PBXFileReference; lastKnownFileType = sourcecode.swift; path = DefaultAlbumCardViewModel.swift; sourceTree = "<group>"; };
		9EA2FCF724910CFF00557C69 /* UICollectionView+registerReusable.swift */ = {isa = PBXFileReference; lastKnownFileType = sourcecode.swift; path = "UICollectionView+registerReusable.swift"; sourceTree = "<group>"; };
		9EA2FCFC2491533100557C69 /* ImageSizeObject.swift */ = {isa = PBXFileReference; lastKnownFileType = sourcecode.swift; path = ImageSizeObject.swift; sourceTree = "<group>"; };
		9EA7F4872493941900AAE143 /* AlbumCardViewCell+TypeIdentifiable.swift */ = {isa = PBXFileReference; lastKnownFileType = sourcecode.swift; path = "AlbumCardViewCell+TypeIdentifiable.swift"; sourceTree = "<group>"; };
		9EA7F4892493945700AAE143 /* SearchTableCellView.swift */ = {isa = PBXFileReference; lastKnownFileType = sourcecode.swift; path = SearchTableCellView.swift; sourceTree = "<group>"; };
		9EA7F48B2493BFF000AAE143 /* ArtistRequest.swift */ = {isa = PBXFileReference; lastKnownFileType = sourcecode.swift; path = ArtistRequest.swift; sourceTree = "<group>"; };
		9EA7F48D2493C73D00AAE143 /* ArtistSearchResponse.swift */ = {isa = PBXFileReference; lastKnownFileType = sourcecode.swift; path = ArtistSearchResponse.swift; sourceTree = "<group>"; };
		9EA7F4912493DBEF00AAE143 /* ArtistSearchItemResponse.swift */ = {isa = PBXFileReference; lastKnownFileType = sourcecode.swift; path = ArtistSearchItemResponse.swift; sourceTree = "<group>"; };
		9EA7F4962493DCA900AAE143 /* ArtistSearchItemResponse+asArtistSearchItem.swift */ = {isa = PBXFileReference; lastKnownFileType = sourcecode.swift; path = "ArtistSearchItemResponse+asArtistSearchItem.swift"; sourceTree = "<group>"; };
		9EA7F4982493E08A00AAE143 /* ArtistSearchService.swift */ = {isa = PBXFileReference; lastKnownFileType = sourcecode.swift; path = ArtistSearchService.swift; sourceTree = "<group>"; };
		9EA7F49A2494D1F700AAE143 /* ArtistSearchHistoryService.swift */ = {isa = PBXFileReference; lastKnownFileType = sourcecode.swift; path = ArtistSearchHistoryService.swift; sourceTree = "<group>"; };
		9EA7F49C2494D57C00AAE143 /* ArtistSearchItemObject.swift */ = {isa = PBXFileReference; lastKnownFileType = sourcecode.swift; path = ArtistSearchItemObject.swift; sourceTree = "<group>"; };
		9EAAAAE32486494B000F4F4E /* Album.swift */ = {isa = PBXFileReference; fileEncoding = 4; lastKnownFileType = sourcecode.swift; path = Album.swift; sourceTree = "<group>"; };
		9EAAAAF1248663DF000F4F4E /* ImageDownloadService.swift */ = {isa = PBXFileReference; lastKnownFileType = sourcecode.swift; path = ImageDownloadService.swift; sourceTree = "<group>"; };
		9EAAAAF324866976000F4F4E /* AlbumStoreService.swift */ = {isa = PBXFileReference; lastKnownFileType = sourcecode.swift; path = AlbumStoreService.swift; sourceTree = "<group>"; };
		9EAB1FBE2491035E0074B04D /* HomeScreenSection.swift */ = {isa = PBXFileReference; lastKnownFileType = sourcecode.swift; path = HomeScreenSection.swift; sourceTree = "<group>"; };
		9EBCCA2F249B9BAE00A81D79 /* Promise+failed.swift */ = {isa = PBXFileReference; lastKnownFileType = sourcecode.swift; path = "Promise+failed.swift"; sourceTree = "<group>"; };
		9EC5929D248A529F00DE82ED /* Results+rx.swift */ = {isa = PBXFileReference; lastKnownFileType = sourcecode.swift; path = "Results+rx.swift"; sourceTree = "<group>"; };
		9EEE182D249B6026008063F6 /* AlbumCardHashableWrapper.swift */ = {isa = PBXFileReference; fileEncoding = 4; lastKnownFileType = sourcecode.swift; path = AlbumCardHashableWrapper.swift; sourceTree = "<group>"; };
		9EF67A6F2497A13500AE942C /* EmptyTheme.swift */ = {isa = PBXFileReference; lastKnownFileType = sourcecode.swift; path = EmptyTheme.swift; sourceTree = "<group>"; };
		9EF67A7A2497F2E400AE942C /* ArtistDetailsViewSection.swift */ = {isa = PBXFileReference; lastKnownFileType = sourcecode.swift; path = ArtistDetailsViewSection.swift; sourceTree = "<group>"; };
		9EF67A8B24988CD100AE942C /* ArtistDescriptionViewController.swift */ = {isa = PBXFileReference; lastKnownFileType = sourcecode.swift; path = ArtistDescriptionViewController.swift; sourceTree = "<group>"; };
		9EF67A912498926700AE942C /* ArtistDescriptionViewModel.swift */ = {isa = PBXFileReference; lastKnownFileType = sourcecode.swift; path = ArtistDescriptionViewModel.swift; sourceTree = "<group>"; };
		9EF67A94249893B400AE942C /* ArtistDescriptionViewController.storyboard */ = {isa = PBXFileReference; lastKnownFileType = file.storyboard; path = ArtistDescriptionViewController.storyboard; sourceTree = "<group>"; };
		9EF67A9624989A4300AE942C /* DefaultArtistDescriptionViewModel.swift */ = {isa = PBXFileReference; lastKnownFileType = sourcecode.swift; path = DefaultArtistDescriptionViewModel.swift; sourceTree = "<group>"; };
		9EF67A982498A51C00AE942C /* ArtistDetailsCellView+TypeIdentifiable.swift */ = {isa = PBXFileReference; lastKnownFileType = sourcecode.swift; path = "ArtistDetailsCellView+TypeIdentifiable.swift"; sourceTree = "<group>"; };
		9EF67AA02498E03D00AE942C /* ArtistInfoService.swift */ = {isa = PBXFileReference; lastKnownFileType = sourcecode.swift; path = ArtistInfoService.swift; sourceTree = "<group>"; };
		9EF67AA42498E5A300AE942C /* ArtistTopAlbumsResponse.swift */ = {isa = PBXFileReference; lastKnownFileType = sourcecode.swift; path = ArtistTopAlbumsResponse.swift; sourceTree = "<group>"; };
		9EF67AA62498E5AC00AE942C /* ArtistInfoResponse.swift */ = {isa = PBXFileReference; lastKnownFileType = sourcecode.swift; path = ArtistInfoResponse.swift; sourceTree = "<group>"; };
		9EF67AA82498E69600AE942C /* ArtistResponse.swift */ = {isa = PBXFileReference; lastKnownFileType = sourcecode.swift; path = ArtistResponse.swift; sourceTree = "<group>"; };
		9EF67AAA2498E6E200AE942C /* ArtistBioResponse.swift */ = {isa = PBXFileReference; lastKnownFileType = sourcecode.swift; path = ArtistBioResponse.swift; sourceTree = "<group>"; };
		9EFF93382484FD800077683D /* LastFmClient.app */ = {isa = PBXFileReference; explicitFileType = wrapper.application; includeInIndex = 0; path = LastFmClient.app; sourceTree = BUILT_PRODUCTS_DIR; };
		9EFF934E2484FD820077683D /* LastFmClientTests.xctest */ = {isa = PBXFileReference; explicitFileType = wrapper.cfbundle; includeInIndex = 0; path = LastFmClientTests.xctest; sourceTree = BUILT_PRODUCTS_DIR; };
		9EFF93522484FD820077683D /* LastFmClientTests.swift */ = {isa = PBXFileReference; lastKnownFileType = sourcecode.swift; path = LastFmClientTests.swift; sourceTree = "<group>"; };
		9EFF93542484FD820077683D /* Info.plist */ = {isa = PBXFileReference; lastKnownFileType = text.plist.xml; path = Info.plist; sourceTree = "<group>"; };
		9EFF93602484FDDC0077683D /* Assets.xcassets */ = {isa = PBXFileReference; lastKnownFileType = folder.assetcatalog; path = Assets.xcassets; sourceTree = "<group>"; };
		9EFF93622484FDDC0077683D /* Base */ = {isa = PBXFileReference; lastKnownFileType = file.storyboard; name = Base; path = Base.lproj/LaunchScreen.storyboard; sourceTree = "<group>"; };
		9EFF93642484FDDC0077683D /* StoryboardLoadable.swift */ = {isa = PBXFileReference; fileEncoding = 4; lastKnownFileType = sourcecode.swift; path = StoryboardLoadable.swift; sourceTree = "<group>"; };
		9EFF93652484FDDC0077683D /* UIColor+hex.swift */ = {isa = PBXFileReference; fileEncoding = 4; lastKnownFileType = sourcecode.swift; path = "UIColor+hex.swift"; sourceTree = "<group>"; };
		9EFF93662484FDDC0077683D /* UITableView+registerReusable.swift */ = {isa = PBXFileReference; fileEncoding = 4; lastKnownFileType = sourcecode.swift; path = "UITableView+registerReusable.swift"; sourceTree = "<group>"; };
		9EFF93682484FDDC0077683D /* NibLoadable.swift */ = {isa = PBXFileReference; fileEncoding = 4; lastKnownFileType = sourcecode.swift; path = NibLoadable.swift; sourceTree = "<group>"; };
		9EFF936A2484FDDC0077683D /* HudOverlay.swift */ = {isa = PBXFileReference; fileEncoding = 4; lastKnownFileType = sourcecode.swift; path = HudOverlay.swift; sourceTree = "<group>"; };
		9EFF936F2484FDDC0077683D /* FontSet.swift */ = {isa = PBXFileReference; fileEncoding = 4; lastKnownFileType = sourcecode.swift; path = FontSet.swift; sourceTree = "<group>"; };
		9EFF93702484FDDC0077683D /* DefaultColorPalette.swift */ = {isa = PBXFileReference; fileEncoding = 4; lastKnownFileType = sourcecode.swift; path = DefaultColorPalette.swift; sourceTree = "<group>"; };
		9EFF93712484FDDC0077683D /* DefaultTheme.swift */ = {isa = PBXFileReference; fileEncoding = 4; lastKnownFileType = sourcecode.swift; path = DefaultTheme.swift; sourceTree = "<group>"; };
		9EFF93722484FDDC0077683D /* DefaultFontSet.swift */ = {isa = PBXFileReference; fileEncoding = 4; lastKnownFileType = sourcecode.swift; path = DefaultFontSet.swift; sourceTree = "<group>"; };
		9EFF93732484FDDC0077683D /* ColorPalette.swift */ = {isa = PBXFileReference; fileEncoding = 4; lastKnownFileType = sourcecode.swift; path = ColorPalette.swift; sourceTree = "<group>"; };
		9EFF93742484FDDC0077683D /* Theme.swift */ = {isa = PBXFileReference; fileEncoding = 4; lastKnownFileType = sourcecode.swift; path = Theme.swift; sourceTree = "<group>"; };
		9EFF93772484FDDC0077683D /* ArtistDetailsViewModel.swift */ = {isa = PBXFileReference; fileEncoding = 4; lastKnownFileType = sourcecode.swift; path = ArtistDetailsViewModel.swift; sourceTree = "<group>"; };
		9EFF93792484FDDC0077683D /* DefaultArtistDetailsViewModel.swift */ = {isa = PBXFileReference; fileEncoding = 4; lastKnownFileType = sourcecode.swift; path = DefaultArtistDetailsViewModel.swift; sourceTree = "<group>"; };
		9EFF937E2484FDDC0077683D /* ArtistDetailsViewController.storyboard */ = {isa = PBXFileReference; fileEncoding = 4; lastKnownFileType = file.storyboard; path = ArtistDetailsViewController.storyboard; sourceTree = "<group>"; };
		9EFF93802484FDDC0077683D /* ArtistDetailsViewController.swift */ = {isa = PBXFileReference; fileEncoding = 4; lastKnownFileType = sourcecode.swift; path = ArtistDetailsViewController.swift; sourceTree = "<group>"; };
		9EFF93852484FDDC0077683D /* HomeScreenViewModel.swift */ = {isa = PBXFileReference; fileEncoding = 4; lastKnownFileType = sourcecode.swift; path = HomeScreenViewModel.swift; sourceTree = "<group>"; };
		9EFF938C2484FDDC0077683D /* Base */ = {isa = PBXFileReference; lastKnownFileType = file.storyboard; name = Base; path = Base.lproj/HomeScreenViewController.storyboard; sourceTree = "<group>"; };
		9EFF938E2484FDDC0077683D /* HomeScreenViewController.swift */ = {isa = PBXFileReference; fileEncoding = 4; lastKnownFileType = sourcecode.swift; path = HomeScreenViewController.swift; sourceTree = "<group>"; };
		9EFF93902484FDDC0077683D /* DependencyContainer.swift */ = {isa = PBXFileReference; fileEncoding = 4; lastKnownFileType = sourcecode.swift; path = DependencyContainer.swift; sourceTree = "<group>"; };
		9EFF93912484FDDC0077683D /* SceneNavigator.swift */ = {isa = PBXFileReference; fileEncoding = 4; lastKnownFileType = sourcecode.swift; path = SceneNavigator.swift; sourceTree = "<group>"; };
		9EFF93922484FDDC0077683D /* ViewControllerFactory.swift */ = {isa = PBXFileReference; fileEncoding = 4; lastKnownFileType = sourcecode.swift; path = ViewControllerFactory.swift; sourceTree = "<group>"; };
		9EFF93932484FDDC0077683D /* Navigator.swift */ = {isa = PBXFileReference; fileEncoding = 4; lastKnownFileType = sourcecode.swift; path = Navigator.swift; sourceTree = "<group>"; };
		9EFF93982484FDDC0077683D /* AlbumDetailsTrackCellViewModel.swift */ = {isa = PBXFileReference; fileEncoding = 4; lastKnownFileType = sourcecode.swift; path = AlbumDetailsTrackCellViewModel.swift; sourceTree = "<group>"; };
		9EFF93992484FDDC0077683D /* DefaultAlbumDetailsViewModel.swift */ = {isa = PBXFileReference; fileEncoding = 4; lastKnownFileType = sourcecode.swift; path = DefaultAlbumDetailsViewModel.swift; sourceTree = "<group>"; };
		9EFF939E2484FDDC0077683D /* AlbumDetailsStoreCellView.xib */ = {isa = PBXFileReference; fileEncoding = 4; lastKnownFileType = file.xib; path = AlbumDetailsStoreCellView.xib; sourceTree = "<group>"; };
		9EFF939F2484FDDC0077683D /* AlbumDetailsStoreCellView.swift */ = {isa = PBXFileReference; fileEncoding = 4; lastKnownFileType = sourcecode.swift; path = AlbumDetailsStoreCellView.swift; sourceTree = "<group>"; };
		9EFF93A02484FDDC0077683D /* AlbumDetailsTrackCellView.xib */ = {isa = PBXFileReference; fileEncoding = 4; lastKnownFileType = file.xib; path = AlbumDetailsTrackCellView.xib; sourceTree = "<group>"; };
		9EFF93A12484FDDC0077683D /* AlbumDetailsAlbumCellView.xib */ = {isa = PBXFileReference; fileEncoding = 4; lastKnownFileType = file.xib; path = AlbumDetailsAlbumCellView.xib; sourceTree = "<group>"; };
		9EFF93A22484FDDC0077683D /* AlbumDetailsViewController.storyboard */ = {isa = PBXFileReference; fileEncoding = 4; lastKnownFileType = file.storyboard; path = AlbumDetailsViewController.storyboard; sourceTree = "<group>"; };
		9EFF93A32484FDDC0077683D /* AlbumDetailsTrackCellView.swift */ = {isa = PBXFileReference; fileEncoding = 4; lastKnownFileType = sourcecode.swift; path = AlbumDetailsTrackCellView.swift; sourceTree = "<group>"; };
		9EFF93A42484FDDC0077683D /* AlbumDetailsAlbumCellView.swift */ = {isa = PBXFileReference; fileEncoding = 4; lastKnownFileType = sourcecode.swift; path = AlbumDetailsAlbumCellView.swift; sourceTree = "<group>"; };
		9EFF93A52484FDDC0077683D /* AlbumDetailsViewController.swift */ = {isa = PBXFileReference; fileEncoding = 4; lastKnownFileType = sourcecode.swift; path = AlbumDetailsViewController.swift; sourceTree = "<group>"; };
		9EFF93A92484FDDC0077683D /* RealmDatabaseService.swift */ = {isa = PBXFileReference; fileEncoding = 4; lastKnownFileType = sourcecode.swift; path = RealmDatabaseService.swift; sourceTree = "<group>"; };
		9EFF93AC2484FDDC0077683D /* AlbumObject.swift */ = {isa = PBXFileReference; fileEncoding = 4; lastKnownFileType = sourcecode.swift; path = AlbumObject.swift; sourceTree = "<group>"; };
		9EFF93B32484FDDC0077683D /* AlbumRequest.swift */ = {isa = PBXFileReference; fileEncoding = 4; lastKnownFileType = sourcecode.swift; path = AlbumRequest.swift; sourceTree = "<group>"; };
		9EFF93B42484FDDC0077683D /* LastFmEndpoint.swift */ = {isa = PBXFileReference; fileEncoding = 4; lastKnownFileType = sourcecode.swift; path = LastFmEndpoint.swift; sourceTree = "<group>"; };
		9EFF93B72484FDDC0077683D /* Endpoint.swift */ = {isa = PBXFileReference; fileEncoding = 4; lastKnownFileType = sourcecode.swift; path = Endpoint.swift; sourceTree = "<group>"; };
		9EFF93BA2484FDDC0077683D /* Bundle+infoPlistValues.swift */ = {isa = PBXFileReference; fileEncoding = 4; lastKnownFileType = sourcecode.swift; path = "Bundle+infoPlistValues.swift"; sourceTree = "<group>"; };
		9EFF93BB2484FDDC0077683D /* URL+replacingLastPathComponent.swift */ = {isa = PBXFileReference; fileEncoding = 4; lastKnownFileType = sourcecode.swift; path = "URL+replacingLastPathComponent.swift"; sourceTree = "<group>"; };
		9EFF93BD2484FDDC0077683D /* ApplicationMain.swift */ = {isa = PBXFileReference; fileEncoding = 4; lastKnownFileType = sourcecode.swift; path = ApplicationMain.swift; sourceTree = "<group>"; };
		9EFF93BE2484FDDC0077683D /* Info.plist */ = {isa = PBXFileReference; fileEncoding = 4; lastKnownFileType = text.plist.xml; path = Info.plist; sourceTree = "<group>"; };
/* End PBXFileReference section */

/* Begin PBXFrameworksBuildPhase section */
		9EFF93352484FD800077683D /* Frameworks */ = {
			isa = PBXFrameworksBuildPhase;
			buildActionMask = 2147483647;
			files = (
				EC696878390431591DB407F7 /* Pods_LastFmClient.framework in Frameworks */,
			);
			runOnlyForDeploymentPostprocessing = 0;
		};
		9EFF934B2484FD820077683D /* Frameworks */ = {
			isa = PBXFrameworksBuildPhase;
			buildActionMask = 2147483647;
			files = (
				62BFDC1051610BCFAC7C91AF /* Pods_LastFmClientTests.framework in Frameworks */,
			);
			runOnlyForDeploymentPostprocessing = 0;
		};
/* End PBXFrameworksBuildPhase section */

/* Begin PBXGroup section */
		143935F6362679643DB100FF /* Frameworks */ = {
			isa = PBXGroup;
			children = (
				7D4A1152EA36FF6412073807 /* Pods_LastFmClient.framework */,
				0430F2EC1428ADAA305E18A8 /* Pods_LastFmClientTests.framework */,
			);
			name = Frameworks;
			sourceTree = "<group>";
		};
		321CBB3F1D3C563FB3BD7771 /* Pods */ = {
			isa = PBXGroup;
			children = (
				9841F97FC78D96D08958604F /* Pods-LastFmClient.debug.xcconfig */,
				038929807BCD192EA8F024CC /* Pods-LastFmClient.release.xcconfig */,
				99D1994EEF62ED21E96146AF /* Pods-LastFmClientTests.debug.xcconfig */,
				56889597D43859CF67B61D00 /* Pods-LastFmClientTests.release.xcconfig */,
			);
			name = Pods;
			sourceTree = "<group>";
		};
		9E0772FB2487D1EA004E0E36 /* Entities */ = {
			isa = PBXGroup;
			children = (
				9EAAAAE32486494B000F4F4E /* Album.swift */,
				9E0773002487D761004E0E36 /* Artist.swift */,
				9E0773022487D7D3004E0E36 /* ArtistBio.swift */,
				9E4A1D1B24936BBB0041DDB4 /* ArtistSearchItem.swift */,
				9E0773042487E194004E0E36 /* ImageSize.swift */,
				9E0772FC2487D217004E0E36 /* Track.swift */,
			);
			path = Entities;
			sourceTree = "<group>";
		};
		9E091B802499F61F00306988 /* Extensions */ = {
			isa = PBXGroup;
			children = (
				9E091B812499F63200306988 /* ArtistInfoResponse+asArtist.swift */,
				9E091B832499F6C200306988 /* ArtistBioResponse+asArtistBio.swift */,
			);
			path = Extensions;
			sourceTree = "<group>";
		};
		9E091B892499FAD100306988 /* Extensions */ = {
			isa = PBXGroup;
			children = (
				9E091B8A2499FADF00306988 /* ArtistTopAlbumsResponse+asArtistTopAlbums.swift */,
				9E091B8E2499FD1200306988 /* TopAlbumResponse+asAlbum.swift */,
			);
			path = Extensions;
			sourceTree = "<group>";
		};
		9E0C5E43249FB5970023E1DD /* HudOverlay */ = {
			isa = PBXGroup;
			children = (
				9E60276324A0A3BE00E7C2A5 /* Rx */,
				9E0C5E48249FB5CE0023E1DD /* View */,
			);
			path = HudOverlay;
			sourceTree = "<group>";
		};
		9E0C5E44249FB5A20023E1DD /* NetworkErrorOverlay */ = {
			isa = PBXGroup;
			children = (
				9E60276424A0A3DB00E7C2A5 /* Rx */,
				9E0C5E45249FB5BC0023E1DD /* View */,
				9E60276924A0AFFD00E7C2A5 /* Interactor */,
			);
			path = NetworkErrorOverlay;
			sourceTree = "<group>";
		};
		9E0C5E45249FB5BC0023E1DD /* View */ = {
			isa = PBXGroup;
			children = (
				9E0C5E4B249FB5F40023E1DD /* NetworkErrorOverlayView.xib */,
				9E0C5E49249FB5E50023E1DD /* NetworkErrorOverlayView.swift */,
			);
			path = View;
			sourceTree = "<group>";
		};
		9E0C5E48249FB5CE0023E1DD /* View */ = {
			isa = PBXGroup;
			children = (
				9E60275D249FBE2C00E7C2A5 /* HudOverlayView.xib */,
				9E60275F249FBE3600E7C2A5 /* HudOverlayView.swift */,
			);
			path = View;
			sourceTree = "<group>";
		};
		9E47C36C249E7A05008F3E2C /* Views */ = {
			isa = PBXGroup;
			children = (
				9E9419B2249E7E0C0065E9DC /* AlbumView */,
				9E9419AB249E7E0C0065E9DC /* AlbumStoreViewModel */,
				9E47C382249E7A05008F3E2C /* AlbumCardViewCell */,
				9E47C37B249E7A05008F3E2C /* ArtistDetailsCellView */,
				9E0C5E44249FB5A20023E1DD /* NetworkErrorOverlay */,
				9E0C5E43249FB5970023E1DD /* HudOverlay */,
			);
			path = Views;
			sourceTree = "<group>";
		};
		9E47C37B249E7A05008F3E2C /* ArtistDetailsCellView */ = {
			isa = PBXGroup;
			children = (
				9E47C37F249E7A05008F3E2C /* View */,
				9E47C37C249E7A05008F3E2C /* ViewModel */,
			);
			path = ArtistDetailsCellView;
			sourceTree = "<group>";
		};
		9E47C37C249E7A05008F3E2C /* ViewModel */ = {
			isa = PBXGroup;
			children = (
				9E47C37E249E7A05008F3E2C /* ArtistDetailsCellViewModel.swift */,
				9E47C37D249E7A05008F3E2C /* DefaultArtistDetailsCellViewModel.swift */,
			);
			path = ViewModel;
			sourceTree = "<group>";
		};
		9E47C37F249E7A05008F3E2C /* View */ = {
			isa = PBXGroup;
			children = (
				9E47C381249E7A05008F3E2C /* ArtistDetailsCellView.xib */,
				9E47C380249E7A05008F3E2C /* ArtistDetailsCellView.swift */,
			);
			path = View;
			sourceTree = "<group>";
		};
		9E47C382249E7A05008F3E2C /* AlbumCardViewCell */ = {
			isa = PBXGroup;
			children = (
				9E47C386249E7A05008F3E2C /* View */,
				9E9419C1249F89390065E9DC /* ViewModel */,
			);
			path = AlbumCardViewCell;
			sourceTree = "<group>";
		};
		9E47C386249E7A05008F3E2C /* View */ = {
			isa = PBXGroup;
			children = (
				9E47C387249E7A05008F3E2C /* AlbumCardViewCell.xib */,
				9E47C388249E7A05008F3E2C /* AlbumCardViewCell.swift */,
			);
			path = View;
			sourceTree = "<group>";
		};
		9E4FBE7D248F864A0038BE7B /* Helpers */ = {
			isa = PBXGroup;
			children = (
				9E4FBE7E248F86610038BE7B /* URLBuilder.swift */,
			);
			path = Helpers;
			sourceTree = "<group>";
		};
		9E4FBE8C248FAB410038BE7B /* Extensions */ = {
			isa = PBXGroup;
			children = (
				9E4FBE8D248FAB500038BE7B /* AlbumResponse+asAlbum.swift */,
				9E4FBE8F248FAB6C0038BE7B /* TrackResponse+asTrack.swift */,
			);
			path = Extensions;
			sourceTree = "<group>";
		};
		9E4FBE95248FDEDD0038BE7B /* RealmDatabaseService */ = {
			isa = PBXGroup;
			children = (
				9EFF93A92484FDDC0077683D /* RealmDatabaseService.swift */,
				9E0F139624893E6C00A46DFA /* Realm+Default.swift */,
				9E0F139A248955F800A46DFA /* RealmConfiguration+default.swift */,
			);
			path = RealmDatabaseService;
			sourceTree = "<group>";
		};
		9E4FBE9A248FED340038BE7B /* AlamofireNetworkService */ = {
			isa = PBXGroup;
			children = (
				9E68E873248E436800CEB3BB /* AlamofireNetworkService.swift */,
			);
			path = AlamofireNetworkService;
			sourceTree = "<group>";
		};
		9E60276324A0A3BE00E7C2A5 /* Rx */ = {
			isa = PBXGroup;
			children = (
				9E60276124A09EFD00E7C2A5 /* UIView+rx+HudOverlay.swift */,
			);
			path = Rx;
			sourceTree = "<group>";
		};
		9E60276424A0A3DB00E7C2A5 /* Rx */ = {
			isa = PBXGroup;
			children = (
				9E60276524A0A3FA00E7C2A5 /* UIView+rx+NetworkErrorOverlay.swift */,
			);
			path = Rx;
			sourceTree = "<group>";
		};
		9E60276924A0AFFD00E7C2A5 /* Interactor */ = {
			isa = PBXGroup;
			children = (
				9E60276724A0AFB800E7C2A5 /* NetworkErrorOverlayInteractor.swift */,
				9E60276A24A0B0FE00E7C2A5 /* DefaultNetworkErrorOverlayInteractor.swift */,
			);
			path = Interactor;
			sourceTree = "<group>";
		};
		9E68E872248E434400CEB3BB /* Services */ = {
			isa = PBXGroup;
			children = (
				9E4FBE93248FDA090038BE7B /* AlbumInfoService.swift */,
				9EA7F4982493E08A00AAE143 /* ArtistSearchService.swift */,
				9EF67AA02498E03D00AE942C /* ArtistInfoService.swift */,
				9EAAAAF1248663DF000F4F4E /* ImageDownloadService.swift */,
				9E4FBE98248FECF20038BE7B /* NetworkService.swift */,
			);
			path = Services;
			sourceTree = "<group>";
		};
		9E9419AB249E7E0C0065E9DC /* AlbumStoreViewModel */ = {
			isa = PBXGroup;
			children = (
				9E9419AE249E7E0C0065E9DC /* AlbumStoreViewModel.swift */,
				9E9419AD249E7E0C0065E9DC /* DefaultAlbumStoreViewModel.swift */,
			);
			path = AlbumStoreViewModel;
			sourceTree = "<group>";
		};
		9E9419B2249E7E0C0065E9DC /* AlbumView */ = {
			isa = PBXGroup;
			children = (
				9E9419B6249E7E0C0065E9DC /* View */,
				9E9419B3249E7E0C0065E9DC /* ViewModel */,
			);
			path = AlbumView;
			sourceTree = "<group>";
		};
		9E9419B3249E7E0C0065E9DC /* ViewModel */ = {
			isa = PBXGroup;
			children = (
				9E9419B4249E7E0C0065E9DC /* AlbumViewModel.swift */,
				9E9419B5249E7E0C0065E9DC /* DefaultAlbumViewModel.swift */,
			);
			path = ViewModel;
			sourceTree = "<group>";
		};
		9E9419B6249E7E0C0065E9DC /* View */ = {
			isa = PBXGroup;
			children = (
				9E9419B8249E7E0C0065E9DC /* AlbumView.xib */,
				9E9419B7249E7E0C0065E9DC /* AlbumView.swift */,
			);
			path = View;
			sourceTree = "<group>";
		};
		9E9419C1249F89390065E9DC /* ViewModel */ = {
			isa = PBXGroup;
			children = (
				9E9419C2249F894C0065E9DC /* AlbumCardViewModel.swift */,
				9E9419C4249F89D40065E9DC /* DefaultAlbumCardViewModel.swift */,
			);
			path = ViewModel;
			sourceTree = "<group>";
		};
		9EA7F48F2493C74B00AAE143 /* AlbumResponse */ = {
			isa = PBXGroup;
			children = (
				9E4FBE8C248FAB410038BE7B /* Extensions */,
				9E37255724A23FD800C70A5A /* AlbumInfoResponse.swift */,
				9E4FBE80248FA5AC0038BE7B /* AlbumResponse.swift */,
				9E4FBE84248FA5F00038BE7B /* AlbumTracksResponse.swift */,
				9E68E875248E445A00CEB3BB /* TrackResponse.swift */,
				9E4FBE86248FAA9E0038BE7B /* TrackRankResponse.swift */,
				9E4FBE88248FAAC90038BE7B /* TrackArtistResponse.swift */,
			);
			path = AlbumResponse;
			sourceTree = "<group>";
		};
		9EA7F4902493C78300AAE143 /* ArtistSearchResponse */ = {
			isa = PBXGroup;
			children = (
				9EA7F4952493DC8400AAE143 /* Extensions */,
				9EA7F48D2493C73D00AAE143 /* ArtistSearchResponse.swift */,
				9EA7F4912493DBEF00AAE143 /* ArtistSearchItemResponse.swift */,
			);
			path = ArtistSearchResponse;
			sourceTree = "<group>";
		};
		9EA7F4952493DC8400AAE143 /* Extensions */ = {
			isa = PBXGroup;
			children = (
				9E091B90249A264500306988 /* ArtistSearchResponse+searchItems.swift */,
				9EA7F4962493DCA900AAE143 /* ArtistSearchItemResponse+asArtistSearchItem.swift */,
			);
			path = Extensions;
			sourceTree = "<group>";
		};
		9EAAAAE72486494B000F4F4E /* Services */ = {
			isa = PBXGroup;
			children = (
				9EAAAAF324866976000F4F4E /* AlbumStoreService.swift */,
				9EA7F49A2494D1F700AAE143 /* ArtistSearchHistoryService.swift */,
				9E4FBE9C248FEDCB0038BE7B /* DatabaseService.swift */,
			);
			path = Services;
			sourceTree = "<group>";
		};
		9EC5929C248A526B00DE82ED /* Extensions */ = {
			isa = PBXGroup;
			children = (
				9EC5929D248A529F00DE82ED /* Results+rx.swift */,
				9EFF93BB2484FDDC0077683D /* URL+replacingLastPathComponent.swift */,
			);
			path = Extensions;
			sourceTree = "<group>";
		};
		9EF67A8F2498924000AE942C /* ArtistDescription */ = {
			isa = PBXGroup;
			children = (
				9EF67A902498925500AE942C /* View */,
				9EF67A932498926C00AE942C /* ViewModel */,
			);
			path = ArtistDescription;
			sourceTree = "<group>";
		};
		9EF67A902498925500AE942C /* View */ = {
			isa = PBXGroup;
			children = (
				9EF67A94249893B400AE942C /* ArtistDescriptionViewController.storyboard */,
				9EF67A8B24988CD100AE942C /* ArtistDescriptionViewController.swift */,
			);
			path = View;
			sourceTree = "<group>";
		};
		9EF67A932498926C00AE942C /* ViewModel */ = {
			isa = PBXGroup;
			children = (
				9EF67A912498926700AE942C /* ArtistDescriptionViewModel.swift */,
				9EF67A9624989A4300AE942C /* DefaultArtistDescriptionViewModel.swift */,
			);
			path = ViewModel;
			sourceTree = "<group>";
		};
		9EF67AA22498E30E00AE942C /* ArtistInfoResponse */ = {
			isa = PBXGroup;
			children = (
				9E091B802499F61F00306988 /* Extensions */,
				9EF67AA62498E5AC00AE942C /* ArtistInfoResponse.swift */,
				9EF67AA82498E69600AE942C /* ArtistResponse.swift */,
				9EF67AAA2498E6E200AE942C /* ArtistBioResponse.swift */,
			);
			path = ArtistInfoResponse;
			sourceTree = "<group>";
		};
		9EF67AA32498E31C00AE942C /* ArtistTopAlbumsResponse */ = {
			isa = PBXGroup;
			children = (
				9E091B892499FAD100306988 /* Extensions */,
				9EF67AA42498E5A300AE942C /* ArtistTopAlbumsResponse.swift */,
				9E091B852499F91400306988 /* TopAlbumResponse.swift */,
				9E091B872499FA0300306988 /* TopAlbumArtistResponse.swift */,
			);
			path = ArtistTopAlbumsResponse;
			sourceTree = "<group>";
		};
		9EF67AAE2498E76300AE942C /* Common */ = {
			isa = PBXGroup;
			children = (
				9E4FBE82248FA5C90038BE7B /* ImageResponse.swift */,
				9E4FBE91248FABC40038BE7B /* ImageResponse+asImageUrl.swift */,
			);
			path = Common;
			sourceTree = "<group>";
		};
		9EFF932F2484FD800077683D = {
			isa = PBXGroup;
			children = (
				9EFF935D2484FDDC0077683D /* LastFmClient */,
				9EFF93512484FD820077683D /* LastFmClientTests */,
				9EFF93392484FD800077683D /* Products */,
				321CBB3F1D3C563FB3BD7771 /* Pods */,
				143935F6362679643DB100FF /* Frameworks */,
			);
			sourceTree = "<group>";
		};
		9EFF93392484FD800077683D /* Products */ = {
			isa = PBXGroup;
			children = (
				9EFF93382484FD800077683D /* LastFmClient.app */,
				9EFF934E2484FD820077683D /* LastFmClientTests.xctest */,
			);
			name = Products;
			sourceTree = "<group>";
		};
		9EFF93512484FD820077683D /* LastFmClientTests */ = {
			isa = PBXGroup;
			children = (
				9EFF93522484FD820077683D /* LastFmClientTests.swift */,
				9EFF93542484FD820077683D /* Info.plist */,
			);
			path = LastFmClientTests;
			sourceTree = "<group>";
		};
		9EFF935D2484FDDC0077683D /* LastFmClient */ = {
			isa = PBXGroup;
			children = (
				9E0772FB2487D1EA004E0E36 /* Entities */,
				9EFF93A62484FDDC0077683D /* Core */,
				9EFF935E2484FDDC0077683D /* UI */,
			);
			path = LastFmClient;
			sourceTree = "<group>";
		};
		9EFF935E2484FDDC0077683D /* UI */ = {
			isa = PBXGroup;
			children = (
				9EFF936E2484FDDC0077683D /* Theme */,
				9EFF938F2484FDDC0077683D /* Navigator */,
				9EF67A8F2498924000AE942C /* ArtistDescription */,
				9EFF93832484FDDC0077683D /* HomeScreen */,
				9EFF93752484FDDC0077683D /* ArtistDetails */,
				9EFF93942484FDDC0077683D /* AlbumDetails */,
				9E47C36C249E7A05008F3E2C /* Views */,
				9EFF93692484FDDC0077683D /* Common */,
				9EFF93632484FDDC0077683D /* Extensions */,
				9EFF935F2484FDDC0077683D /* Resources */,
			);
			path = UI;
			sourceTree = "<group>";
		};
		9EFF935F2484FDDC0077683D /* Resources */ = {
			isa = PBXGroup;
			children = (
				9EFF93612484FDDC0077683D /* LaunchScreen.storyboard */,
				9EFF93602484FDDC0077683D /* Assets.xcassets */,
			);
			path = Resources;
			sourceTree = "<group>";
		};
		9EFF93632484FDDC0077683D /* Extensions */ = {
			isa = PBXGroup;
			children = (
				9EFF93682484FDDC0077683D /* NibLoadable.swift */,
				9EBCCA2F249B9BAE00A81D79 /* Promise+failed.swift */,
				9EFF93642484FDDC0077683D /* StoryboardLoadable.swift */,
				9EFF93662484FDDC0077683D /* UITableView+registerReusable.swift */,
				9EA2FCF724910CFF00557C69 /* UICollectionView+registerReusable.swift */,
				9EFF93652484FDDC0077683D /* UIColor+hex.swift */,
			);
			path = Extensions;
			sourceTree = "<group>";
		};
		9EFF93692484FDDC0077683D /* Common */ = {
			isa = PBXGroup;
			children = (
				9EFF936A2484FDDC0077683D /* HudOverlay.swift */,
				9E4FBEA02490CD810038BE7B /* TypeIdentifiable.swift */,
				9E4A1D152492B1B90041DDB4 /* Collection+safeIndex.swift */,
			);
			path = Common;
			sourceTree = "<group>";
		};
		9EFF936E2484FDDC0077683D /* Theme */ = {
			isa = PBXGroup;
			children = (
				9EFF93742484FDDC0077683D /* Theme.swift */,
				9EFF93732484FDDC0077683D /* ColorPalette.swift */,
				9EFF936F2484FDDC0077683D /* FontSet.swift */,
				9EFF93712484FDDC0077683D /* DefaultTheme.swift */,
				9EFF93702484FDDC0077683D /* DefaultColorPalette.swift */,
				9EFF93722484FDDC0077683D /* DefaultFontSet.swift */,
				9EF67A6F2497A13500AE942C /* EmptyTheme.swift */,
			);
			path = Theme;
			sourceTree = "<group>";
		};
		9EFF93752484FDDC0077683D /* ArtistDetails */ = {
			isa = PBXGroup;
			children = (
				9EFF937C2484FDDC0077683D /* View */,
				9EFF93762484FDDC0077683D /* ViewModel */,
			);
			path = ArtistDetails;
			sourceTree = "<group>";
		};
		9EFF93762484FDDC0077683D /* ViewModel */ = {
			isa = PBXGroup;
			children = (
				9EFF93772484FDDC0077683D /* ArtistDetailsViewModel.swift */,
				9EFF93792484FDDC0077683D /* DefaultArtistDetailsViewModel.swift */,
			);
			path = ViewModel;
			sourceTree = "<group>";
		};
		9EFF937C2484FDDC0077683D /* View */ = {
			isa = PBXGroup;
			children = (
				9EFF937E2484FDDC0077683D /* ArtistDetailsViewController.storyboard */,
				9EFF93802484FDDC0077683D /* ArtistDetailsViewController.swift */,
				9EF67A7A2497F2E400AE942C /* ArtistDetailsViewSection.swift */,
				9EF67A982498A51C00AE942C /* ArtistDetailsCellView+TypeIdentifiable.swift */,
			);
			path = View;
			sourceTree = "<group>";
		};
		9EFF93832484FDDC0077683D /* HomeScreen */ = {
			isa = PBXGroup;
			children = (
				9EFF93892484FDDC0077683D /* View */,
				9EFF93842484FDDC0077683D /* ViewModel */,
			);
			path = HomeScreen;
			sourceTree = "<group>";
		};
		9EFF93842484FDDC0077683D /* ViewModel */ = {
			isa = PBXGroup;
			children = (
				9EFF93852484FDDC0077683D /* HomeScreenViewModel.swift */,
				9E873E0E24868AE400EE8964 /* DefaultHomeScreenViewModel.swift */,
			);
			path = ViewModel;
			sourceTree = "<group>";
		};
		9EFF93892484FDDC0077683D /* View */ = {
			isa = PBXGroup;
			children = (
				9EFF938B2484FDDC0077683D /* HomeScreenViewController.storyboard */,
				9EFF938E2484FDDC0077683D /* HomeScreenViewController.swift */,
				9EAB1FBE2491035E0074B04D /* HomeScreenSection.swift */,
				9EA7F4872493941900AAE143 /* AlbumCardViewCell+TypeIdentifiable.swift */,
				9EA7F4892493945700AAE143 /* SearchTableCellView.swift */,
				9EEE182D249B6026008063F6 /* AlbumCardHashableWrapper.swift */,
			);
			path = View;
			sourceTree = "<group>";
		};
		9EFF938F2484FDDC0077683D /* Navigator */ = {
			isa = PBXGroup;
			children = (
				9EFF93932484FDDC0077683D /* Navigator.swift */,
				9EFF93922484FDDC0077683D /* ViewControllerFactory.swift */,
				9EFF93912484FDDC0077683D /* SceneNavigator.swift */,
				9EFF93902484FDDC0077683D /* DependencyContainer.swift */,
			);
			path = Navigator;
			sourceTree = "<group>";
		};
		9EFF93942484FDDC0077683D /* AlbumDetails */ = {
			isa = PBXGroup;
			children = (
				9EFF939D2484FDDC0077683D /* View */,
				9EFF93952484FDDC0077683D /* ViewModel */,
			);
			path = AlbumDetails;
			sourceTree = "<group>";
		};
		9EFF93952484FDDC0077683D /* ViewModel */ = {
			isa = PBXGroup;
			children = (
				9E744819249FA12F00158E7A /* AlbumDetailsViewModel.swift */,
				9EFF93992484FDDC0077683D /* DefaultAlbumDetailsViewModel.swift */,
				9EFF93982484FDDC0077683D /* AlbumDetailsTrackCellViewModel.swift */,
				9E74481B249FA15600158E7A /* DefaultAlbumDetailsTrackCellViewModel.swift */,
			);
			path = ViewModel;
			sourceTree = "<group>";
		};
		9EFF939D2484FDDC0077683D /* View */ = {
			isa = PBXGroup;
			children = (
				9EFF93A22484FDDC0077683D /* AlbumDetailsViewController.storyboard */,
				9EFF93A52484FDDC0077683D /* AlbumDetailsViewController.swift */,
				9E37255524A1006800C70A5A /* AlbumDetailsViewSection.swift */,
				9EFF93A12484FDDC0077683D /* AlbumDetailsAlbumCellView.xib */,
				9EFF93A42484FDDC0077683D /* AlbumDetailsAlbumCellView.swift */,
				9EFF93A02484FDDC0077683D /* AlbumDetailsTrackCellView.xib */,
				9EFF93A32484FDDC0077683D /* AlbumDetailsTrackCellView.swift */,
				9EFF939E2484FDDC0077683D /* AlbumDetailsStoreCellView.xib */,
				9EFF939F2484FDDC0077683D /* AlbumDetailsStoreCellView.swift */,
			);
			path = View;
			sourceTree = "<group>";
		};
		9EFF93A62484FDDC0077683D /* Core */ = {
			isa = PBXGroup;
			children = (
				9EFF93BC2484FDDC0077683D /* Application */,
				9EFF93AD2484FDDC0077683D /* Network */,
				9EFF93A72484FDDC0077683D /* Database */,
			);
			path = Core;
			sourceTree = "<group>";
		};
		9EFF93A72484FDDC0077683D /* Database */ = {
			isa = PBXGroup;
			children = (
				9EAAAAE72486494B000F4F4E /* Services */,
				9E4FBE95248FDEDD0038BE7B /* RealmDatabaseService */,
				9EFF93AA2484FDDC0077683D /* Model */,
				9EC5929C248A526B00DE82ED /* Extensions */,
			);
			path = Database;
			sourceTree = "<group>";
		};
		9EFF93AA2484FDDC0077683D /* Model */ = {
			isa = PBXGroup;
			children = (
				9EFF93AC2484FDDC0077683D /* AlbumObject.swift */,
				9E0773062487EA2B004E0E36 /* ImageUrlObject.swift */,
				9E0F139C248A3CAB00A46DFA /* TrackObject.swift */,
				9EA2FCFC2491533100557C69 /* ImageSizeObject.swift */,
				9EA7F49C2494D57C00AAE143 /* ArtistSearchItemObject.swift */,
			);
			path = Model;
			sourceTree = "<group>";
		};
		9EFF93AD2484FDDC0077683D /* Network */ = {
			isa = PBXGroup;
			children = (
				9E68E872248E434400CEB3BB /* Services */,
				9E4FBE9A248FED340038BE7B /* AlamofireNetworkService */,
				9EFF93B22484FDDC0077683D /* Requests */,
				9EFF93AF2484FDDC0077683D /* Responses */,
				9E4FBE7D248F864A0038BE7B /* Helpers */,
			);
			path = Network;
			sourceTree = "<group>";
		};
		9EFF93AF2484FDDC0077683D /* Responses */ = {
			isa = PBXGroup;
			children = (
				9EF67AAE2498E76300AE942C /* Common */,
				9EA7F48F2493C74B00AAE143 /* AlbumResponse */,
				9EA7F4902493C78300AAE143 /* ArtistSearchResponse */,
				9EF67AA22498E30E00AE942C /* ArtistInfoResponse */,
				9EF67AA32498E31C00AE942C /* ArtistTopAlbumsResponse */,
			);
			path = Responses;
			sourceTree = "<group>";
		};
		9EFF93B22484FDDC0077683D /* Requests */ = {
			isa = PBXGroup;
			children = (
				9EFF93B72484FDDC0077683D /* Endpoint.swift */,
				9EFF93B42484FDDC0077683D /* LastFmEndpoint.swift */,
				9EFF93B32484FDDC0077683D /* AlbumRequest.swift */,
				9EA7F48B2493BFF000AAE143 /* ArtistRequest.swift */,
			);
			path = Requests;
			sourceTree = "<group>";
		};
		9EFF93BC2484FDDC0077683D /* Application */ = {
			isa = PBXGroup;
			children = (
				9EFF93BD2484FDDC0077683D /* ApplicationMain.swift */,
				9EFF93BA2484FDDC0077683D /* Bundle+infoPlistValues.swift */,
				9EFF93BE2484FDDC0077683D /* Info.plist */,
			);
			path = Application;
			sourceTree = "<group>";
		};
/* End PBXGroup section */

/* Begin PBXNativeTarget section */
		9EFF93372484FD800077683D /* LastFmClient */ = {
			isa = PBXNativeTarget;
			buildConfigurationList = 9EFF93572484FD820077683D /* Build configuration list for PBXNativeTarget "LastFmClient" */;
			buildPhases = (
				9BF93BED2F241C79DDF3FF19 /* [CP] Check Pods Manifest.lock */,
				9EE3209324850A6900E6F0CC /* Swiftlint */,
				9EFF93342484FD800077683D /* Sources */,
				9EFF93352484FD800077683D /* Frameworks */,
				9EFF93362484FD800077683D /* Resources */,
				3254C3079EC7E1E2D5F6EBD4 /* [CP] Embed Pods Frameworks */,
			);
			buildRules = (
			);
			dependencies = (
			);
			name = LastFmClient;
			productName = LastFmClient;
			productReference = 9EFF93382484FD800077683D /* LastFmClient.app */;
			productType = "com.apple.product-type.application";
		};
		9EFF934D2484FD820077683D /* LastFmClientTests */ = {
			isa = PBXNativeTarget;
			buildConfigurationList = 9EFF935A2484FD820077683D /* Build configuration list for PBXNativeTarget "LastFmClientTests" */;
			buildPhases = (
				D6D66C693C36CFAA2B2B1F99 /* [CP] Check Pods Manifest.lock */,
				9EFF934A2484FD820077683D /* Sources */,
				9EFF934B2484FD820077683D /* Frameworks */,
				9EFF934C2484FD820077683D /* Resources */,
			);
			buildRules = (
			);
			dependencies = (
				9EFF93502484FD820077683D /* PBXTargetDependency */,
			);
			name = LastFmClientTests;
			productName = LastFmClientTests;
			productReference = 9EFF934E2484FD820077683D /* LastFmClientTests.xctest */;
			productType = "com.apple.product-type.bundle.unit-test";
		};
/* End PBXNativeTarget section */

/* Begin PBXProject section */
		9EFF93302484FD800077683D /* Project object */ = {
			isa = PBXProject;
			attributes = {
				LastSwiftUpdateCheck = 1130;
				LastUpgradeCheck = 1130;
				ORGANIZATIONNAME = "Yauheni Lychkouski";
				TargetAttributes = {
					9EFF93372484FD800077683D = {
						CreatedOnToolsVersion = 11.3.1;
					};
					9EFF934D2484FD820077683D = {
						CreatedOnToolsVersion = 11.3.1;
						TestTargetID = 9EFF93372484FD800077683D;
					};
				};
			};
			buildConfigurationList = 9EFF93332484FD800077683D /* Build configuration list for PBXProject "LastFmClient" */;
			compatibilityVersion = "Xcode 9.3";
			developmentRegion = en;
			hasScannedForEncodings = 0;
			knownRegions = (
				en,
				Base,
			);
			mainGroup = 9EFF932F2484FD800077683D;
			productRefGroup = 9EFF93392484FD800077683D /* Products */;
			projectDirPath = "";
			projectRoot = "";
			targets = (
				9EFF93372484FD800077683D /* LastFmClient */,
				9EFF934D2484FD820077683D /* LastFmClientTests */,
			);
		};
/* End PBXProject section */

/* Begin PBXResourcesBuildPhase section */
		9EFF93362484FD800077683D /* Resources */ = {
			isa = PBXResourcesBuildPhase;
			buildActionMask = 2147483647;
			files = (
				9E0C5E4C249FB5F40023E1DD /* NetworkErrorOverlayView.xib in Resources */,
				9E60275E249FBE2C00E7C2A5 /* HudOverlayView.xib in Resources */,
				9EF67A9C2498C0FC00AE942C /* ArtistDetailsViewController.storyboard in Resources */,
				9E47C394249E7A05008F3E2C /* ArtistDetailsCellView.xib in Resources */,
				9EFF93BF2484FDDC0077683D /* Assets.xcassets in Resources */,
				9E9419C0249E7E0C0065E9DC /* AlbumView.xib in Resources */,
				9EFF93C02484FDDC0077683D /* LaunchScreen.storyboard in Resources */,
				9E37254224A0D4BE00C70A5A /* AlbumDetailsViewController.storyboard in Resources */,
				9EF67A95249893B400AE942C /* ArtistDescriptionViewController.storyboard in Resources */,
				9E37254624A0D4BE00C70A5A /* AlbumDetailsTrackCellView.xib in Resources */,
				9E47C397249E7A05008F3E2C /* AlbumCardViewCell.xib in Resources */,
				9E37254424A0D4BE00C70A5A /* AlbumDetailsAlbumCellView.xib in Resources */,
				9E37254824A0D4BE00C70A5A /* AlbumDetailsStoreCellView.xib in Resources */,
				9EFF93DD2484FDDC0077683D /* HomeScreenViewController.storyboard in Resources */,
			);
			runOnlyForDeploymentPostprocessing = 0;
		};
		9EFF934C2484FD820077683D /* Resources */ = {
			isa = PBXResourcesBuildPhase;
			buildActionMask = 2147483647;
			files = (
			);
			runOnlyForDeploymentPostprocessing = 0;
		};
/* End PBXResourcesBuildPhase section */

/* Begin PBXShellScriptBuildPhase section */
		3254C3079EC7E1E2D5F6EBD4 /* [CP] Embed Pods Frameworks */ = {
			isa = PBXShellScriptBuildPhase;
			buildActionMask = 2147483647;
			files = (
			);
			inputFileListPaths = (
				"${PODS_ROOT}/Target Support Files/Pods-LastFmClient/Pods-LastFmClient-frameworks-${CONFIGURATION}-input-files.xcfilelist",
			);
			name = "[CP] Embed Pods Frameworks";
			outputFileListPaths = (
				"${PODS_ROOT}/Target Support Files/Pods-LastFmClient/Pods-LastFmClient-frameworks-${CONFIGURATION}-output-files.xcfilelist",
			);
			runOnlyForDeploymentPostprocessing = 0;
			shellPath = /bin/sh;
			shellScript = "\"${PODS_ROOT}/Target Support Files/Pods-LastFmClient/Pods-LastFmClient-frameworks.sh\"\n";
			showEnvVarsInLog = 0;
		};
		9BF93BED2F241C79DDF3FF19 /* [CP] Check Pods Manifest.lock */ = {
			isa = PBXShellScriptBuildPhase;
			buildActionMask = 2147483647;
			files = (
			);
			inputFileListPaths = (
			);
			inputPaths = (
				"${PODS_PODFILE_DIR_PATH}/Podfile.lock",
				"${PODS_ROOT}/Manifest.lock",
			);
			name = "[CP] Check Pods Manifest.lock";
			outputFileListPaths = (
			);
			outputPaths = (
				"$(DERIVED_FILE_DIR)/Pods-LastFmClient-checkManifestLockResult.txt",
			);
			runOnlyForDeploymentPostprocessing = 0;
			shellPath = /bin/sh;
			shellScript = "diff \"${PODS_PODFILE_DIR_PATH}/Podfile.lock\" \"${PODS_ROOT}/Manifest.lock\" > /dev/null\nif [ $? != 0 ] ; then\n    # print error to STDERR\n    echo \"error: The sandbox is not in sync with the Podfile.lock. Run 'pod install' or update your CocoaPods installation.\" >&2\n    exit 1\nfi\n# This output is used by Xcode 'outputs' to avoid re-running this script phase.\necho \"SUCCESS\" > \"${SCRIPT_OUTPUT_FILE_0}\"\n";
			showEnvVarsInLog = 0;
		};
		9EE3209324850A6900E6F0CC /* Swiftlint */ = {
			isa = PBXShellScriptBuildPhase;
			buildActionMask = 2147483647;
			files = (
			);
			inputFileListPaths = (
			);
			inputPaths = (
			);
			name = Swiftlint;
			outputFileListPaths = (
			);
			outputPaths = (
			);
			runOnlyForDeploymentPostprocessing = 0;
			shellPath = /bin/sh;
			shellScript = "\"${PODS_ROOT}/SwiftLint/swiftlint\"\n";
		};
		D6D66C693C36CFAA2B2B1F99 /* [CP] Check Pods Manifest.lock */ = {
			isa = PBXShellScriptBuildPhase;
			buildActionMask = 2147483647;
			files = (
			);
			inputFileListPaths = (
			);
			inputPaths = (
				"${PODS_PODFILE_DIR_PATH}/Podfile.lock",
				"${PODS_ROOT}/Manifest.lock",
			);
			name = "[CP] Check Pods Manifest.lock";
			outputFileListPaths = (
			);
			outputPaths = (
				"$(DERIVED_FILE_DIR)/Pods-LastFmClientTests-checkManifestLockResult.txt",
			);
			runOnlyForDeploymentPostprocessing = 0;
			shellPath = /bin/sh;
			shellScript = "diff \"${PODS_PODFILE_DIR_PATH}/Podfile.lock\" \"${PODS_ROOT}/Manifest.lock\" > /dev/null\nif [ $? != 0 ] ; then\n    # print error to STDERR\n    echo \"error: The sandbox is not in sync with the Podfile.lock. Run 'pod install' or update your CocoaPods installation.\" >&2\n    exit 1\nfi\n# This output is used by Xcode 'outputs' to avoid re-running this script phase.\necho \"SUCCESS\" > \"${SCRIPT_OUTPUT_FILE_0}\"\n";
			showEnvVarsInLog = 0;
		};
/* End PBXShellScriptBuildPhase section */

/* Begin PBXSourcesBuildPhase section */
		9EFF93342484FD800077683D /* Sources */ = {
			isa = PBXSourcesBuildPhase;
			buildActionMask = 2147483647;
			files = (
				9E9419C5249F89D40065E9DC /* DefaultAlbumCardViewModel.swift in Sources */,
				9EFF93C62484FDDC0077683D /* HudOverlay.swift in Sources */,
				9E37254324A0D4BE00C70A5A /* AlbumDetailsViewController.swift in Sources */,
				9EF67A922498926700AE942C /* ArtistDescriptionViewModel.swift in Sources */,
				9EBCCA30249B9BAE00A81D79 /* Promise+failed.swift in Sources */,
				9EFF93C32484FDDC0077683D /* UITableView+registerReusable.swift in Sources */,
				9E0773032487D7D3004E0E36 /* ArtistBio.swift in Sources */,
				9E9419C3249F894C0065E9DC /* AlbumCardViewModel.swift in Sources */,
				9E37254924A0D4BE00C70A5A /* AlbumDetailsStoreCellView.swift in Sources */,
				9EFF93C92484FDDC0077683D /* FontSet.swift in Sources */,
				9E68E874248E436800CEB3BB /* AlamofireNetworkService.swift in Sources */,
				9E68E876248E445A00CEB3BB /* TrackResponse.swift in Sources */,
				9E873E0F24868AE400EE8964 /* DefaultHomeScreenViewModel.swift in Sources */,
				9EFF93F32484FDDC0077683D /* RealmDatabaseService.swift in Sources */,
				9E4FBE87248FAA9E0038BE7B /* TrackRankResponse.swift in Sources */,
				9EFF93FC2484FDDC0077683D /* Endpoint.swift in Sources */,
				9EA7F49B2494D1F700AAE143 /* ArtistSearchHistoryService.swift in Sources */,
				9EA7F4992493E08A00AAE143 /* ArtistSearchService.swift in Sources */,
				9EF67AAB2498E6E200AE942C /* ArtistBioResponse.swift in Sources */,
				9E091B822499F63200306988 /* ArtistInfoResponse+asArtist.swift in Sources */,
				9E091B91249A264500306988 /* ArtistSearchResponse+searchItems.swift in Sources */,
				9E9419BF249E7E0C0065E9DC /* AlbumView.swift in Sources */,
				9E0772FD2487D217004E0E36 /* Track.swift in Sources */,
				9E4FBE85248FA5F00038BE7B /* AlbumTracksResponse.swift in Sources */,
				9E4FBE8E248FAB500038BE7B /* AlbumResponse+asAlbum.swift in Sources */,
				9EFF93CE2484FDDC0077683D /* Theme.swift in Sources */,
				9EA7F48E2493C73D00AAE143 /* ArtistSearchResponse.swift in Sources */,
				9E60276824A0AFB800E7C2A5 /* NetworkErrorOverlayInteractor.swift in Sources */,
				9EF67A9D2498C0FC00AE942C /* ArtistDetailsViewController.swift in Sources */,
				9EFF93FF2484FDDC0077683D /* URL+replacingLastPathComponent.swift in Sources */,
				9EF67A8324980B6900AE942C /* ArtistDetailsViewModel.swift in Sources */,
				9EA2FCF824910CFF00557C69 /* UICollectionView+registerReusable.swift in Sources */,
				9EA7F48A2493945700AAE143 /* SearchTableCellView.swift in Sources */,
				9EF67A9E2498C0FC00AE942C /* ArtistDetailsViewSection.swift in Sources */,
				9E0773072487EA2B004E0E36 /* ImageUrlObject.swift in Sources */,
				9E37255624A1006800C70A5A /* AlbumDetailsViewSection.swift in Sources */,
				9E9419B9249E7E0C0065E9DC /* DefaultAlbumStoreViewModel.swift in Sources */,
				9EFF93D92484FDDC0077683D /* HomeScreenViewModel.swift in Sources */,
				9EFF93FE2484FDDC0077683D /* Bundle+infoPlistValues.swift in Sources */,
				9E0C5E4A249FB5E50023E1DD /* NetworkErrorOverlayView.swift in Sources */,
				9EFF93E02484FDDC0077683D /* DependencyContainer.swift in Sources */,
				9E37254B24A0D4BE00C70A5A /* AlbumDetailsTrackCellViewModel.swift in Sources */,
				9E0773012487D761004E0E36 /* Artist.swift in Sources */,
				9E60276224A09EFD00E7C2A5 /* UIView+rx+HudOverlay.swift in Sources */,
				9E47C392249E7A05008F3E2C /* ArtistDetailsCellViewModel.swift in Sources */,
				9EF67AA12498E03D00AE942C /* ArtistInfoService.swift in Sources */,
				9EFF93C12484FDDC0077683D /* StoryboardLoadable.swift in Sources */,
				9E9419BD249E7E0C0065E9DC /* AlbumViewModel.swift in Sources */,
				9EFF93CB2484FDDC0077683D /* DefaultTheme.swift in Sources */,
				9E0F139B248955F800A46DFA /* RealmConfiguration+default.swift in Sources */,
				9E4FBE99248FECF20038BE7B /* NetworkService.swift in Sources */,
				9EF67A9F2498C0FC00AE942C /* ArtistDetailsCellView+TypeIdentifiable.swift in Sources */,
				9EF67A8524980B6900AE942C /* DefaultArtistDetailsViewModel.swift in Sources */,
				9E47C391249E7A05008F3E2C /* DefaultArtistDetailsCellViewModel.swift in Sources */,
				9EFF93CA2484FDDC0077683D /* DefaultColorPalette.swift in Sources */,
				9EA7F49D2494D57C00AAE143 /* ArtistSearchItemObject.swift in Sources */,
				9EAAAAF424866976000F4F4E /* AlbumStoreService.swift in Sources */,
				9EFF93C52484FDDC0077683D /* NibLoadable.swift in Sources */,
				9EF67AA72498E5AC00AE942C /* ArtistInfoResponse.swift in Sources */,
				9E47C393249E7A05008F3E2C /* ArtistDetailsCellView.swift in Sources */,
				9E4FBE83248FA5C90038BE7B /* ImageResponse.swift in Sources */,
				9E4FBE90248FAB6C0038BE7B /* TrackResponse+asTrack.swift in Sources */,
				9EA7F4882493941900AAE143 /* AlbumCardViewCell+TypeIdentifiable.swift in Sources */,
				9E4A1D1C24936BBB0041DDB4 /* ArtistSearchItem.swift in Sources */,
				9E091B842499F6C200306988 /* ArtistBioResponse+asArtistBio.swift in Sources */,
				9E4A1D162492B1B90041DDB4 /* Collection+safeIndex.swift in Sources */,
				9E091B8B2499FADF00306988 /* ArtistTopAlbumsResponse+asArtistTopAlbums.swift in Sources */,
				9EA7F4972493DCA900AAE143 /* ArtistSearchItemResponse+asArtistSearchItem.swift in Sources */,
				9E37254A24A0D4BE00C70A5A /* AlbumDetailsViewModel.swift in Sources */,
				9E4FBEA12490CD810038BE7B /* TypeIdentifiable.swift in Sources */,
				9E091B882499FA0300306988 /* TopAlbumArtistResponse.swift in Sources */,
				9EFF93E12484FDDC0077683D /* SceneNavigator.swift in Sources */,
				9EF67A9724989A4300AE942C /* DefaultArtistDescriptionViewModel.swift in Sources */,
				9E4FBE9D248FEDCB0038BE7B /* DatabaseService.swift in Sources */,
				9EFF93F92484FDDC0077683D /* AlbumRequest.swift in Sources */,
				9E37254C24A0D4BE00C70A5A /* DefaultAlbumDetailsViewModel.swift in Sources */,
				9E0F139D248A3CAB00A46DFA /* TrackObject.swift in Sources */,
				9EFF93DF2484FDDC0077683D /* HomeScreenViewController.swift in Sources */,
				9E4FBE89248FAAC90038BE7B /* TrackArtistResponse.swift in Sources */,
				9E602760249FBE3600E7C2A5 /* HudOverlayView.swift in Sources */,
				9E60276B24A0B0FE00E7C2A5 /* DefaultNetworkErrorOverlayInteractor.swift in Sources */,
				9E091B8F2499FD1200306988 /* TopAlbumResponse+asAlbum.swift in Sources */,
				9E47C398249E7A05008F3E2C /* AlbumCardViewCell.swift in Sources */,
				9E0F139724893E6C00A46DFA /* Realm+Default.swift in Sources */,
				9EA7F48C2493BFF000AAE143 /* ArtistRequest.swift in Sources */,
				9EFF93CC2484FDDC0077683D /* DefaultFontSet.swift in Sources */,
				9E37254524A0D4BE00C70A5A /* AlbumDetailsAlbumCellView.swift in Sources */,
				9E37254D24A0D4BE00C70A5A /* DefaultAlbumDetailsTrackCellViewModel.swift in Sources */,
				9E0773052487E194004E0E36 /* ImageSize.swift in Sources */,
				9EF67AA52498E5A300AE942C /* ArtistTopAlbumsResponse.swift in Sources */,
				9EFF94002484FDDC0077683D /* ApplicationMain.swift in Sources */,
				9EF67AA92498E69600AE942C /* ArtistResponse.swift in Sources */,
				9E60276624A0A3FA00E7C2A5 /* UIView+rx+NetworkErrorOverlay.swift in Sources */,
				9E37255824A23FD800C70A5A /* AlbumInfoResponse.swift in Sources */,
				9E4FBE94248FDA090038BE7B /* AlbumInfoService.swift in Sources */,
				9EAB1FBF2491035F0074B04D /* HomeScreenSection.swift in Sources */,
				9E9419BA249E7E0C0065E9DC /* AlbumStoreViewModel.swift in Sources */,
				9EFF93F52484FDDC0077683D /* AlbumObject.swift in Sources */,
				9EFF93FA2484FDDC0077683D /* LastFmEndpoint.swift in Sources */,
				9EFF93E32484FDDC0077683D /* Navigator.swift in Sources */,
				9E4FBE7F248F86610038BE7B /* URLBuilder.swift in Sources */,
				9EC5929E248A529F00DE82ED /* Results+rx.swift in Sources */,
				9E091B862499F91400306988 /* TopAlbumResponse.swift in Sources */,
				9E4FBE81248FA5AC0038BE7B /* AlbumResponse.swift in Sources */,
				9EF67A702497A13500AE942C /* EmptyTheme.swift in Sources */,
				9EFF93E22484FDDC0077683D /* ViewControllerFactory.swift in Sources */,
				9EF67A8C24988CD100AE942C /* ArtistDescriptionViewController.swift in Sources */,
				9EFF93C22484FDDC0077683D /* UIColor+hex.swift in Sources */,
				9E9419BE249E7E0C0065E9DC /* DefaultAlbumViewModel.swift in Sources */,
				9E37254724A0D4BE00C70A5A /* AlbumDetailsTrackCellView.swift in Sources */,
				9E4FBE92248FABC40038BE7B /* ImageResponse+asImageUrl.swift in Sources */,
				9EAAAAEC2486494C000F4F4E /* Album.swift in Sources */,
				9EA7F4922493DBEF00AAE143 /* ArtistSearchItemResponse.swift in Sources */,
				9EFF93CD2484FDDC0077683D /* ColorPalette.swift in Sources */,
				9EAAAAF2248663DF000F4F4E /* ImageDownloadService.swift in Sources */,
				9EA2FCFD2491533200557C69 /* ImageSizeObject.swift in Sources */,
				9EEE182E249B6026008063F6 /* AlbumCardHashableWrapper.swift in Sources */,
			);
			runOnlyForDeploymentPostprocessing = 0;
		};
		9EFF934A2484FD820077683D /* Sources */ = {
			isa = PBXSourcesBuildPhase;
			buildActionMask = 2147483647;
			files = (
				9EFF93532484FD820077683D /* LastFmClientTests.swift in Sources */,
			);
			runOnlyForDeploymentPostprocessing = 0;
		};
/* End PBXSourcesBuildPhase section */

/* Begin PBXTargetDependency section */
		9EFF93502484FD820077683D /* PBXTargetDependency */ = {
			isa = PBXTargetDependency;
			target = 9EFF93372484FD800077683D /* LastFmClient */;
			targetProxy = 9EFF934F2484FD820077683D /* PBXContainerItemProxy */;
		};
/* End PBXTargetDependency section */

/* Begin PBXVariantGroup section */
		9EFF93612484FDDC0077683D /* LaunchScreen.storyboard */ = {
			isa = PBXVariantGroup;
			children = (
				9EFF93622484FDDC0077683D /* Base */,
			);
			name = LaunchScreen.storyboard;
			sourceTree = "<group>";
		};
		9EFF938B2484FDDC0077683D /* HomeScreenViewController.storyboard */ = {
			isa = PBXVariantGroup;
			children = (
				9EFF938C2484FDDC0077683D /* Base */,
			);
			name = HomeScreenViewController.storyboard;
			sourceTree = "<group>";
		};
/* End PBXVariantGroup section */

/* Begin XCBuildConfiguration section */
		9EFF93552484FD820077683D /* Debug */ = {
			isa = XCBuildConfiguration;
			buildSettings = {
				ALWAYS_SEARCH_USER_PATHS = NO;
				CLANG_ANALYZER_NONNULL = YES;
				CLANG_ANALYZER_NUMBER_OBJECT_CONVERSION = YES_AGGRESSIVE;
				CLANG_CXX_LANGUAGE_STANDARD = "gnu++14";
				CLANG_CXX_LIBRARY = "libc++";
				CLANG_ENABLE_MODULES = YES;
				CLANG_ENABLE_OBJC_ARC = YES;
				CLANG_ENABLE_OBJC_WEAK = YES;
				CLANG_WARN_BLOCK_CAPTURE_AUTORELEASING = YES;
				CLANG_WARN_BOOL_CONVERSION = YES;
				CLANG_WARN_COMMA = YES;
				CLANG_WARN_CONSTANT_CONVERSION = YES;
				CLANG_WARN_DEPRECATED_OBJC_IMPLEMENTATIONS = YES;
				CLANG_WARN_DIRECT_OBJC_ISA_USAGE = YES_ERROR;
				CLANG_WARN_DOCUMENTATION_COMMENTS = YES;
				CLANG_WARN_EMPTY_BODY = YES;
				CLANG_WARN_ENUM_CONVERSION = YES;
				CLANG_WARN_INFINITE_RECURSION = YES;
				CLANG_WARN_INT_CONVERSION = YES;
				CLANG_WARN_NON_LITERAL_NULL_CONVERSION = YES;
				CLANG_WARN_OBJC_IMPLICIT_RETAIN_SELF = YES;
				CLANG_WARN_OBJC_LITERAL_CONVERSION = YES;
				CLANG_WARN_OBJC_ROOT_CLASS = YES_ERROR;
				CLANG_WARN_RANGE_LOOP_ANALYSIS = YES;
				CLANG_WARN_STRICT_PROTOTYPES = YES;
				CLANG_WARN_SUSPICIOUS_MOVE = YES;
				CLANG_WARN_UNGUARDED_AVAILABILITY = YES_AGGRESSIVE;
				CLANG_WARN_UNREACHABLE_CODE = YES;
				CLANG_WARN__DUPLICATE_METHOD_MATCH = YES;
				COPY_PHASE_STRIP = NO;
				DEBUG_INFORMATION_FORMAT = dwarf;
				ENABLE_STRICT_OBJC_MSGSEND = YES;
				ENABLE_TESTABILITY = YES;
				GCC_C_LANGUAGE_STANDARD = gnu11;
				GCC_DYNAMIC_NO_PIC = NO;
				GCC_NO_COMMON_BLOCKS = YES;
				GCC_OPTIMIZATION_LEVEL = 0;
				GCC_PREPROCESSOR_DEFINITIONS = (
					"DEBUG=1",
					"$(inherited)",
				);
				GCC_WARN_64_TO_32_BIT_CONVERSION = YES;
				GCC_WARN_ABOUT_RETURN_TYPE = YES_ERROR;
				GCC_WARN_UNDECLARED_SELECTOR = YES;
				GCC_WARN_UNINITIALIZED_AUTOS = YES_AGGRESSIVE;
				GCC_WARN_UNUSED_FUNCTION = YES;
				GCC_WARN_UNUSED_VARIABLE = YES;
				IPHONEOS_DEPLOYMENT_TARGET = 13.0;
				MTL_ENABLE_DEBUG_INFO = INCLUDE_SOURCE;
				MTL_FAST_MATH = YES;
				ONLY_ACTIVE_ARCH = YES;
				SDKROOT = iphoneos;
				SWIFT_ACTIVE_COMPILATION_CONDITIONS = DEBUG;
				SWIFT_OPTIMIZATION_LEVEL = "-Onone";
			};
			name = Debug;
		};
		9EFF93562484FD820077683D /* Release */ = {
			isa = XCBuildConfiguration;
			buildSettings = {
				ALWAYS_SEARCH_USER_PATHS = NO;
				CLANG_ANALYZER_NONNULL = YES;
				CLANG_ANALYZER_NUMBER_OBJECT_CONVERSION = YES_AGGRESSIVE;
				CLANG_CXX_LANGUAGE_STANDARD = "gnu++14";
				CLANG_CXX_LIBRARY = "libc++";
				CLANG_ENABLE_MODULES = YES;
				CLANG_ENABLE_OBJC_ARC = YES;
				CLANG_ENABLE_OBJC_WEAK = YES;
				CLANG_WARN_BLOCK_CAPTURE_AUTORELEASING = YES;
				CLANG_WARN_BOOL_CONVERSION = YES;
				CLANG_WARN_COMMA = YES;
				CLANG_WARN_CONSTANT_CONVERSION = YES;
				CLANG_WARN_DEPRECATED_OBJC_IMPLEMENTATIONS = YES;
				CLANG_WARN_DIRECT_OBJC_ISA_USAGE = YES_ERROR;
				CLANG_WARN_DOCUMENTATION_COMMENTS = YES;
				CLANG_WARN_EMPTY_BODY = YES;
				CLANG_WARN_ENUM_CONVERSION = YES;
				CLANG_WARN_INFINITE_RECURSION = YES;
				CLANG_WARN_INT_CONVERSION = YES;
				CLANG_WARN_NON_LITERAL_NULL_CONVERSION = YES;
				CLANG_WARN_OBJC_IMPLICIT_RETAIN_SELF = YES;
				CLANG_WARN_OBJC_LITERAL_CONVERSION = YES;
				CLANG_WARN_OBJC_ROOT_CLASS = YES_ERROR;
				CLANG_WARN_RANGE_LOOP_ANALYSIS = YES;
				CLANG_WARN_STRICT_PROTOTYPES = YES;
				CLANG_WARN_SUSPICIOUS_MOVE = YES;
				CLANG_WARN_UNGUARDED_AVAILABILITY = YES_AGGRESSIVE;
				CLANG_WARN_UNREACHABLE_CODE = YES;
				CLANG_WARN__DUPLICATE_METHOD_MATCH = YES;
				COPY_PHASE_STRIP = NO;
				DEBUG_INFORMATION_FORMAT = "dwarf-with-dsym";
				ENABLE_NS_ASSERTIONS = NO;
				ENABLE_STRICT_OBJC_MSGSEND = YES;
				GCC_C_LANGUAGE_STANDARD = gnu11;
				GCC_NO_COMMON_BLOCKS = YES;
				GCC_WARN_64_TO_32_BIT_CONVERSION = YES;
				GCC_WARN_ABOUT_RETURN_TYPE = YES_ERROR;
				GCC_WARN_UNDECLARED_SELECTOR = YES;
				GCC_WARN_UNINITIALIZED_AUTOS = YES_AGGRESSIVE;
				GCC_WARN_UNUSED_FUNCTION = YES;
				GCC_WARN_UNUSED_VARIABLE = YES;
				IPHONEOS_DEPLOYMENT_TARGET = 13.0;
				MTL_ENABLE_DEBUG_INFO = NO;
				MTL_FAST_MATH = YES;
				SDKROOT = iphoneos;
				SWIFT_COMPILATION_MODE = wholemodule;
				SWIFT_OPTIMIZATION_LEVEL = "-O";
				VALIDATE_PRODUCT = YES;
			};
			name = Release;
		};
		9EFF93582484FD820077683D /* Debug */ = {
			isa = XCBuildConfiguration;
			baseConfigurationReference = 9841F97FC78D96D08958604F /* Pods-LastFmClient.debug.xcconfig */;
			buildSettings = {
				ASSETCATALOG_COMPILER_APPICON_NAME = AppIcon;
				CODE_SIGN_STYLE = Automatic;
				DEVELOPMENT_TEAM = 7RAKKNJU4B;
				INFOPLIST_FILE = "$(SRCROOT)/LastFmClient/Core/Application/Info.plist";
				LD_RUNPATH_SEARCH_PATHS = (
					"$(inherited)",
					"@executable_path/Frameworks",
				);
				PRODUCT_BUNDLE_IDENTIFIER = com.ylychkouski.LastFmClient;
				PRODUCT_NAME = "$(TARGET_NAME)";
				SWIFT_VERSION = 5.0;
				TARGETED_DEVICE_FAMILY = "1,2";
			};
			name = Debug;
		};
		9EFF93592484FD820077683D /* Release */ = {
			isa = XCBuildConfiguration;
			baseConfigurationReference = 038929807BCD192EA8F024CC /* Pods-LastFmClient.release.xcconfig */;
			buildSettings = {
				ASSETCATALOG_COMPILER_APPICON_NAME = AppIcon;
				CODE_SIGN_STYLE = Automatic;
				DEVELOPMENT_TEAM = 7RAKKNJU4B;
				INFOPLIST_FILE = "$(SRCROOT)/LastFmClient/Core/Application/Info.plist";
				LD_RUNPATH_SEARCH_PATHS = (
					"$(inherited)",
					"@executable_path/Frameworks",
				);
				PRODUCT_BUNDLE_IDENTIFIER = com.ylychkouski.LastFmClient;
				PRODUCT_NAME = "$(TARGET_NAME)";
				SWIFT_VERSION = 5.0;
				TARGETED_DEVICE_FAMILY = "1,2";
			};
			name = Release;
		};
		9EFF935B2484FD820077683D /* Debug */ = {
			isa = XCBuildConfiguration;
			baseConfigurationReference = 99D1994EEF62ED21E96146AF /* Pods-LastFmClientTests.debug.xcconfig */;
			buildSettings = {
				ALWAYS_EMBED_SWIFT_STANDARD_LIBRARIES = YES;
				BUNDLE_LOADER = "$(TEST_HOST)";
				CODE_SIGN_STYLE = Automatic;
				DEVELOPMENT_TEAM = 7RAKKNJU4B;
				INFOPLIST_FILE = LastFmClientTests/Info.plist;
				IPHONEOS_DEPLOYMENT_TARGET = 13.2;
				LD_RUNPATH_SEARCH_PATHS = (
					"$(inherited)",
					"@executable_path/Frameworks",
					"@loader_path/Frameworks",
				);
				PRODUCT_BUNDLE_IDENTIFIER = com.ylychkouski.LastFmClientTests;
				PRODUCT_NAME = "$(TARGET_NAME)";
				SWIFT_VERSION = 5.0;
				TARGETED_DEVICE_FAMILY = "1,2";
				TEST_HOST = "$(BUILT_PRODUCTS_DIR)/LastFmClient.app/LastFmClient";
			};
			name = Debug;
		};
		9EFF935C2484FD820077683D /* Release */ = {
			isa = XCBuildConfiguration;
			baseConfigurationReference = 56889597D43859CF67B61D00 /* Pods-LastFmClientTests.release.xcconfig */;
			buildSettings = {
				ALWAYS_EMBED_SWIFT_STANDARD_LIBRARIES = YES;
				BUNDLE_LOADER = "$(TEST_HOST)";
				CODE_SIGN_STYLE = Automatic;
				DEVELOPMENT_TEAM = 7RAKKNJU4B;
				INFOPLIST_FILE = LastFmClientTests/Info.plist;
				IPHONEOS_DEPLOYMENT_TARGET = 13.2;
				LD_RUNPATH_SEARCH_PATHS = (
					"$(inherited)",
					"@executable_path/Frameworks",
					"@loader_path/Frameworks",
				);
				PRODUCT_BUNDLE_IDENTIFIER = com.ylychkouski.LastFmClientTests;
				PRODUCT_NAME = "$(TARGET_NAME)";
				SWIFT_VERSION = 5.0;
				TARGETED_DEVICE_FAMILY = "1,2";
				TEST_HOST = "$(BUILT_PRODUCTS_DIR)/LastFmClient.app/LastFmClient";
			};
			name = Release;
		};
/* End XCBuildConfiguration section */

/* Begin XCConfigurationList section */
		9EFF93332484FD800077683D /* Build configuration list for PBXProject "LastFmClient" */ = {
			isa = XCConfigurationList;
			buildConfigurations = (
				9EFF93552484FD820077683D /* Debug */,
				9EFF93562484FD820077683D /* Release */,
			);
			defaultConfigurationIsVisible = 0;
			defaultConfigurationName = Release;
		};
		9EFF93572484FD820077683D /* Build configuration list for PBXNativeTarget "LastFmClient" */ = {
			isa = XCConfigurationList;
			buildConfigurations = (
				9EFF93582484FD820077683D /* Debug */,
				9EFF93592484FD820077683D /* Release */,
			);
			defaultConfigurationIsVisible = 0;
			defaultConfigurationName = Release;
		};
		9EFF935A2484FD820077683D /* Build configuration list for PBXNativeTarget "LastFmClientTests" */ = {
			isa = XCConfigurationList;
			buildConfigurations = (
				9EFF935B2484FD820077683D /* Debug */,
				9EFF935C2484FD820077683D /* Release */,
			);
			defaultConfigurationIsVisible = 0;
			defaultConfigurationName = Release;
		};
/* End XCConfigurationList section */
	};
	rootObject = 9EFF93302484FD800077683D /* Project object */;
}
