// !$*UTF8*$!
{
	archiveVersion = 1;
	classes = {
	};
	objectVersion = 51;
	objects = {

/* Begin PBXBuildFile section */
		62BFDC1051610BCFAC7C91AF /* Pods_LastFmClientTests.framework in Frameworks */ = {isa = PBXBuildFile; fileRef = 0430F2EC1428ADAA305E18A8 /* Pods_LastFmClientTests.framework */; };
		9E0772FD2487D217004E0E36 /* Track.swift in Sources */ = {isa = PBXBuildFile; fileRef = 9E0772FC2487D217004E0E36 /* Track.swift */; };
		9E0772FF2487D505004E0E36 /* ArtistSearchMatch.swift in Sources */ = {isa = PBXBuildFile; fileRef = 9E0772FE2487D505004E0E36 /* ArtistSearchMatch.swift */; };
		9E0773012487D761004E0E36 /* Artist.swift in Sources */ = {isa = PBXBuildFile; fileRef = 9E0773002487D761004E0E36 /* Artist.swift */; };
		9E0773032487D7D3004E0E36 /* ArtistBio.swift in Sources */ = {isa = PBXBuildFile; fileRef = 9E0773022487D7D3004E0E36 /* ArtistBio.swift */; };
		9E0773052487E194004E0E36 /* ImageSize.swift in Sources */ = {isa = PBXBuildFile; fileRef = 9E0773042487E194004E0E36 /* ImageSize.swift */; };
		9E0773072487EA2B004E0E36 /* AlbumImageUrlObject.swift in Sources */ = {isa = PBXBuildFile; fileRef = 9E0773062487EA2B004E0E36 /* AlbumImageUrlObject.swift */; };
		9E0F139724893E6C00A46DFA /* Realm+Default.swift in Sources */ = {isa = PBXBuildFile; fileRef = 9E0F139624893E6C00A46DFA /* Realm+Default.swift */; };
		9E0F139B248955F800A46DFA /* RealmConfiguration+default.swift in Sources */ = {isa = PBXBuildFile; fileRef = 9E0F139A248955F800A46DFA /* RealmConfiguration+default.swift */; };
		9E0F139D248A3CAB00A46DFA /* AlbumTrack.swift in Sources */ = {isa = PBXBuildFile; fileRef = 9E0F139C248A3CAB00A46DFA /* AlbumTrack.swift */; };
		9E873E0F24868AE400EE8964 /* DefaultHomeScreenViewModel.swift in Sources */ = {isa = PBXBuildFile; fileRef = 9E873E0E24868AE400EE8964 /* DefaultHomeScreenViewModel.swift */; };
		9EAAAAEA2486494B000F4F4E /* DefaultAlbumCardViewModel.swift in Sources */ = {isa = PBXBuildFile; fileRef = 9EAAAAE02486494B000F4F4E /* DefaultAlbumCardViewModel.swift */; };
		9EAAAAEB2486494C000F4F4E /* AlbumCardViewModel.swift in Sources */ = {isa = PBXBuildFile; fileRef = 9EAAAAE12486494B000F4F4E /* AlbumCardViewModel.swift */; };
		9EAAAAEC2486494C000F4F4E /* Album.swift in Sources */ = {isa = PBXBuildFile; fileRef = 9EAAAAE32486494B000F4F4E /* Album.swift */; };
		9EAAAAED2486494C000F4F4E /* AlbumCardViewCell.swift in Sources */ = {isa = PBXBuildFile; fileRef = 9EAAAAE52486494B000F4F4E /* AlbumCardViewCell.swift */; };
		9EAAAAEE2486494C000F4F4E /* AlbumCardViewCell.xib in Resources */ = {isa = PBXBuildFile; fileRef = 9EAAAAE62486494B000F4F4E /* AlbumCardViewCell.xib */; };
		9EAAAAF02486494C000F4F4E /* AlbumDetailsService.swift in Sources */ = {isa = PBXBuildFile; fileRef = 9EAAAAE92486494B000F4F4E /* AlbumDetailsService.swift */; };
		9EAAAAF2248663DF000F4F4E /* ImageDownloadService.swift in Sources */ = {isa = PBXBuildFile; fileRef = 9EAAAAF1248663DF000F4F4E /* ImageDownloadService.swift */; };
		9EAAAAF424866976000F4F4E /* AlbumStoreService.swift in Sources */ = {isa = PBXBuildFile; fileRef = 9EAAAAF324866976000F4F4E /* AlbumStoreService.swift */; };
		9EC5929E248A529F00DE82ED /* Results+rx.swift in Sources */ = {isa = PBXBuildFile; fileRef = 9EC5929D248A529F00DE82ED /* Results+rx.swift */; };
		9EC592A2248D0F3A00DE82ED /* ImageDownloader+ImageDownloadService.swift in Sources */ = {isa = PBXBuildFile; fileRef = 9EC592A1248D0F3A00DE82ED /* ImageDownloader+ImageDownloadService.swift */; };
		9EFF93532484FD820077683D /* LastFmClientTests.swift in Sources */ = {isa = PBXBuildFile; fileRef = 9EFF93522484FD820077683D /* LastFmClientTests.swift */; };
		9EFF93BF2484FDDC0077683D /* Assets.xcassets in Resources */ = {isa = PBXBuildFile; fileRef = 9EFF93602484FDDC0077683D /* Assets.xcassets */; };
		9EFF93C02484FDDC0077683D /* LaunchScreen.storyboard in Resources */ = {isa = PBXBuildFile; fileRef = 9EFF93612484FDDC0077683D /* LaunchScreen.storyboard */; };
		9EFF93C12484FDDC0077683D /* StoryboardLoadable.swift in Sources */ = {isa = PBXBuildFile; fileRef = 9EFF93642484FDDC0077683D /* StoryboardLoadable.swift */; };
		9EFF93C22484FDDC0077683D /* UIColor+hex.swift in Sources */ = {isa = PBXBuildFile; fileRef = 9EFF93652484FDDC0077683D /* UIColor+hex.swift */; };
		9EFF93C32484FDDC0077683D /* UITableView+registerReusable.swift in Sources */ = {isa = PBXBuildFile; fileRef = 9EFF93662484FDDC0077683D /* UITableView+registerReusable.swift */; };
		9EFF93C42484FDDC0077683D /* UICollectionView+registerReusable.swift in Sources */ = {isa = PBXBuildFile; fileRef = 9EFF93672484FDDC0077683D /* UICollectionView+registerReusable.swift */; };
		9EFF93C52484FDDC0077683D /* NibLoadable.swift in Sources */ = {isa = PBXBuildFile; fileRef = 9EFF93682484FDDC0077683D /* NibLoadable.swift */; };
		9EFF93C62484FDDC0077683D /* HudOverlay.swift in Sources */ = {isa = PBXBuildFile; fileRef = 9EFF936A2484FDDC0077683D /* HudOverlay.swift */; };
		9EFF93C72484FDDC0077683D /* ArtistSearchViewController.swift in Sources */ = {isa = PBXBuildFile; fileRef = 9EFF936C2484FDDC0077683D /* ArtistSearchViewController.swift */; };
		9EFF93C82484FDDC0077683D /* ArtistSearchViewController.storyboard in Resources */ = {isa = PBXBuildFile; fileRef = 9EFF936D2484FDDC0077683D /* ArtistSearchViewController.storyboard */; };
		9EFF93C92484FDDC0077683D /* FontSet.swift in Sources */ = {isa = PBXBuildFile; fileRef = 9EFF936F2484FDDC0077683D /* FontSet.swift */; };
		9EFF93CA2484FDDC0077683D /* DefaultColorPalette.swift in Sources */ = {isa = PBXBuildFile; fileRef = 9EFF93702484FDDC0077683D /* DefaultColorPalette.swift */; };
		9EFF93CB2484FDDC0077683D /* DefaultTheme.swift in Sources */ = {isa = PBXBuildFile; fileRef = 9EFF93712484FDDC0077683D /* DefaultTheme.swift */; };
		9EFF93CC2484FDDC0077683D /* DefaultFontSet.swift in Sources */ = {isa = PBXBuildFile; fileRef = 9EFF93722484FDDC0077683D /* DefaultFontSet.swift */; };
		9EFF93CD2484FDDC0077683D /* ColorPalette.swift in Sources */ = {isa = PBXBuildFile; fileRef = 9EFF93732484FDDC0077683D /* ColorPalette.swift */; };
		9EFF93CE2484FDDC0077683D /* Theme.swift in Sources */ = {isa = PBXBuildFile; fileRef = 9EFF93742484FDDC0077683D /* Theme.swift */; };
		9EFF93CF2484FDDC0077683D /* ArtistDetailsViewModel.swift in Sources */ = {isa = PBXBuildFile; fileRef = 9EFF93772484FDDC0077683D /* ArtistDetailsViewModel.swift */; };
		9EFF93D02484FDDC0077683D /* ArtistDetailsHeaderViewModel.swift in Sources */ = {isa = PBXBuildFile; fileRef = 9EFF93782484FDDC0077683D /* ArtistDetailsHeaderViewModel.swift */; };
		9EFF93D12484FDDC0077683D /* ArtistDetailsAlbumViewModel.swift in Sources */ = {isa = PBXBuildFile; fileRef = 9EFF93792484FDDC0077683D /* ArtistDetailsAlbumViewModel.swift */; };
		9EFF93D32484FDDC0077683D /* ArtistDetailsAlbumCell.swift in Sources */ = {isa = PBXBuildFile; fileRef = 9EFF937D2484FDDC0077683D /* ArtistDetailsAlbumCell.swift */; };
		9EFF93D42484FDDC0077683D /* ArtistDetailsViewController.storyboard in Resources */ = {isa = PBXBuildFile; fileRef = 9EFF937E2484FDDC0077683D /* ArtistDetailsViewController.storyboard */; };
		9EFF93D52484FDDC0077683D /* ArtistDetailsHeaderView.xib in Resources */ = {isa = PBXBuildFile; fileRef = 9EFF937F2484FDDC0077683D /* ArtistDetailsHeaderView.xib */; };
		9EFF93D62484FDDC0077683D /* ArtistDetailsViewController.swift in Sources */ = {isa = PBXBuildFile; fileRef = 9EFF93802484FDDC0077683D /* ArtistDetailsViewController.swift */; };
		9EFF93D72484FDDC0077683D /* ArtistDetailsAlbumCell.xib in Resources */ = {isa = PBXBuildFile; fileRef = 9EFF93812484FDDC0077683D /* ArtistDetailsAlbumCell.xib */; };
		9EFF93D82484FDDC0077683D /* ArtistDetailsHeaderView.swift in Sources */ = {isa = PBXBuildFile; fileRef = 9EFF93822484FDDC0077683D /* ArtistDetailsHeaderView.swift */; };
		9EFF93D92484FDDC0077683D /* HomeScreenViewModel.swift in Sources */ = {isa = PBXBuildFile; fileRef = 9EFF93852484FDDC0077683D /* HomeScreenViewModel.swift */; };
		9EFF93DB2484FDDC0077683D /* HomeScreenModel.swift in Sources */ = {isa = PBXBuildFile; fileRef = 9EFF93882484FDDC0077683D /* HomeScreenModel.swift */; };
		9EFF93DD2484FDDC0077683D /* HomeScreenViewController.storyboard in Resources */ = {isa = PBXBuildFile; fileRef = 9EFF938B2484FDDC0077683D /* HomeScreenViewController.storyboard */; };
		9EFF93DF2484FDDC0077683D /* HomeScreenViewController.swift in Sources */ = {isa = PBXBuildFile; fileRef = 9EFF938E2484FDDC0077683D /* HomeScreenViewController.swift */; };
		9EFF93E02484FDDC0077683D /* DependencyContainer.swift in Sources */ = {isa = PBXBuildFile; fileRef = 9EFF93902484FDDC0077683D /* DependencyContainer.swift */; };
		9EFF93E12484FDDC0077683D /* SceneNavigator.swift in Sources */ = {isa = PBXBuildFile; fileRef = 9EFF93912484FDDC0077683D /* SceneNavigator.swift */; };
		9EFF93E22484FDDC0077683D /* ViewControllerFactory.swift in Sources */ = {isa = PBXBuildFile; fileRef = 9EFF93922484FDDC0077683D /* ViewControllerFactory.swift */; };
		9EFF93E32484FDDC0077683D /* Navigator.swift in Sources */ = {isa = PBXBuildFile; fileRef = 9EFF93932484FDDC0077683D /* Navigator.swift */; };
		9EFF93E42484FDDC0077683D /* AlbumDetailsHeaderViewModel.swift in Sources */ = {isa = PBXBuildFile; fileRef = 9EFF93962484FDDC0077683D /* AlbumDetailsHeaderViewModel.swift */; };
		9EFF93E52484FDDC0077683D /* AlbumDetailsFooterViewModel.swift in Sources */ = {isa = PBXBuildFile; fileRef = 9EFF93972484FDDC0077683D /* AlbumDetailsFooterViewModel.swift */; };
		9EFF93E62484FDDC0077683D /* AlbumDetailsTrackCellViewModel.swift in Sources */ = {isa = PBXBuildFile; fileRef = 9EFF93982484FDDC0077683D /* AlbumDetailsTrackCellViewModel.swift */; };
		9EFF93E72484FDDC0077683D /* AlbumDetailsViewModel.swift in Sources */ = {isa = PBXBuildFile; fileRef = 9EFF93992484FDDC0077683D /* AlbumDetailsViewModel.swift */; };
		9EFF93E82484FDDC0077683D /* AlbumDetailsModelController.swift in Sources */ = {isa = PBXBuildFile; fileRef = 9EFF939B2484FDDC0077683D /* AlbumDetailsModelController.swift */; };
		9EFF93E92484FDDC0077683D /* AlbumDetailsModel.swift in Sources */ = {isa = PBXBuildFile; fileRef = 9EFF939C2484FDDC0077683D /* AlbumDetailsModel.swift */; };
		9EFF93EA2484FDDC0077683D /* AlbumDetailsFooterView.xib in Resources */ = {isa = PBXBuildFile; fileRef = 9EFF939E2484FDDC0077683D /* AlbumDetailsFooterView.xib */; };
		9EFF93EB2484FDDC0077683D /* AlbumDetailsFooterView.swift in Sources */ = {isa = PBXBuildFile; fileRef = 9EFF939F2484FDDC0077683D /* AlbumDetailsFooterView.swift */; };
		9EFF93EC2484FDDC0077683D /* AlbumDetailsTrackCell.xib in Resources */ = {isa = PBXBuildFile; fileRef = 9EFF93A02484FDDC0077683D /* AlbumDetailsTrackCell.xib */; };
		9EFF93ED2484FDDC0077683D /* AlbumDetailsHeaderView.xib in Resources */ = {isa = PBXBuildFile; fileRef = 9EFF93A12484FDDC0077683D /* AlbumDetailsHeaderView.xib */; };
		9EFF93EE2484FDDC0077683D /* AlbumDetailsViewController.storyboard in Resources */ = {isa = PBXBuildFile; fileRef = 9EFF93A22484FDDC0077683D /* AlbumDetailsViewController.storyboard */; };
		9EFF93EF2484FDDC0077683D /* AlbumDetailsTrackCell.swift in Sources */ = {isa = PBXBuildFile; fileRef = 9EFF93A32484FDDC0077683D /* AlbumDetailsTrackCell.swift */; };
		9EFF93F02484FDDC0077683D /* AlbumDetailsHeaderView.swift in Sources */ = {isa = PBXBuildFile; fileRef = 9EFF93A42484FDDC0077683D /* AlbumDetailsHeaderView.swift */; };
		9EFF93F12484FDDC0077683D /* AlbumDetailsViewController.swift in Sources */ = {isa = PBXBuildFile; fileRef = 9EFF93A52484FDDC0077683D /* AlbumDetailsViewController.swift */; };
		9EFF93F32484FDDC0077683D /* RealmAlbumStoreService.swift in Sources */ = {isa = PBXBuildFile; fileRef = 9EFF93A92484FDDC0077683D /* RealmAlbumStoreService.swift */; };
		9EFF93F52484FDDC0077683D /* AlbumObject.swift in Sources */ = {isa = PBXBuildFile; fileRef = 9EFF93AC2484FDDC0077683D /* AlbumObject.swift */; };
		9EFF93F62484FDDC0077683D /* DefaultNetworkService.swift in Sources */ = {isa = PBXBuildFile; fileRef = 9EFF93AE2484FDDC0077683D /* DefaultNetworkService.swift */; };
		9EFF93F72484FDDC0077683D /* AlbumInfoResponse.swift in Sources */ = {isa = PBXBuildFile; fileRef = 9EFF93B02484FDDC0077683D /* AlbumInfoResponse.swift */; };
		9EFF93F82484FDDC0077683D /* NetworkService.swift in Sources */ = {isa = PBXBuildFile; fileRef = 9EFF93B12484FDDC0077683D /* NetworkService.swift */; };
		9EFF93F92484FDDC0077683D /* AlbumInfoRequest.swift in Sources */ = {isa = PBXBuildFile; fileRef = 9EFF93B32484FDDC0077683D /* AlbumInfoRequest.swift */; };
		9EFF93FA2484FDDC0077683D /* LastFmEndpoint.swift in Sources */ = {isa = PBXBuildFile; fileRef = 9EFF93B42484FDDC0077683D /* LastFmEndpoint.swift */; };
		9EFF93FB2484FDDC0077683D /* APIClient.swift in Sources */ = {isa = PBXBuildFile; fileRef = 9EFF93B62484FDDC0077683D /* APIClient.swift */; };
		9EFF93FC2484FDDC0077683D /* Endpoint.swift in Sources */ = {isa = PBXBuildFile; fileRef = 9EFF93B72484FDDC0077683D /* Endpoint.swift */; };
		9EFF93FD2484FDDC0077683D /* URLComponents+setQueryItems.swift in Sources */ = {isa = PBXBuildFile; fileRef = 9EFF93B92484FDDC0077683D /* URLComponents+setQueryItems.swift */; };
		9EFF93FE2484FDDC0077683D /* Bundle+infoPlistValues.swift in Sources */ = {isa = PBXBuildFile; fileRef = 9EFF93BA2484FDDC0077683D /* Bundle+infoPlistValues.swift */; };
		9EFF93FF2484FDDC0077683D /* URL+replacingLastPathComponent.swift in Sources */ = {isa = PBXBuildFile; fileRef = 9EFF93BB2484FDDC0077683D /* URL+replacingLastPathComponent.swift */; };
		9EFF94002484FDDC0077683D /* ApplicationMain.swift in Sources */ = {isa = PBXBuildFile; fileRef = 9EFF93BD2484FDDC0077683D /* ApplicationMain.swift */; };
		EC696878390431591DB407F7 /* Pods_LastFmClient.framework in Frameworks */ = {isa = PBXBuildFile; fileRef = 7D4A1152EA36FF6412073807 /* Pods_LastFmClient.framework */; };
/* End PBXBuildFile section */

/* Begin PBXContainerItemProxy section */
		9EFF934F2484FD820077683D /* PBXContainerItemProxy */ = {
			isa = PBXContainerItemProxy;
			containerPortal = 9EFF93302484FD800077683D /* Project object */;
			proxyType = 1;
			remoteGlobalIDString = 9EFF93372484FD800077683D;
			remoteInfo = LastFmClient;
		};
/* End PBXContainerItemProxy section */

/* Begin PBXFileReference section */
		038929807BCD192EA8F024CC /* Pods-LastFmClient.release.xcconfig */ = {isa = PBXFileReference; includeInIndex = 1; lastKnownFileType = text.xcconfig; name = "Pods-LastFmClient.release.xcconfig"; path = "Pods/Target Support Files/Pods-LastFmClient/Pods-LastFmClient.release.xcconfig"; sourceTree = "<group>"; };
		0430F2EC1428ADAA305E18A8 /* Pods_LastFmClientTests.framework */ = {isa = PBXFileReference; explicitFileType = wrapper.framework; includeInIndex = 0; path = Pods_LastFmClientTests.framework; sourceTree = BUILT_PRODUCTS_DIR; };
		56889597D43859CF67B61D00 /* Pods-LastFmClientTests.release.xcconfig */ = {isa = PBXFileReference; includeInIndex = 1; lastKnownFileType = text.xcconfig; name = "Pods-LastFmClientTests.release.xcconfig"; path = "Pods/Target Support Files/Pods-LastFmClientTests/Pods-LastFmClientTests.release.xcconfig"; sourceTree = "<group>"; };
		7D4A1152EA36FF6412073807 /* Pods_LastFmClient.framework */ = {isa = PBXFileReference; explicitFileType = wrapper.framework; includeInIndex = 0; path = Pods_LastFmClient.framework; sourceTree = BUILT_PRODUCTS_DIR; };
		9841F97FC78D96D08958604F /* Pods-LastFmClient.debug.xcconfig */ = {isa = PBXFileReference; includeInIndex = 1; lastKnownFileType = text.xcconfig; name = "Pods-LastFmClient.debug.xcconfig"; path = "Pods/Target Support Files/Pods-LastFmClient/Pods-LastFmClient.debug.xcconfig"; sourceTree = "<group>"; };
		99D1994EEF62ED21E96146AF /* Pods-LastFmClientTests.debug.xcconfig */ = {isa = PBXFileReference; includeInIndex = 1; lastKnownFileType = text.xcconfig; name = "Pods-LastFmClientTests.debug.xcconfig"; path = "Pods/Target Support Files/Pods-LastFmClientTests/Pods-LastFmClientTests.debug.xcconfig"; sourceTree = "<group>"; };
		9E0772FC2487D217004E0E36 /* Track.swift */ = {isa = PBXFileReference; lastKnownFileType = sourcecode.swift; path = Track.swift; sourceTree = "<group>"; };
		9E0772FE2487D505004E0E36 /* ArtistSearchMatch.swift */ = {isa = PBXFileReference; lastKnownFileType = sourcecode.swift; path = ArtistSearchMatch.swift; sourceTree = "<group>"; };
		9E0773002487D761004E0E36 /* Artist.swift */ = {isa = PBXFileReference; lastKnownFileType = sourcecode.swift; path = Artist.swift; sourceTree = "<group>"; };
		9E0773022487D7D3004E0E36 /* ArtistBio.swift */ = {isa = PBXFileReference; lastKnownFileType = sourcecode.swift; path = ArtistBio.swift; sourceTree = "<group>"; };
		9E0773042487E194004E0E36 /* ImageSize.swift */ = {isa = PBXFileReference; lastKnownFileType = sourcecode.swift; path = ImageSize.swift; sourceTree = "<group>"; };
		9E0773062487EA2B004E0E36 /* AlbumImageUrlObject.swift */ = {isa = PBXFileReference; lastKnownFileType = sourcecode.swift; path = AlbumImageUrlObject.swift; sourceTree = "<group>"; };
		9E0F139624893E6C00A46DFA /* Realm+Default.swift */ = {isa = PBXFileReference; lastKnownFileType = sourcecode.swift; path = "Realm+Default.swift"; sourceTree = "<group>"; };
		9E0F139A248955F800A46DFA /* RealmConfiguration+default.swift */ = {isa = PBXFileReference; lastKnownFileType = sourcecode.swift; path = "RealmConfiguration+default.swift"; sourceTree = "<group>"; };
		9E0F139C248A3CAB00A46DFA /* AlbumTrack.swift */ = {isa = PBXFileReference; lastKnownFileType = sourcecode.swift; path = AlbumTrack.swift; sourceTree = "<group>"; };
		9E873E0E24868AE400EE8964 /* DefaultHomeScreenViewModel.swift */ = {isa = PBXFileReference; fileEncoding = 4; lastKnownFileType = sourcecode.swift; path = DefaultHomeScreenViewModel.swift; sourceTree = "<group>"; };
		9EAAAAE02486494B000F4F4E /* DefaultAlbumCardViewModel.swift */ = {isa = PBXFileReference; fileEncoding = 4; lastKnownFileType = sourcecode.swift; path = DefaultAlbumCardViewModel.swift; sourceTree = "<group>"; };
		9EAAAAE12486494B000F4F4E /* AlbumCardViewModel.swift */ = {isa = PBXFileReference; fileEncoding = 4; lastKnownFileType = sourcecode.swift; path = AlbumCardViewModel.swift; sourceTree = "<group>"; };
		9EAAAAE32486494B000F4F4E /* Album.swift */ = {isa = PBXFileReference; fileEncoding = 4; lastKnownFileType = sourcecode.swift; path = Album.swift; sourceTree = "<group>"; };
		9EAAAAE52486494B000F4F4E /* AlbumCardViewCell.swift */ = {isa = PBXFileReference; fileEncoding = 4; lastKnownFileType = sourcecode.swift; path = AlbumCardViewCell.swift; sourceTree = "<group>"; };
		9EAAAAE62486494B000F4F4E /* AlbumCardViewCell.xib */ = {isa = PBXFileReference; fileEncoding = 4; lastKnownFileType = file.xib; path = AlbumCardViewCell.xib; sourceTree = "<group>"; };
		9EAAAAE92486494B000F4F4E /* AlbumDetailsService.swift */ = {isa = PBXFileReference; fileEncoding = 4; lastKnownFileType = sourcecode.swift; path = AlbumDetailsService.swift; sourceTree = "<group>"; };
		9EAAAAF1248663DF000F4F4E /* ImageDownloadService.swift */ = {isa = PBXFileReference; lastKnownFileType = sourcecode.swift; path = ImageDownloadService.swift; sourceTree = "<group>"; };
		9EAAAAF324866976000F4F4E /* AlbumStoreService.swift */ = {isa = PBXFileReference; lastKnownFileType = sourcecode.swift; path = AlbumStoreService.swift; sourceTree = "<group>"; };
		9EC5929D248A529F00DE82ED /* Results+rx.swift */ = {isa = PBXFileReference; lastKnownFileType = sourcecode.swift; path = "Results+rx.swift"; sourceTree = "<group>"; };
		9EC592A1248D0F3A00DE82ED /* ImageDownloader+ImageDownloadService.swift */ = {isa = PBXFileReference; lastKnownFileType = sourcecode.swift; path = "ImageDownloader+ImageDownloadService.swift"; sourceTree = "<group>"; };
		9EFF93382484FD800077683D /* LastFmClient.app */ = {isa = PBXFileReference; explicitFileType = wrapper.application; includeInIndex = 0; path = LastFmClient.app; sourceTree = BUILT_PRODUCTS_DIR; };
		9EFF934E2484FD820077683D /* LastFmClientTests.xctest */ = {isa = PBXFileReference; explicitFileType = wrapper.cfbundle; includeInIndex = 0; path = LastFmClientTests.xctest; sourceTree = BUILT_PRODUCTS_DIR; };
		9EFF93522484FD820077683D /* LastFmClientTests.swift */ = {isa = PBXFileReference; lastKnownFileType = sourcecode.swift; path = LastFmClientTests.swift; sourceTree = "<group>"; };
		9EFF93542484FD820077683D /* Info.plist */ = {isa = PBXFileReference; lastKnownFileType = text.plist.xml; path = Info.plist; sourceTree = "<group>"; };
		9EFF93602484FDDC0077683D /* Assets.xcassets */ = {isa = PBXFileReference; lastKnownFileType = folder.assetcatalog; path = Assets.xcassets; sourceTree = "<group>"; };
		9EFF93622484FDDC0077683D /* Base */ = {isa = PBXFileReference; lastKnownFileType = file.storyboard; name = Base; path = Base.lproj/LaunchScreen.storyboard; sourceTree = "<group>"; };
		9EFF93642484FDDC0077683D /* StoryboardLoadable.swift */ = {isa = PBXFileReference; fileEncoding = 4; lastKnownFileType = sourcecode.swift; path = StoryboardLoadable.swift; sourceTree = "<group>"; };
		9EFF93652484FDDC0077683D /* UIColor+hex.swift */ = {isa = PBXFileReference; fileEncoding = 4; lastKnownFileType = sourcecode.swift; path = "UIColor+hex.swift"; sourceTree = "<group>"; };
		9EFF93662484FDDC0077683D /* UITableView+registerReusable.swift */ = {isa = PBXFileReference; fileEncoding = 4; lastKnownFileType = sourcecode.swift; path = "UITableView+registerReusable.swift"; sourceTree = "<group>"; };
		9EFF93672484FDDC0077683D /* UICollectionView+registerReusable.swift */ = {isa = PBXFileReference; fileEncoding = 4; lastKnownFileType = sourcecode.swift; path = "UICollectionView+registerReusable.swift"; sourceTree = "<group>"; };
		9EFF93682484FDDC0077683D /* NibLoadable.swift */ = {isa = PBXFileReference; fileEncoding = 4; lastKnownFileType = sourcecode.swift; path = NibLoadable.swift; sourceTree = "<group>"; };
		9EFF936A2484FDDC0077683D /* HudOverlay.swift */ = {isa = PBXFileReference; fileEncoding = 4; lastKnownFileType = sourcecode.swift; path = HudOverlay.swift; sourceTree = "<group>"; };
		9EFF936C2484FDDC0077683D /* ArtistSearchViewController.swift */ = {isa = PBXFileReference; fileEncoding = 4; lastKnownFileType = sourcecode.swift; path = ArtistSearchViewController.swift; sourceTree = "<group>"; };
		9EFF936D2484FDDC0077683D /* ArtistSearchViewController.storyboard */ = {isa = PBXFileReference; fileEncoding = 4; lastKnownFileType = file.storyboard; path = ArtistSearchViewController.storyboard; sourceTree = "<group>"; };
		9EFF936F2484FDDC0077683D /* FontSet.swift */ = {isa = PBXFileReference; fileEncoding = 4; lastKnownFileType = sourcecode.swift; path = FontSet.swift; sourceTree = "<group>"; };
		9EFF93702484FDDC0077683D /* DefaultColorPalette.swift */ = {isa = PBXFileReference; fileEncoding = 4; lastKnownFileType = sourcecode.swift; path = DefaultColorPalette.swift; sourceTree = "<group>"; };
		9EFF93712484FDDC0077683D /* DefaultTheme.swift */ = {isa = PBXFileReference; fileEncoding = 4; lastKnownFileType = sourcecode.swift; path = DefaultTheme.swift; sourceTree = "<group>"; };
		9EFF93722484FDDC0077683D /* DefaultFontSet.swift */ = {isa = PBXFileReference; fileEncoding = 4; lastKnownFileType = sourcecode.swift; path = DefaultFontSet.swift; sourceTree = "<group>"; };
		9EFF93732484FDDC0077683D /* ColorPalette.swift */ = {isa = PBXFileReference; fileEncoding = 4; lastKnownFileType = sourcecode.swift; path = ColorPalette.swift; sourceTree = "<group>"; };
		9EFF93742484FDDC0077683D /* Theme.swift */ = {isa = PBXFileReference; fileEncoding = 4; lastKnownFileType = sourcecode.swift; path = Theme.swift; sourceTree = "<group>"; };
		9EFF93772484FDDC0077683D /* ArtistDetailsViewModel.swift */ = {isa = PBXFileReference; fileEncoding = 4; lastKnownFileType = sourcecode.swift; path = ArtistDetailsViewModel.swift; sourceTree = "<group>"; };
		9EFF93782484FDDC0077683D /* ArtistDetailsHeaderViewModel.swift */ = {isa = PBXFileReference; fileEncoding = 4; lastKnownFileType = sourcecode.swift; path = ArtistDetailsHeaderViewModel.swift; sourceTree = "<group>"; };
		9EFF93792484FDDC0077683D /* ArtistDetailsAlbumViewModel.swift */ = {isa = PBXFileReference; fileEncoding = 4; lastKnownFileType = sourcecode.swift; path = ArtistDetailsAlbumViewModel.swift; sourceTree = "<group>"; };
		9EFF937D2484FDDC0077683D /* ArtistDetailsAlbumCell.swift */ = {isa = PBXFileReference; fileEncoding = 4; lastKnownFileType = sourcecode.swift; path = ArtistDetailsAlbumCell.swift; sourceTree = "<group>"; };
		9EFF937E2484FDDC0077683D /* ArtistDetailsViewController.storyboard */ = {isa = PBXFileReference; fileEncoding = 4; lastKnownFileType = file.storyboard; path = ArtistDetailsViewController.storyboard; sourceTree = "<group>"; };
		9EFF937F2484FDDC0077683D /* ArtistDetailsHeaderView.xib */ = {isa = PBXFileReference; fileEncoding = 4; lastKnownFileType = file.xib; path = ArtistDetailsHeaderView.xib; sourceTree = "<group>"; };
		9EFF93802484FDDC0077683D /* ArtistDetailsViewController.swift */ = {isa = PBXFileReference; fileEncoding = 4; lastKnownFileType = sourcecode.swift; path = ArtistDetailsViewController.swift; sourceTree = "<group>"; };
		9EFF93812484FDDC0077683D /* ArtistDetailsAlbumCell.xib */ = {isa = PBXFileReference; fileEncoding = 4; lastKnownFileType = file.xib; path = ArtistDetailsAlbumCell.xib; sourceTree = "<group>"; };
		9EFF93822484FDDC0077683D /* ArtistDetailsHeaderView.swift */ = {isa = PBXFileReference; fileEncoding = 4; lastKnownFileType = sourcecode.swift; path = ArtistDetailsHeaderView.swift; sourceTree = "<group>"; };
		9EFF93852484FDDC0077683D /* HomeScreenViewModel.swift */ = {isa = PBXFileReference; fileEncoding = 4; lastKnownFileType = sourcecode.swift; path = HomeScreenViewModel.swift; sourceTree = "<group>"; };
		9EFF93882484FDDC0077683D /* HomeScreenModel.swift */ = {isa = PBXFileReference; fileEncoding = 4; lastKnownFileType = sourcecode.swift; path = HomeScreenModel.swift; sourceTree = "<group>"; };
		9EFF938C2484FDDC0077683D /* Base */ = {isa = PBXFileReference; lastKnownFileType = file.storyboard; name = Base; path = Base.lproj/HomeScreenViewController.storyboard; sourceTree = "<group>"; };
		9EFF938E2484FDDC0077683D /* HomeScreenViewController.swift */ = {isa = PBXFileReference; fileEncoding = 4; lastKnownFileType = sourcecode.swift; path = HomeScreenViewController.swift; sourceTree = "<group>"; };
		9EFF93902484FDDC0077683D /* DependencyContainer.swift */ = {isa = PBXFileReference; fileEncoding = 4; lastKnownFileType = sourcecode.swift; path = DependencyContainer.swift; sourceTree = "<group>"; };
		9EFF93912484FDDC0077683D /* SceneNavigator.swift */ = {isa = PBXFileReference; fileEncoding = 4; lastKnownFileType = sourcecode.swift; path = SceneNavigator.swift; sourceTree = "<group>"; };
		9EFF93922484FDDC0077683D /* ViewControllerFactory.swift */ = {isa = PBXFileReference; fileEncoding = 4; lastKnownFileType = sourcecode.swift; path = ViewControllerFactory.swift; sourceTree = "<group>"; };
		9EFF93932484FDDC0077683D /* Navigator.swift */ = {isa = PBXFileReference; fileEncoding = 4; lastKnownFileType = sourcecode.swift; path = Navigator.swift; sourceTree = "<group>"; };
		9EFF93962484FDDC0077683D /* AlbumDetailsHeaderViewModel.swift */ = {isa = PBXFileReference; fileEncoding = 4; lastKnownFileType = sourcecode.swift; path = AlbumDetailsHeaderViewModel.swift; sourceTree = "<group>"; };
		9EFF93972484FDDC0077683D /* AlbumDetailsFooterViewModel.swift */ = {isa = PBXFileReference; fileEncoding = 4; lastKnownFileType = sourcecode.swift; path = AlbumDetailsFooterViewModel.swift; sourceTree = "<group>"; };
		9EFF93982484FDDC0077683D /* AlbumDetailsTrackCellViewModel.swift */ = {isa = PBXFileReference; fileEncoding = 4; lastKnownFileType = sourcecode.swift; path = AlbumDetailsTrackCellViewModel.swift; sourceTree = "<group>"; };
		9EFF93992484FDDC0077683D /* AlbumDetailsViewModel.swift */ = {isa = PBXFileReference; fileEncoding = 4; lastKnownFileType = sourcecode.swift; path = AlbumDetailsViewModel.swift; sourceTree = "<group>"; };
		9EFF939B2484FDDC0077683D /* AlbumDetailsModelController.swift */ = {isa = PBXFileReference; fileEncoding = 4; lastKnownFileType = sourcecode.swift; path = AlbumDetailsModelController.swift; sourceTree = "<group>"; };
		9EFF939C2484FDDC0077683D /* AlbumDetailsModel.swift */ = {isa = PBXFileReference; fileEncoding = 4; lastKnownFileType = sourcecode.swift; path = AlbumDetailsModel.swift; sourceTree = "<group>"; };
		9EFF939E2484FDDC0077683D /* AlbumDetailsFooterView.xib */ = {isa = PBXFileReference; fileEncoding = 4; lastKnownFileType = file.xib; path = AlbumDetailsFooterView.xib; sourceTree = "<group>"; };
		9EFF939F2484FDDC0077683D /* AlbumDetailsFooterView.swift */ = {isa = PBXFileReference; fileEncoding = 4; lastKnownFileType = sourcecode.swift; path = AlbumDetailsFooterView.swift; sourceTree = "<group>"; };
		9EFF93A02484FDDC0077683D /* AlbumDetailsTrackCell.xib */ = {isa = PBXFileReference; fileEncoding = 4; lastKnownFileType = file.xib; path = AlbumDetailsTrackCell.xib; sourceTree = "<group>"; };
		9EFF93A12484FDDC0077683D /* AlbumDetailsHeaderView.xib */ = {isa = PBXFileReference; fileEncoding = 4; lastKnownFileType = file.xib; path = AlbumDetailsHeaderView.xib; sourceTree = "<group>"; };
		9EFF93A22484FDDC0077683D /* AlbumDetailsViewController.storyboard */ = {isa = PBXFileReference; fileEncoding = 4; lastKnownFileType = file.storyboard; path = AlbumDetailsViewController.storyboard; sourceTree = "<group>"; };
		9EFF93A32484FDDC0077683D /* AlbumDetailsTrackCell.swift */ = {isa = PBXFileReference; fileEncoding = 4; lastKnownFileType = sourcecode.swift; path = AlbumDetailsTrackCell.swift; sourceTree = "<group>"; };
		9EFF93A42484FDDC0077683D /* AlbumDetailsHeaderView.swift */ = {isa = PBXFileReference; fileEncoding = 4; lastKnownFileType = sourcecode.swift; path = AlbumDetailsHeaderView.swift; sourceTree = "<group>"; };
		9EFF93A52484FDDC0077683D /* AlbumDetailsViewController.swift */ = {isa = PBXFileReference; fileEncoding = 4; lastKnownFileType = sourcecode.swift; path = AlbumDetailsViewController.swift; sourceTree = "<group>"; };
		9EFF93A92484FDDC0077683D /* RealmAlbumStoreService.swift */ = {isa = PBXFileReference; fileEncoding = 4; lastKnownFileType = sourcecode.swift; path = RealmAlbumStoreService.swift; sourceTree = "<group>"; };
		9EFF93AC2484FDDC0077683D /* AlbumObject.swift */ = {isa = PBXFileReference; fileEncoding = 4; lastKnownFileType = sourcecode.swift; path = AlbumObject.swift; sourceTree = "<group>"; };
		9EFF93AE2484FDDC0077683D /* DefaultNetworkService.swift */ = {isa = PBXFileReference; fileEncoding = 4; lastKnownFileType = sourcecode.swift; path = DefaultNetworkService.swift; sourceTree = "<group>"; };
		9EFF93B02484FDDC0077683D /* AlbumInfoResponse.swift */ = {isa = PBXFileReference; fileEncoding = 4; lastKnownFileType = sourcecode.swift; path = AlbumInfoResponse.swift; sourceTree = "<group>"; };
		9EFF93B12484FDDC0077683D /* NetworkService.swift */ = {isa = PBXFileReference; fileEncoding = 4; lastKnownFileType = sourcecode.swift; path = NetworkService.swift; sourceTree = "<group>"; };
		9EFF93B32484FDDC0077683D /* AlbumInfoRequest.swift */ = {isa = PBXFileReference; fileEncoding = 4; lastKnownFileType = sourcecode.swift; path = AlbumInfoRequest.swift; sourceTree = "<group>"; };
		9EFF93B42484FDDC0077683D /* LastFmEndpoint.swift */ = {isa = PBXFileReference; fileEncoding = 4; lastKnownFileType = sourcecode.swift; path = LastFmEndpoint.swift; sourceTree = "<group>"; };
		9EFF93B62484FDDC0077683D /* APIClient.swift */ = {isa = PBXFileReference; fileEncoding = 4; lastKnownFileType = sourcecode.swift; path = APIClient.swift; sourceTree = "<group>"; };
		9EFF93B72484FDDC0077683D /* Endpoint.swift */ = {isa = PBXFileReference; fileEncoding = 4; lastKnownFileType = sourcecode.swift; path = Endpoint.swift; sourceTree = "<group>"; };
		9EFF93B92484FDDC0077683D /* URLComponents+setQueryItems.swift */ = {isa = PBXFileReference; fileEncoding = 4; lastKnownFileType = sourcecode.swift; path = "URLComponents+setQueryItems.swift"; sourceTree = "<group>"; };
		9EFF93BA2484FDDC0077683D /* Bundle+infoPlistValues.swift */ = {isa = PBXFileReference; fileEncoding = 4; lastKnownFileType = sourcecode.swift; path = "Bundle+infoPlistValues.swift"; sourceTree = "<group>"; };
		9EFF93BB2484FDDC0077683D /* URL+replacingLastPathComponent.swift */ = {isa = PBXFileReference; fileEncoding = 4; lastKnownFileType = sourcecode.swift; path = "URL+replacingLastPathComponent.swift"; sourceTree = "<group>"; };
		9EFF93BD2484FDDC0077683D /* ApplicationMain.swift */ = {isa = PBXFileReference; fileEncoding = 4; lastKnownFileType = sourcecode.swift; path = ApplicationMain.swift; sourceTree = "<group>"; };
		9EFF93BE2484FDDC0077683D /* Info.plist */ = {isa = PBXFileReference; fileEncoding = 4; lastKnownFileType = text.plist.xml; path = Info.plist; sourceTree = "<group>"; };
/* End PBXFileReference section */

/* Begin PBXFrameworksBuildPhase section */
		9EFF93352484FD800077683D /* Frameworks */ = {
			isa = PBXFrameworksBuildPhase;
			buildActionMask = 2147483647;
			files = (
				EC696878390431591DB407F7 /* Pods_LastFmClient.framework in Frameworks */,
			);
			runOnlyForDeploymentPostprocessing = 0;
		};
		9EFF934B2484FD820077683D /* Frameworks */ = {
			isa = PBXFrameworksBuildPhase;
			buildActionMask = 2147483647;
			files = (
				62BFDC1051610BCFAC7C91AF /* Pods_LastFmClientTests.framework in Frameworks */,
			);
			runOnlyForDeploymentPostprocessing = 0;
		};
/* End PBXFrameworksBuildPhase section */

/* Begin PBXGroup section */
		143935F6362679643DB100FF /* Frameworks */ = {
			isa = PBXGroup;
			children = (
				7D4A1152EA36FF6412073807 /* Pods_LastFmClient.framework */,
				0430F2EC1428ADAA305E18A8 /* Pods_LastFmClientTests.framework */,
			);
			name = Frameworks;
			sourceTree = "<group>";
		};
		321CBB3F1D3C563FB3BD7771 /* Pods */ = {
			isa = PBXGroup;
			children = (
				9841F97FC78D96D08958604F /* Pods-LastFmClient.debug.xcconfig */,
				038929807BCD192EA8F024CC /* Pods-LastFmClient.release.xcconfig */,
				99D1994EEF62ED21E96146AF /* Pods-LastFmClientTests.debug.xcconfig */,
				56889597D43859CF67B61D00 /* Pods-LastFmClientTests.release.xcconfig */,
			);
			name = Pods;
			sourceTree = "<group>";
		};
		9E0772FB2487D1EA004E0E36 /* Entities */ = {
			isa = PBXGroup;
			children = (
				9EAAAAE32486494B000F4F4E /* Album.swift */,
				9E0773002487D761004E0E36 /* Artist.swift */,
				9E0773022487D7D3004E0E36 /* ArtistBio.swift */,
				9E0772FE2487D505004E0E36 /* ArtistSearchMatch.swift */,
				9E0773042487E194004E0E36 /* ImageSize.swift */,
				9E0772FC2487D217004E0E36 /* Track.swift */,
			);
			path = Entities;
			sourceTree = "<group>";
		};
		9EAAAADE2486494B000F4F4E /* AlbumCardViewCell */ = {
			isa = PBXGroup;
			children = (
				9EAAAAE42486494B000F4F4E /* View */,
				9EAAAADF2486494B000F4F4E /* ViewModel */,
				9EAAAAE72486494B000F4F4E /* Services */,
			);
			path = AlbumCardViewCell;
			sourceTree = "<group>";
		};
		9EAAAADF2486494B000F4F4E /* ViewModel */ = {
			isa = PBXGroup;
			children = (
				9EAAAAE12486494B000F4F4E /* AlbumCardViewModel.swift */,
				9EAAAAE02486494B000F4F4E /* DefaultAlbumCardViewModel.swift */,
			);
			path = ViewModel;
			sourceTree = "<group>";
		};
		9EAAAAE42486494B000F4F4E /* View */ = {
			isa = PBXGroup;
			children = (
				9EAAAAE62486494B000F4F4E /* AlbumCardViewCell.xib */,
				9EAAAAE52486494B000F4F4E /* AlbumCardViewCell.swift */,
			);
			path = View;
			sourceTree = "<group>";
		};
		9EAAAAE72486494B000F4F4E /* Services */ = {
			isa = PBXGroup;
			children = (
				9EAAAAF324866976000F4F4E /* AlbumStoreService.swift */,
				9EFF93A92484FDDC0077683D /* RealmAlbumStoreService.swift */,
			);
			path = Services;
			sourceTree = "<group>";
		};
		9EC5929C248A526B00DE82ED /* Extensions */ = {
			isa = PBXGroup;
			children = (
				9EC5929D248A529F00DE82ED /* Results+rx.swift */,
			);
			path = Extensions;
			sourceTree = "<group>";
		};
		9EC592A4248D283B00DE82ED /* Services */ = {
			isa = PBXGroup;
			children = (
				9EAAAAF1248663DF000F4F4E /* ImageDownloadService.swift */,
				9EC592A1248D0F3A00DE82ED /* ImageDownloader+ImageDownloadService.swift */,
			);
			path = Services;
			sourceTree = "<group>";
		};
		9EFF932F2484FD800077683D = {
			isa = PBXGroup;
			children = (
				9EFF935D2484FDDC0077683D /* LastFmClient */,
				9EFF93512484FD820077683D /* LastFmClientTests */,
				9EFF93392484FD800077683D /* Products */,
				321CBB3F1D3C563FB3BD7771 /* Pods */,
				143935F6362679643DB100FF /* Frameworks */,
			);
			sourceTree = "<group>";
		};
		9EFF93392484FD800077683D /* Products */ = {
			isa = PBXGroup;
			children = (
				9EFF93382484FD800077683D /* LastFmClient.app */,
				9EFF934E2484FD820077683D /* LastFmClientTests.xctest */,
			);
			name = Products;
			sourceTree = "<group>";
		};
		9EFF93512484FD820077683D /* LastFmClientTests */ = {
			isa = PBXGroup;
			children = (
				9EFF93522484FD820077683D /* LastFmClientTests.swift */,
				9EFF93542484FD820077683D /* Info.plist */,
			);
			path = LastFmClientTests;
			sourceTree = "<group>";
		};
		9EFF935D2484FDDC0077683D /* LastFmClient */ = {
			isa = PBXGroup;
			children = (
				9E0772FB2487D1EA004E0E36 /* Entities */,
				9EFF93A62484FDDC0077683D /* Core */,
				9EFF935E2484FDDC0077683D /* UI */,
			);
			path = LastFmClient;
			sourceTree = "<group>";
		};
		9EFF935E2484FDDC0077683D /* UI */ = {
			isa = PBXGroup;
			children = (
				9EAAAADE2486494B000F4F4E /* AlbumCardViewCell */,
				9EFF936E2484FDDC0077683D /* Theme */,
				9EFF938F2484FDDC0077683D /* Navigator */,
				9EFF93832484FDDC0077683D /* HomeScreen */,
				9EFF936B2484FDDC0077683D /* ArtistSearch */,
				9EFF93752484FDDC0077683D /* ArtistDetails */,
				9EFF93942484FDDC0077683D /* AlbumDetails */,
				9EFF93692484FDDC0077683D /* Common */,
				9EFF93632484FDDC0077683D /* Extensions */,
				9EFF935F2484FDDC0077683D /* Resources */,
			);
			path = UI;
			sourceTree = "<group>";
		};
		9EFF935F2484FDDC0077683D /* Resources */ = {
			isa = PBXGroup;
			children = (
				9EFF93612484FDDC0077683D /* LaunchScreen.storyboard */,
				9EFF93602484FDDC0077683D /* Assets.xcassets */,
			);
			path = Resources;
			sourceTree = "<group>";
		};
		9EFF93632484FDDC0077683D /* Extensions */ = {
			isa = PBXGroup;
			children = (
				9EFF93672484FDDC0077683D /* UICollectionView+registerReusable.swift */,
				9EFF93652484FDDC0077683D /* UIColor+hex.swift */,
				9EFF93662484FDDC0077683D /* UITableView+registerReusable.swift */,
				9EFF93682484FDDC0077683D /* NibLoadable.swift */,
				9EFF93642484FDDC0077683D /* StoryboardLoadable.swift */,
			);
			path = Extensions;
			sourceTree = "<group>";
		};
		9EFF93692484FDDC0077683D /* Common */ = {
			isa = PBXGroup;
			children = (
				9EFF936A2484FDDC0077683D /* HudOverlay.swift */,
			);
			path = Common;
			sourceTree = "<group>";
		};
		9EFF936B2484FDDC0077683D /* ArtistSearch */ = {
			isa = PBXGroup;
			children = (
				9EFF936D2484FDDC0077683D /* ArtistSearchViewController.storyboard */,
				9EFF936C2484FDDC0077683D /* ArtistSearchViewController.swift */,
			);
			path = ArtistSearch;
			sourceTree = "<group>";
		};
		9EFF936E2484FDDC0077683D /* Theme */ = {
			isa = PBXGroup;
			children = (
				9EFF93742484FDDC0077683D /* Theme.swift */,
				9EFF93732484FDDC0077683D /* ColorPalette.swift */,
				9EFF936F2484FDDC0077683D /* FontSet.swift */,
				9EFF93712484FDDC0077683D /* DefaultTheme.swift */,
				9EFF93702484FDDC0077683D /* DefaultColorPalette.swift */,
				9EFF93722484FDDC0077683D /* DefaultFontSet.swift */,
			);
			path = Theme;
			sourceTree = "<group>";
		};
		9EFF93752484FDDC0077683D /* ArtistDetails */ = {
			isa = PBXGroup;
			children = (
				9EFF937C2484FDDC0077683D /* View */,
				9EFF93762484FDDC0077683D /* ViewModel */,
				9EFF937B2484FDDC0077683D /* Model */,
			);
			path = ArtistDetails;
			sourceTree = "<group>";
		};
		9EFF93762484FDDC0077683D /* ViewModel */ = {
			isa = PBXGroup;
			children = (
				9EFF93772484FDDC0077683D /* ArtistDetailsViewModel.swift */,
				9EFF93782484FDDC0077683D /* ArtistDetailsHeaderViewModel.swift */,
				9EFF93792484FDDC0077683D /* ArtistDetailsAlbumViewModel.swift */,
			);
			path = ViewModel;
			sourceTree = "<group>";
		};
		9EFF937B2484FDDC0077683D /* Model */ = {
			isa = PBXGroup;
			children = (
			);
			path = Model;
			sourceTree = "<group>";
		};
		9EFF937C2484FDDC0077683D /* View */ = {
			isa = PBXGroup;
			children = (
				9EFF937E2484FDDC0077683D /* ArtistDetailsViewController.storyboard */,
				9EFF93802484FDDC0077683D /* ArtistDetailsViewController.swift */,
				9EFF93812484FDDC0077683D /* ArtistDetailsAlbumCell.xib */,
				9EFF937D2484FDDC0077683D /* ArtistDetailsAlbumCell.swift */,
				9EFF937F2484FDDC0077683D /* ArtistDetailsHeaderView.xib */,
				9EFF93822484FDDC0077683D /* ArtistDetailsHeaderView.swift */,
			);
			path = View;
			sourceTree = "<group>";
		};
		9EFF93832484FDDC0077683D /* HomeScreen */ = {
			isa = PBXGroup;
			children = (
				9EFF93892484FDDC0077683D /* View */,
				9EFF93842484FDDC0077683D /* ViewModel */,
				9EFF93872484FDDC0077683D /* Model */,
			);
			path = HomeScreen;
			sourceTree = "<group>";
		};
		9EFF93842484FDDC0077683D /* ViewModel */ = {
			isa = PBXGroup;
			children = (
				9E873E0E24868AE400EE8964 /* DefaultHomeScreenViewModel.swift */,
				9EFF93852484FDDC0077683D /* HomeScreenViewModel.swift */,
			);
			path = ViewModel;
			sourceTree = "<group>";
		};
		9EFF93872484FDDC0077683D /* Model */ = {
			isa = PBXGroup;
			children = (
				9EFF93882484FDDC0077683D /* HomeScreenModel.swift */,
			);
			path = Model;
			sourceTree = "<group>";
		};
		9EFF93892484FDDC0077683D /* View */ = {
			isa = PBXGroup;
			children = (
				9EFF938B2484FDDC0077683D /* HomeScreenViewController.storyboard */,
				9EFF938E2484FDDC0077683D /* HomeScreenViewController.swift */,
			);
			path = View;
			sourceTree = "<group>";
		};
		9EFF938F2484FDDC0077683D /* Navigator */ = {
			isa = PBXGroup;
			children = (
				9EFF93932484FDDC0077683D /* Navigator.swift */,
				9EFF93922484FDDC0077683D /* ViewControllerFactory.swift */,
				9EFF93912484FDDC0077683D /* SceneNavigator.swift */,
				9EFF93902484FDDC0077683D /* DependencyContainer.swift */,
			);
			path = Navigator;
			sourceTree = "<group>";
		};
		9EFF93942484FDDC0077683D /* AlbumDetails */ = {
			isa = PBXGroup;
			children = (
				9EAAAAE92486494B000F4F4E /* AlbumDetailsService.swift */,
				9EFF939D2484FDDC0077683D /* View */,
				9EFF93952484FDDC0077683D /* ViewModel */,
				9EFF939A2484FDDC0077683D /* Model */,
			);
			path = AlbumDetails;
			sourceTree = "<group>";
		};
		9EFF93952484FDDC0077683D /* ViewModel */ = {
			isa = PBXGroup;
			children = (
				9EFF93962484FDDC0077683D /* AlbumDetailsHeaderViewModel.swift */,
				9EFF93972484FDDC0077683D /* AlbumDetailsFooterViewModel.swift */,
				9EFF93982484FDDC0077683D /* AlbumDetailsTrackCellViewModel.swift */,
				9EFF93992484FDDC0077683D /* AlbumDetailsViewModel.swift */,
			);
			path = ViewModel;
			sourceTree = "<group>";
		};
		9EFF939A2484FDDC0077683D /* Model */ = {
			isa = PBXGroup;
			children = (
				9EFF939B2484FDDC0077683D /* AlbumDetailsModelController.swift */,
				9EFF939C2484FDDC0077683D /* AlbumDetailsModel.swift */,
			);
			path = Model;
			sourceTree = "<group>";
		};
		9EFF939D2484FDDC0077683D /* View */ = {
			isa = PBXGroup;
			children = (
				9EFF93A22484FDDC0077683D /* AlbumDetailsViewController.storyboard */,
				9EFF93A52484FDDC0077683D /* AlbumDetailsViewController.swift */,
				9EFF939E2484FDDC0077683D /* AlbumDetailsFooterView.xib */,
				9EFF939F2484FDDC0077683D /* AlbumDetailsFooterView.swift */,
				9EFF93A02484FDDC0077683D /* AlbumDetailsTrackCell.xib */,
				9EFF93A32484FDDC0077683D /* AlbumDetailsTrackCell.swift */,
				9EFF93A12484FDDC0077683D /* AlbumDetailsHeaderView.xib */,
				9EFF93A42484FDDC0077683D /* AlbumDetailsHeaderView.swift */,
			);
			path = View;
			sourceTree = "<group>";
		};
		9EFF93A62484FDDC0077683D /* Core */ = {
			isa = PBXGroup;
			children = (
				9EFF93BC2484FDDC0077683D /* Application */,
				9EFF93AD2484FDDC0077683D /* Network */,
				9EFF93A72484FDDC0077683D /* Database */,
				9EC592A4248D283B00DE82ED /* Services */,
				9EFF93B82484FDDC0077683D /* Extensions */,
			);
			path = Core;
			sourceTree = "<group>";
		};
		9EFF93A72484FDDC0077683D /* Database */ = {
			isa = PBXGroup;
			children = (
				9E0F139624893E6C00A46DFA /* Realm+Default.swift */,
				9E0F139A248955F800A46DFA /* RealmConfiguration+default.swift */,
				9EFF93AA2484FDDC0077683D /* Model */,
				9EC5929C248A526B00DE82ED /* Extensions */,
			);
			path = Database;
			sourceTree = "<group>";
		};
		9EFF93AA2484FDDC0077683D /* Model */ = {
			isa = PBXGroup;
			children = (
				9EFF93AC2484FDDC0077683D /* AlbumObject.swift */,
				9E0773062487EA2B004E0E36 /* AlbumImageUrlObject.swift */,
				9E0F139C248A3CAB00A46DFA /* AlbumTrack.swift */,
			);
			path = Model;
			sourceTree = "<group>";
		};
		9EFF93AD2484FDDC0077683D /* Network */ = {
			isa = PBXGroup;
			children = (
				9EFF93B12484FDDC0077683D /* NetworkService.swift */,
				9EFF93AE2484FDDC0077683D /* DefaultNetworkService.swift */,
				9EFF93B52484FDDC0077683D /* Base */,
				9EFF93B22484FDDC0077683D /* Requests */,
				9EFF93AF2484FDDC0077683D /* Responses */,
			);
			path = Network;
			sourceTree = "<group>";
		};
		9EFF93AF2484FDDC0077683D /* Responses */ = {
			isa = PBXGroup;
			children = (
				9EFF93B02484FDDC0077683D /* AlbumInfoResponse.swift */,
			);
			path = Responses;
			sourceTree = "<group>";
		};
		9EFF93B22484FDDC0077683D /* Requests */ = {
			isa = PBXGroup;
			children = (
				9EFF93B32484FDDC0077683D /* AlbumInfoRequest.swift */,
				9EFF93B42484FDDC0077683D /* LastFmEndpoint.swift */,
			);
			path = Requests;
			sourceTree = "<group>";
		};
		9EFF93B52484FDDC0077683D /* Base */ = {
			isa = PBXGroup;
			children = (
				9EFF93B62484FDDC0077683D /* APIClient.swift */,
				9EFF93B72484FDDC0077683D /* Endpoint.swift */,
			);
			path = Base;
			sourceTree = "<group>";
		};
		9EFF93B82484FDDC0077683D /* Extensions */ = {
			isa = PBXGroup;
			children = (
				9EFF93BA2484FDDC0077683D /* Bundle+infoPlistValues.swift */,
				9EFF93B92484FDDC0077683D /* URLComponents+setQueryItems.swift */,
				9EFF93BB2484FDDC0077683D /* URL+replacingLastPathComponent.swift */,
			);
			path = Extensions;
			sourceTree = "<group>";
		};
		9EFF93BC2484FDDC0077683D /* Application */ = {
			isa = PBXGroup;
			children = (
				9EFF93BD2484FDDC0077683D /* ApplicationMain.swift */,
				9EFF93BE2484FDDC0077683D /* Info.plist */,
			);
			path = Application;
			sourceTree = "<group>";
		};
/* End PBXGroup section */

/* Begin PBXNativeTarget section */
		9EFF93372484FD800077683D /* LastFmClient */ = {
			isa = PBXNativeTarget;
			buildConfigurationList = 9EFF93572484FD820077683D /* Build configuration list for PBXNativeTarget "LastFmClient" */;
			buildPhases = (
				9BF93BED2F241C79DDF3FF19 /* [CP] Check Pods Manifest.lock */,
				9EE3209324850A6900E6F0CC /* Swiftlint */,
				9EFF93342484FD800077683D /* Sources */,
				9EFF93352484FD800077683D /* Frameworks */,
				9EFF93362484FD800077683D /* Resources */,
				3254C3079EC7E1E2D5F6EBD4 /* [CP] Embed Pods Frameworks */,
			);
			buildRules = (
			);
			dependencies = (
			);
			name = LastFmClient;
			productName = LastFmClient;
			productReference = 9EFF93382484FD800077683D /* LastFmClient.app */;
			productType = "com.apple.product-type.application";
		};
		9EFF934D2484FD820077683D /* LastFmClientTests */ = {
			isa = PBXNativeTarget;
			buildConfigurationList = 9EFF935A2484FD820077683D /* Build configuration list for PBXNativeTarget "LastFmClientTests" */;
			buildPhases = (
				D6D66C693C36CFAA2B2B1F99 /* [CP] Check Pods Manifest.lock */,
				9EFF934A2484FD820077683D /* Sources */,
				9EFF934B2484FD820077683D /* Frameworks */,
				9EFF934C2484FD820077683D /* Resources */,
			);
			buildRules = (
			);
			dependencies = (
				9EFF93502484FD820077683D /* PBXTargetDependency */,
			);
			name = LastFmClientTests;
			productName = LastFmClientTests;
			productReference = 9EFF934E2484FD820077683D /* LastFmClientTests.xctest */;
			productType = "com.apple.product-type.bundle.unit-test";
		};
/* End PBXNativeTarget section */

/* Begin PBXProject section */
		9EFF93302484FD800077683D /* Project object */ = {
			isa = PBXProject;
			attributes = {
				LastSwiftUpdateCheck = 1130;
				LastUpgradeCheck = 1130;
				ORGANIZATIONNAME = "Yauheni Lychkouski";
				TargetAttributes = {
					9EFF93372484FD800077683D = {
						CreatedOnToolsVersion = 11.3.1;
					};
					9EFF934D2484FD820077683D = {
						CreatedOnToolsVersion = 11.3.1;
						TestTargetID = 9EFF93372484FD800077683D;
					};
				};
			};
			buildConfigurationList = 9EFF93332484FD800077683D /* Build configuration list for PBXProject "LastFmClient" */;
			compatibilityVersion = "Xcode 9.3";
			developmentRegion = en;
			hasScannedForEncodings = 0;
			knownRegions = (
				en,
				Base,
			);
			mainGroup = 9EFF932F2484FD800077683D;
			productRefGroup = 9EFF93392484FD800077683D /* Products */;
			projectDirPath = "";
			projectRoot = "";
			targets = (
				9EFF93372484FD800077683D /* LastFmClient */,
				9EFF934D2484FD820077683D /* LastFmClientTests */,
			);
		};
/* End PBXProject section */

/* Begin PBXResourcesBuildPhase section */
		9EFF93362484FD800077683D /* Resources */ = {
			isa = PBXResourcesBuildPhase;
			buildActionMask = 2147483647;
			files = (
				9EFF93BF2484FDDC0077683D /* Assets.xcassets in Resources */,
				9EFF93C02484FDDC0077683D /* LaunchScreen.storyboard in Resources */,
				9EFF93D72484FDDC0077683D /* ArtistDetailsAlbumCell.xib in Resources */,
				9EFF93EA2484FDDC0077683D /* AlbumDetailsFooterView.xib in Resources */,
				9EFF93D42484FDDC0077683D /* ArtistDetailsViewController.storyboard in Resources */,
				9EFF93C82484FDDC0077683D /* ArtistSearchViewController.storyboard in Resources */,
				9EFF93DD2484FDDC0077683D /* HomeScreenViewController.storyboard in Resources */,
				9EFF93D52484FDDC0077683D /* ArtistDetailsHeaderView.xib in Resources */,
				9EFF93EE2484FDDC0077683D /* AlbumDetailsViewController.storyboard in Resources */,
				9EAAAAEE2486494C000F4F4E /* AlbumCardViewCell.xib in Resources */,
				9EFF93ED2484FDDC0077683D /* AlbumDetailsHeaderView.xib in Resources */,
				9EFF93EC2484FDDC0077683D /* AlbumDetailsTrackCell.xib in Resources */,
			);
			runOnlyForDeploymentPostprocessing = 0;
		};
		9EFF934C2484FD820077683D /* Resources */ = {
			isa = PBXResourcesBuildPhase;
			buildActionMask = 2147483647;
			files = (
			);
			runOnlyForDeploymentPostprocessing = 0;
		};
/* End PBXResourcesBuildPhase section */

/* Begin PBXShellScriptBuildPhase section */
		3254C3079EC7E1E2D5F6EBD4 /* [CP] Embed Pods Frameworks */ = {
			isa = PBXShellScriptBuildPhase;
			buildActionMask = 2147483647;
			files = (
			);
			inputFileListPaths = (
				"${PODS_ROOT}/Target Support Files/Pods-LastFmClient/Pods-LastFmClient-frameworks-${CONFIGURATION}-input-files.xcfilelist",
			);
			name = "[CP] Embed Pods Frameworks";
			outputFileListPaths = (
				"${PODS_ROOT}/Target Support Files/Pods-LastFmClient/Pods-LastFmClient-frameworks-${CONFIGURATION}-output-files.xcfilelist",
			);
			runOnlyForDeploymentPostprocessing = 0;
			shellPath = /bin/sh;
			shellScript = "\"${PODS_ROOT}/Target Support Files/Pods-LastFmClient/Pods-LastFmClient-frameworks.sh\"\n";
			showEnvVarsInLog = 0;
		};
		9BF93BED2F241C79DDF3FF19 /* [CP] Check Pods Manifest.lock */ = {
			isa = PBXShellScriptBuildPhase;
			buildActionMask = 2147483647;
			files = (
			);
			inputFileListPaths = (
			);
			inputPaths = (
				"${PODS_PODFILE_DIR_PATH}/Podfile.lock",
				"${PODS_ROOT}/Manifest.lock",
			);
			name = "[CP] Check Pods Manifest.lock";
			outputFileListPaths = (
			);
			outputPaths = (
				"$(DERIVED_FILE_DIR)/Pods-LastFmClient-checkManifestLockResult.txt",
			);
			runOnlyForDeploymentPostprocessing = 0;
			shellPath = /bin/sh;
			shellScript = "diff \"${PODS_PODFILE_DIR_PATH}/Podfile.lock\" \"${PODS_ROOT}/Manifest.lock\" > /dev/null\nif [ $? != 0 ] ; then\n    # print error to STDERR\n    echo \"error: The sandbox is not in sync with the Podfile.lock. Run 'pod install' or update your CocoaPods installation.\" >&2\n    exit 1\nfi\n# This output is used by Xcode 'outputs' to avoid re-running this script phase.\necho \"SUCCESS\" > \"${SCRIPT_OUTPUT_FILE_0}\"\n";
			showEnvVarsInLog = 0;
		};
		9EE3209324850A6900E6F0CC /* Swiftlint */ = {
			isa = PBXShellScriptBuildPhase;
			buildActionMask = 2147483647;
			files = (
			);
			inputFileListPaths = (
			);
			inputPaths = (
			);
			name = Swiftlint;
			outputFileListPaths = (
			);
			outputPaths = (
			);
			runOnlyForDeploymentPostprocessing = 0;
			shellPath = /bin/sh;
			shellScript = "\"${PODS_ROOT}/SwiftLint/swiftlint\"\n";
		};
		D6D66C693C36CFAA2B2B1F99 /* [CP] Check Pods Manifest.lock */ = {
			isa = PBXShellScriptBuildPhase;
			buildActionMask = 2147483647;
			files = (
			);
			inputFileListPaths = (
			);
			inputPaths = (
				"${PODS_PODFILE_DIR_PATH}/Podfile.lock",
				"${PODS_ROOT}/Manifest.lock",
			);
			name = "[CP] Check Pods Manifest.lock";
			outputFileListPaths = (
			);
			outputPaths = (
				"$(DERIVED_FILE_DIR)/Pods-LastFmClientTests-checkManifestLockResult.txt",
			);
			runOnlyForDeploymentPostprocessing = 0;
			shellPath = /bin/sh;
			shellScript = "diff \"${PODS_PODFILE_DIR_PATH}/Podfile.lock\" \"${PODS_ROOT}/Manifest.lock\" > /dev/null\nif [ $? != 0 ] ; then\n    # print error to STDERR\n    echo \"error: The sandbox is not in sync with the Podfile.lock. Run 'pod install' or update your CocoaPods installation.\" >&2\n    exit 1\nfi\n# This output is used by Xcode 'outputs' to avoid re-running this script phase.\necho \"SUCCESS\" > \"${SCRIPT_OUTPUT_FILE_0}\"\n";
			showEnvVarsInLog = 0;
		};
/* End PBXShellScriptBuildPhase section */

/* Begin PBXSourcesBuildPhase section */
		9EFF93342484FD800077683D /* Sources */ = {
			isa = PBXSourcesBuildPhase;
			buildActionMask = 2147483647;
			files = (
				9EFF93C62484FDDC0077683D /* HudOverlay.swift in Sources */,
				9EFF93F62484FDDC0077683D /* DefaultNetworkService.swift in Sources */,
				9EFF93C32484FDDC0077683D /* UITableView+registerReusable.swift in Sources */,
				9EFF93D12484FDDC0077683D /* ArtistDetailsAlbumViewModel.swift in Sources */,
				9E0773032487D7D3004E0E36 /* ArtistBio.swift in Sources */,
				9EFF93C72484FDDC0077683D /* ArtistSearchViewController.swift in Sources */,
				9EFF93C92484FDDC0077683D /* FontSet.swift in Sources */,
				9E873E0F24868AE400EE8964 /* DefaultHomeScreenViewModel.swift in Sources */,
				9EFF93F32484FDDC0077683D /* RealmAlbumStoreService.swift in Sources */,
				9EFF93FC2484FDDC0077683D /* Endpoint.swift in Sources */,
				9EFF93CF2484FDDC0077683D /* ArtistDetailsViewModel.swift in Sources */,
				9EFF93D82484FDDC0077683D /* ArtistDetailsHeaderView.swift in Sources */,
				9E0772FD2487D217004E0E36 /* Track.swift in Sources */,
				9EFF93CE2484FDDC0077683D /* Theme.swift in Sources */,
				9EFF93F72484FDDC0077683D /* AlbumInfoResponse.swift in Sources */,
				9EFF93D02484FDDC0077683D /* ArtistDetailsHeaderViewModel.swift in Sources */,
				9EFF93E62484FDDC0077683D /* AlbumDetailsTrackCellViewModel.swift in Sources */,
				9EFF93FF2484FDDC0077683D /* URL+replacingLastPathComponent.swift in Sources */,
				9E0773072487EA2B004E0E36 /* AlbumImageUrlObject.swift in Sources */,
				9EFF93EF2484FDDC0077683D /* AlbumDetailsTrackCell.swift in Sources */,
				9EFF93D92484FDDC0077683D /* HomeScreenViewModel.swift in Sources */,
				9EFF93FE2484FDDC0077683D /* Bundle+infoPlistValues.swift in Sources */,
				9EFF93D62484FDDC0077683D /* ArtistDetailsViewController.swift in Sources */,
				9EFF93E82484FDDC0077683D /* AlbumDetailsModelController.swift in Sources */,
				9EFF93E02484FDDC0077683D /* DependencyContainer.swift in Sources */,
				9EAAAAF02486494C000F4F4E /* AlbumDetailsService.swift in Sources */,
				9E0773012487D761004E0E36 /* Artist.swift in Sources */,
				9EFF93C12484FDDC0077683D /* StoryboardLoadable.swift in Sources */,
				9EFF93CB2484FDDC0077683D /* DefaultTheme.swift in Sources */,
				9E0F139B248955F800A46DFA /* RealmConfiguration+default.swift in Sources */,
				9EAAAAEA2486494B000F4F4E /* DefaultAlbumCardViewModel.swift in Sources */,
				9EFF93C42484FDDC0077683D /* UICollectionView+registerReusable.swift in Sources */,
				9EFF93CA2484FDDC0077683D /* DefaultColorPalette.swift in Sources */,
				9EAAAAF424866976000F4F4E /* AlbumStoreService.swift in Sources */,
				9EFF93C52484FDDC0077683D /* NibLoadable.swift in Sources */,
				9EFF93E12484FDDC0077683D /* SceneNavigator.swift in Sources */,
				9EFF93F92484FDDC0077683D /* AlbumInfoRequest.swift in Sources */,
				9E0F139D248A3CAB00A46DFA /* AlbumTrack.swift in Sources */,
				9EFF93DF2484FDDC0077683D /* HomeScreenViewController.swift in Sources */,
				9EFF93EB2484FDDC0077683D /* AlbumDetailsFooterView.swift in Sources */,
				9EFF93F12484FDDC0077683D /* AlbumDetailsViewController.swift in Sources */,
				9E0F139724893E6C00A46DFA /* Realm+Default.swift in Sources */,
				9EFF93CC2484FDDC0077683D /* DefaultFontSet.swift in Sources */,
				9EFF93E42484FDDC0077683D /* AlbumDetailsHeaderViewModel.swift in Sources */,
				9E0773052487E194004E0E36 /* ImageSize.swift in Sources */,
				9EFF94002484FDDC0077683D /* ApplicationMain.swift in Sources */,
				9EAAAAED2486494C000F4F4E /* AlbumCardViewCell.swift in Sources */,
				9EC592A2248D0F3A00DE82ED /* ImageDownloader+ImageDownloadService.swift in Sources */,
				9EFF93E92484FDDC0077683D /* AlbumDetailsModel.swift in Sources */,
				9EFF93F52484FDDC0077683D /* AlbumObject.swift in Sources */,
				9EFF93FB2484FDDC0077683D /* APIClient.swift in Sources */,
				9EFF93E52484FDDC0077683D /* AlbumDetailsFooterViewModel.swift in Sources */,
				9EFF93FA2484FDDC0077683D /* LastFmEndpoint.swift in Sources */,
				9EFF93E32484FDDC0077683D /* Navigator.swift in Sources */,
				9EFF93F02484FDDC0077683D /* AlbumDetailsHeaderView.swift in Sources */,
				9E0772FF2487D505004E0E36 /* ArtistSearchMatch.swift in Sources */,
				9EFF93E72484FDDC0077683D /* AlbumDetailsViewModel.swift in Sources */,
				9EC5929E248A529F00DE82ED /* Results+rx.swift in Sources */,
				9EFF93FD2484FDDC0077683D /* URLComponents+setQueryItems.swift in Sources */,
				9EFF93E22484FDDC0077683D /* ViewControllerFactory.swift in Sources */,
				9EFF93F82484FDDC0077683D /* NetworkService.swift in Sources */,
				9EFF93C22484FDDC0077683D /* UIColor+hex.swift in Sources */,
				9EAAAAEC2486494C000F4F4E /* Album.swift in Sources */,
				9EAAAAEB2486494C000F4F4E /* AlbumCardViewModel.swift in Sources */,
				9EFF93CD2484FDDC0077683D /* ColorPalette.swift in Sources */,
				9EFF93DB2484FDDC0077683D /* HomeScreenModel.swift in Sources */,
				9EFF93D32484FDDC0077683D /* ArtistDetailsAlbumCell.swift in Sources */,
				9EAAAAF2248663DF000F4F4E /* ImageDownloadService.swift in Sources */,
			);
			runOnlyForDeploymentPostprocessing = 0;
		};
		9EFF934A2484FD820077683D /* Sources */ = {
			isa = PBXSourcesBuildPhase;
			buildActionMask = 2147483647;
			files = (
				9EFF93532484FD820077683D /* LastFmClientTests.swift in Sources */,
			);
			runOnlyForDeploymentPostprocessing = 0;
		};
/* End PBXSourcesBuildPhase section */

/* Begin PBXTargetDependency section */
		9EFF93502484FD820077683D /* PBXTargetDependency */ = {
			isa = PBXTargetDependency;
			target = 9EFF93372484FD800077683D /* LastFmClient */;
			targetProxy = 9EFF934F2484FD820077683D /* PBXContainerItemProxy */;
		};
/* End PBXTargetDependency section */

/* Begin PBXVariantGroup section */
		9EFF93612484FDDC0077683D /* LaunchScreen.storyboard */ = {
			isa = PBXVariantGroup;
			children = (
				9EFF93622484FDDC0077683D /* Base */,
			);
			name = LaunchScreen.storyboard;
			sourceTree = "<group>";
		};
		9EFF938B2484FDDC0077683D /* HomeScreenViewController.storyboard */ = {
			isa = PBXVariantGroup;
			children = (
				9EFF938C2484FDDC0077683D /* Base */,
			);
			name = HomeScreenViewController.storyboard;
			sourceTree = "<group>";
		};
/* End PBXVariantGroup section */

/* Begin XCBuildConfiguration section */
		9EFF93552484FD820077683D /* Debug */ = {
			isa = XCBuildConfiguration;
			buildSettings = {
				ALWAYS_SEARCH_USER_PATHS = NO;
				CLANG_ANALYZER_NONNULL = YES;
				CLANG_ANALYZER_NUMBER_OBJECT_CONVERSION = YES_AGGRESSIVE;
				CLANG_CXX_LANGUAGE_STANDARD = "gnu++14";
				CLANG_CXX_LIBRARY = "libc++";
				CLANG_ENABLE_MODULES = YES;
				CLANG_ENABLE_OBJC_ARC = YES;
				CLANG_ENABLE_OBJC_WEAK = YES;
				CLANG_WARN_BLOCK_CAPTURE_AUTORELEASING = YES;
				CLANG_WARN_BOOL_CONVERSION = YES;
				CLANG_WARN_COMMA = YES;
				CLANG_WARN_CONSTANT_CONVERSION = YES;
				CLANG_WARN_DEPRECATED_OBJC_IMPLEMENTATIONS = YES;
				CLANG_WARN_DIRECT_OBJC_ISA_USAGE = YES_ERROR;
				CLANG_WARN_DOCUMENTATION_COMMENTS = YES;
				CLANG_WARN_EMPTY_BODY = YES;
				CLANG_WARN_ENUM_CONVERSION = YES;
				CLANG_WARN_INFINITE_RECURSION = YES;
				CLANG_WARN_INT_CONVERSION = YES;
				CLANG_WARN_NON_LITERAL_NULL_CONVERSION = YES;
				CLANG_WARN_OBJC_IMPLICIT_RETAIN_SELF = YES;
				CLANG_WARN_OBJC_LITERAL_CONVERSION = YES;
				CLANG_WARN_OBJC_ROOT_CLASS = YES_ERROR;
				CLANG_WARN_RANGE_LOOP_ANALYSIS = YES;
				CLANG_WARN_STRICT_PROTOTYPES = YES;
				CLANG_WARN_SUSPICIOUS_MOVE = YES;
				CLANG_WARN_UNGUARDED_AVAILABILITY = YES_AGGRESSIVE;
				CLANG_WARN_UNREACHABLE_CODE = YES;
				CLANG_WARN__DUPLICATE_METHOD_MATCH = YES;
				COPY_PHASE_STRIP = NO;
				DEBUG_INFORMATION_FORMAT = dwarf;
				ENABLE_STRICT_OBJC_MSGSEND = YES;
				ENABLE_TESTABILITY = YES;
				GCC_C_LANGUAGE_STANDARD = gnu11;
				GCC_DYNAMIC_NO_PIC = NO;
				GCC_NO_COMMON_BLOCKS = YES;
				GCC_OPTIMIZATION_LEVEL = 0;
				GCC_PREPROCESSOR_DEFINITIONS = (
					"DEBUG=1",
					"$(inherited)",
				);
				GCC_WARN_64_TO_32_BIT_CONVERSION = YES;
				GCC_WARN_ABOUT_RETURN_TYPE = YES_ERROR;
				GCC_WARN_UNDECLARED_SELECTOR = YES;
				GCC_WARN_UNINITIALIZED_AUTOS = YES_AGGRESSIVE;
				GCC_WARN_UNUSED_FUNCTION = YES;
				GCC_WARN_UNUSED_VARIABLE = YES;
				IPHONEOS_DEPLOYMENT_TARGET = 12.0;
				MTL_ENABLE_DEBUG_INFO = INCLUDE_SOURCE;
				MTL_FAST_MATH = YES;
				ONLY_ACTIVE_ARCH = YES;
				SDKROOT = iphoneos;
				SWIFT_ACTIVE_COMPILATION_CONDITIONS = DEBUG;
				SWIFT_OPTIMIZATION_LEVEL = "-Onone";
			};
			name = Debug;
		};
		9EFF93562484FD820077683D /* Release */ = {
			isa = XCBuildConfiguration;
			buildSettings = {
				ALWAYS_SEARCH_USER_PATHS = NO;
				CLANG_ANALYZER_NONNULL = YES;
				CLANG_ANALYZER_NUMBER_OBJECT_CONVERSION = YES_AGGRESSIVE;
				CLANG_CXX_LANGUAGE_STANDARD = "gnu++14";
				CLANG_CXX_LIBRARY = "libc++";
				CLANG_ENABLE_MODULES = YES;
				CLANG_ENABLE_OBJC_ARC = YES;
				CLANG_ENABLE_OBJC_WEAK = YES;
				CLANG_WARN_BLOCK_CAPTURE_AUTORELEASING = YES;
				CLANG_WARN_BOOL_CONVERSION = YES;
				CLANG_WARN_COMMA = YES;
				CLANG_WARN_CONSTANT_CONVERSION = YES;
				CLANG_WARN_DEPRECATED_OBJC_IMPLEMENTATIONS = YES;
				CLANG_WARN_DIRECT_OBJC_ISA_USAGE = YES_ERROR;
				CLANG_WARN_DOCUMENTATION_COMMENTS = YES;
				CLANG_WARN_EMPTY_BODY = YES;
				CLANG_WARN_ENUM_CONVERSION = YES;
				CLANG_WARN_INFINITE_RECURSION = YES;
				CLANG_WARN_INT_CONVERSION = YES;
				CLANG_WARN_NON_LITERAL_NULL_CONVERSION = YES;
				CLANG_WARN_OBJC_IMPLICIT_RETAIN_SELF = YES;
				CLANG_WARN_OBJC_LITERAL_CONVERSION = YES;
				CLANG_WARN_OBJC_ROOT_CLASS = YES_ERROR;
				CLANG_WARN_RANGE_LOOP_ANALYSIS = YES;
				CLANG_WARN_STRICT_PROTOTYPES = YES;
				CLANG_WARN_SUSPICIOUS_MOVE = YES;
				CLANG_WARN_UNGUARDED_AVAILABILITY = YES_AGGRESSIVE;
				CLANG_WARN_UNREACHABLE_CODE = YES;
				CLANG_WARN__DUPLICATE_METHOD_MATCH = YES;
				COPY_PHASE_STRIP = NO;
				DEBUG_INFORMATION_FORMAT = "dwarf-with-dsym";
				ENABLE_NS_ASSERTIONS = NO;
				ENABLE_STRICT_OBJC_MSGSEND = YES;
				GCC_C_LANGUAGE_STANDARD = gnu11;
				GCC_NO_COMMON_BLOCKS = YES;
				GCC_WARN_64_TO_32_BIT_CONVERSION = YES;
				GCC_WARN_ABOUT_RETURN_TYPE = YES_ERROR;
				GCC_WARN_UNDECLARED_SELECTOR = YES;
				GCC_WARN_UNINITIALIZED_AUTOS = YES_AGGRESSIVE;
				GCC_WARN_UNUSED_FUNCTION = YES;
				GCC_WARN_UNUSED_VARIABLE = YES;
				IPHONEOS_DEPLOYMENT_TARGET = 12.0;
				MTL_ENABLE_DEBUG_INFO = NO;
				MTL_FAST_MATH = YES;
				SDKROOT = iphoneos;
				SWIFT_COMPILATION_MODE = wholemodule;
				SWIFT_OPTIMIZATION_LEVEL = "-O";
				VALIDATE_PRODUCT = YES;
			};
			name = Release;
		};
		9EFF93582484FD820077683D /* Debug */ = {
			isa = XCBuildConfiguration;
			baseConfigurationReference = 9841F97FC78D96D08958604F /* Pods-LastFmClient.debug.xcconfig */;
			buildSettings = {
				ASSETCATALOG_COMPILER_APPICON_NAME = AppIcon;
				CODE_SIGN_STYLE = Automatic;
				DEVELOPMENT_TEAM = 7RAKKNJU4B;
				INFOPLIST_FILE = "$(SRCROOT)/LastFmClient/Core/Application/Info.plist";
				LD_RUNPATH_SEARCH_PATHS = (
					"$(inherited)",
					"@executable_path/Frameworks",
				);
				PRODUCT_BUNDLE_IDENTIFIER = com.ylychkouski.LastFmClient;
				PRODUCT_NAME = "$(TARGET_NAME)";
				SWIFT_VERSION = 5.0;
				TARGETED_DEVICE_FAMILY = "1,2";
			};
			name = Debug;
		};
		9EFF93592484FD820077683D /* Release */ = {
			isa = XCBuildConfiguration;
			baseConfigurationReference = 038929807BCD192EA8F024CC /* Pods-LastFmClient.release.xcconfig */;
			buildSettings = {
				ASSETCATALOG_COMPILER_APPICON_NAME = AppIcon;
				CODE_SIGN_STYLE = Automatic;
				DEVELOPMENT_TEAM = 7RAKKNJU4B;
				INFOPLIST_FILE = "$(SRCROOT)/LastFmClient/Core/Application/Info.plist";
				LD_RUNPATH_SEARCH_PATHS = (
					"$(inherited)",
					"@executable_path/Frameworks",
				);
				PRODUCT_BUNDLE_IDENTIFIER = com.ylychkouski.LastFmClient;
				PRODUCT_NAME = "$(TARGET_NAME)";
				SWIFT_VERSION = 5.0;
				TARGETED_DEVICE_FAMILY = "1,2";
			};
			name = Release;
		};
		9EFF935B2484FD820077683D /* Debug */ = {
			isa = XCBuildConfiguration;
			baseConfigurationReference = 99D1994EEF62ED21E96146AF /* Pods-LastFmClientTests.debug.xcconfig */;
			buildSettings = {
				ALWAYS_EMBED_SWIFT_STANDARD_LIBRARIES = YES;
				BUNDLE_LOADER = "$(TEST_HOST)";
				CODE_SIGN_STYLE = Automatic;
				DEVELOPMENT_TEAM = 7RAKKNJU4B;
				INFOPLIST_FILE = LastFmClientTests/Info.plist;
				IPHONEOS_DEPLOYMENT_TARGET = 13.2;
				LD_RUNPATH_SEARCH_PATHS = (
					"$(inherited)",
					"@executable_path/Frameworks",
					"@loader_path/Frameworks",
				);
				PRODUCT_BUNDLE_IDENTIFIER = com.ylychkouski.LastFmClientTests;
				PRODUCT_NAME = "$(TARGET_NAME)";
				SWIFT_VERSION = 5.0;
				TARGETED_DEVICE_FAMILY = "1,2";
				TEST_HOST = "$(BUILT_PRODUCTS_DIR)/LastFmClient.app/LastFmClient";
			};
			name = Debug;
		};
		9EFF935C2484FD820077683D /* Release */ = {
			isa = XCBuildConfiguration;
			baseConfigurationReference = 56889597D43859CF67B61D00 /* Pods-LastFmClientTests.release.xcconfig */;
			buildSettings = {
				ALWAYS_EMBED_SWIFT_STANDARD_LIBRARIES = YES;
				BUNDLE_LOADER = "$(TEST_HOST)";
				CODE_SIGN_STYLE = Automatic;
				DEVELOPMENT_TEAM = 7RAKKNJU4B;
				INFOPLIST_FILE = LastFmClientTests/Info.plist;
				IPHONEOS_DEPLOYMENT_TARGET = 13.2;
				LD_RUNPATH_SEARCH_PATHS = (
					"$(inherited)",
					"@executable_path/Frameworks",
					"@loader_path/Frameworks",
				);
				PRODUCT_BUNDLE_IDENTIFIER = com.ylychkouski.LastFmClientTests;
				PRODUCT_NAME = "$(TARGET_NAME)";
				SWIFT_VERSION = 5.0;
				TARGETED_DEVICE_FAMILY = "1,2";
				TEST_HOST = "$(BUILT_PRODUCTS_DIR)/LastFmClient.app/LastFmClient";
			};
			name = Release;
		};
/* End XCBuildConfiguration section */

/* Begin XCConfigurationList section */
		9EFF93332484FD800077683D /* Build configuration list for PBXProject "LastFmClient" */ = {
			isa = XCConfigurationList;
			buildConfigurations = (
				9EFF93552484FD820077683D /* Debug */,
				9EFF93562484FD820077683D /* Release */,
			);
			defaultConfigurationIsVisible = 0;
			defaultConfigurationName = Release;
		};
		9EFF93572484FD820077683D /* Build configuration list for PBXNativeTarget "LastFmClient" */ = {
			isa = XCConfigurationList;
			buildConfigurations = (
				9EFF93582484FD820077683D /* Debug */,
				9EFF93592484FD820077683D /* Release */,
			);
			defaultConfigurationIsVisible = 0;
			defaultConfigurationName = Release;
		};
		9EFF935A2484FD820077683D /* Build configuration list for PBXNativeTarget "LastFmClientTests" */ = {
			isa = XCConfigurationList;
			buildConfigurations = (
				9EFF935B2484FD820077683D /* Debug */,
				9EFF935C2484FD820077683D /* Release */,
			);
			defaultConfigurationIsVisible = 0;
			defaultConfigurationName = Release;
		};
/* End XCConfigurationList section */
	};
	rootObject = 9EFF93302484FD800077683D /* Project object */;
}
